
Microsoft Visual Studio Solution File, Format Version 12.00
# Visual Studio 2013
VisualStudioVersion = 12.0.31101.0
MinimumVisualStudioVersion = 10.0.40219.1
Project("{FAE04EC0-301F-11D3-BF4B-00C04F79EFBC}") = "PlatformSpecificLabels", "PlatformSpecificLabels\PlatformSpecificLabels\PlatformSpecificLabels.csproj", "{3305AE01-E4F1-42FE-8317-6C403D23A13C}"
EndProject
Project("{FAE04EC0-301F-11D3-BF4B-00C04F79EFBC}") = "PlatformSpecificLabels.iOS", "PlatformSpecificLabels\PlatformSpecificLabels.iOS\PlatformSpecificLabels.iOS.csproj", "{21A96F8B-6471-47BF-89E4-1515740DA26C}"
EndProject
Project("{FAE04EC0-301F-11D3-BF4B-00C04F79EFBC}") = "PlatformSpecificLabels.Droid", "PlatformSpecificLabels\PlatformSpecificLabels.Droid\PlatformSpecificLabels.Droid.csproj", "{30FFF465-9305-4D10-86D6-EA39B9191437}"
EndProject
Project("{FAE04EC0-301F-11D3-BF4B-00C04F79EFBC}") = "PlatformSpecificLabels.WinPhone", "PlatformSpecificLabels\PlatformSpecificLabels.WinPhone\PlatformSpecificLabels.WinPhone.csproj", "{8C42F276-536E-4E35-80E8-62558E96C2FB}"
EndProject
Global
	GlobalSection(SolutionConfigurationPlatforms) = preSolution
		Ad-Hoc|Any CPU = Ad-Hoc|Any CPU
		Ad-Hoc|ARM = Ad-Hoc|ARM
		Ad-Hoc|iPhone = Ad-Hoc|iPhone
		Ad-Hoc|iPhoneSimulator = Ad-Hoc|iPhoneSimulator
		Ad-Hoc|Mixed Platforms = Ad-Hoc|Mixed Platforms
		Ad-Hoc|x86 = Ad-Hoc|x86
		AppStore|Any CPU = AppStore|Any CPU
		AppStore|ARM = AppStore|ARM
		AppStore|iPhone = AppStore|iPhone
		AppStore|iPhoneSimulator = AppStore|iPhoneSimulator
		AppStore|Mixed Platforms = AppStore|Mixed Platforms
		AppStore|x86 = AppStore|x86
		Debug|Any CPU = Debug|Any CPU
		Debug|ARM = Debug|ARM
		Debug|iPhone = Debug|iPhone
		Debug|iPhoneSimulator = Debug|iPhoneSimulator
		Debug|Mixed Platforms = Debug|Mixed Platforms
		Debug|x86 = Debug|x86
		Release|Any CPU = Release|Any CPU
		Release|ARM = Release|ARM
		Release|iPhone = Release|iPhone
		Release|iPhoneSimulator = Release|iPhoneSimulator
		Release|Mixed Platforms = Release|Mixed Platforms
		Release|x86 = Release|x86
	EndGlobalSection
	GlobalSection(ProjectConfigurationPlatforms) = postSolution
		{3305AE01-E4F1-42FE-8317-6C403D23A13C}.Ad-Hoc|Any CPU.ActiveCfg = Release|Any CPU
		{3305AE01-E4F1-42FE-8317-6C403D23A13C}.Ad-Hoc|Any CPU.Build.0 = Release|Any CPU
		{3305AE01-E4F1-42FE-8317-6C403D23A13C}.Ad-Hoc|ARM.ActiveCfg = Release|Any CPU
		{3305AE01-E4F1-42FE-8317-6C403D23A13C}.Ad-Hoc|iPhone.ActiveCfg = Release|Any CPU
		{3305AE01-E4F1-42FE-8317-6C403D23A13C}.Ad-Hoc|iPhoneSimulator.ActiveCfg = Release|Any CPU
		{3305AE01-E4F1-42FE-8317-6C403D23A13C}.Ad-Hoc|Mixed Platforms.ActiveCfg = Release|Any CPU
		{3305AE01-E4F1-42FE-8317-6C403D23A13C}.Ad-Hoc|Mixed Platforms.Build.0 = Release|Any CPU
		{3305AE01-E4F1-42FE-8317-6C403D23A13C}.Ad-Hoc|x86.ActiveCfg = Release|Any CPU
		{3305AE01-E4F1-42FE-8317-6C403D23A13C}.AppStore|Any CPU.ActiveCfg = Release|Any CPU
		{3305AE01-E4F1-42FE-8317-6C403D23A13C}.AppStore|Any CPU.Build.0 = Release|Any CPU
		{3305AE01-E4F1-42FE-8317-6C403D23A13C}.AppStore|ARM.ActiveCfg = Release|Any CPU
		{3305AE01-E4F1-42FE-8317-6C403D23A13C}.AppStore|iPhone.ActiveCfg = Release|Any CPU
		{3305AE01-E4F1-42FE-8317-6C403D23A13C}.AppStore|iPhoneSimulator.ActiveCfg = Release|Any CPU
		{3305AE01-E4F1-42FE-8317-6C403D23A13C}.AppStore|Mixed Platforms.ActiveCfg = Release|Any CPU
		{3305AE01-E4F1-42FE-8317-6C403D23A13C}.AppStore|Mixed Platforms.Build.0 = Release|Any CPU
		{3305AE01-E4F1-42FE-8317-6C403D23A13C}.AppStore|x86.ActiveCfg = Release|Any CPU
		{3305AE01-E4F1-42FE-8317-6C403D23A13C}.Debug|Any CPU.ActiveCfg = Debug|Any CPU
		{3305AE01-E4F1-42FE-8317-6C403D23A13C}.Debug|Any CPU.Build.0 = Debug|Any CPU
		{3305AE01-E4F1-42FE-8317-6C403D23A13C}.Debug|ARM.ActiveCfg = Debug|Any CPU
		{3305AE01-E4F1-42FE-8317-6C403D23A13C}.Debug|iPhone.ActiveCfg = Debug|Any CPU
		{3305AE01-E4F1-42FE-8317-6C403D23A13C}.Debug|iPhoneSimulator.ActiveCfg = Debug|Any CPU
		{3305AE01-E4F1-42FE-8317-6C403D23A13C}.Debug|Mixed Platforms.ActiveCfg = Debug|Any CPU
		{3305AE01-E4F1-42FE-8317-6C403D23A13C}.Debug|Mixed Platforms.Build.0 = Debug|Any CPU
		{3305AE01-E4F1-42FE-8317-6C403D23A13C}.Debug|x86.ActiveCfg = Debug|Any CPU
		{3305AE01-E4F1-42FE-8317-6C403D23A13C}.Release|Any CPU.ActiveCfg = Release|Any CPU
		{3305AE01-E4F1-42FE-8317-6C403D23A13C}.Release|Any CPU.Build.0 = Release|Any CPU
		{3305AE01-E4F1-42FE-8317-6C403D23A13C}.Release|ARM.ActiveCfg = Release|Any CPU
		{3305AE01-E4F1-42FE-8317-6C403D23A13C}.Release|iPhone.ActiveCfg = Release|Any CPU
		{3305AE01-E4F1-42FE-8317-6C403D23A13C}.Release|iPhoneSimulator.ActiveCfg = Release|Any CPU
		{3305AE01-E4F1-42FE-8317-6C403D23A13C}.Release|Mixed Platforms.ActiveCfg = Release|Any CPU
		{3305AE01-E4F1-42FE-8317-6C403D23A13C}.Release|Mixed Platforms.Build.0 = Release|Any CPU
		{3305AE01-E4F1-42FE-8317-6C403D23A13C}.Release|x86.ActiveCfg = Release|Any CPU
		{21A96F8B-6471-47BF-89E4-1515740DA26C}.Ad-Hoc|Any CPU.ActiveCfg = Ad-Hoc|iPhone
		{21A96F8B-6471-47BF-89E4-1515740DA26C}.Ad-Hoc|ARM.ActiveCfg = Ad-Hoc|iPhone
		{21A96F8B-6471-47BF-89E4-1515740DA26C}.Ad-Hoc|iPhone.ActiveCfg = Ad-Hoc|iPhone
		{21A96F8B-6471-47BF-89E4-1515740DA26C}.Ad-Hoc|iPhone.Build.0 = Ad-Hoc|iPhone
		{21A96F8B-6471-47BF-89E4-1515740DA26C}.Ad-Hoc|iPhoneSimulator.ActiveCfg = Ad-Hoc|iPhoneSimulator
		{21A96F8B-6471-47BF-89E4-1515740DA26C}.Ad-Hoc|iPhoneSimulator.Build.0 = Ad-Hoc|iPhoneSimulator
		{21A96F8B-6471-47BF-89E4-1515740DA26C}.Ad-Hoc|Mixed Platforms.ActiveCfg = Ad-Hoc|iPhone
		{21A96F8B-6471-47BF-89E4-1515740DA26C}.Ad-Hoc|Mixed Platforms.Build.0 = Ad-Hoc|iPhone
		{21A96F8B-6471-47BF-89E4-1515740DA26C}.Ad-Hoc|x86.ActiveCfg = Ad-Hoc|iPhone
		{21A96F8B-6471-47BF-89E4-1515740DA26C}.AppStore|Any CPU.ActiveCfg = AppStore|iPhone
		{21A96F8B-6471-47BF-89E4-1515740DA26C}.AppStore|ARM.ActiveCfg = AppStore|iPhone
		{21A96F8B-6471-47BF-89E4-1515740DA26C}.AppStore|iPhone.ActiveCfg = AppStore|iPhone
		{21A96F8B-6471-47BF-89E4-1515740DA26C}.AppStore|iPhone.Build.0 = AppStore|iPhone
		{21A96F8B-6471-47BF-89E4-1515740DA26C}.AppStore|iPhoneSimulator.ActiveCfg = AppStore|iPhoneSimulator
		{21A96F8B-6471-47BF-89E4-1515740DA26C}.AppStore|iPhoneSimulator.Build.0 = AppStore|iPhoneSimulator
		{21A96F8B-6471-47BF-89E4-1515740DA26C}.AppStore|Mixed Platforms.ActiveCfg = AppStore|iPhone
		{21A96F8B-6471-47BF-89E4-1515740DA26C}.AppStore|Mixed Platforms.Build.0 = AppStore|iPhone
		{21A96F8B-6471-47BF-89E4-1515740DA26C}.AppStore|x86.ActiveCfg = AppStore|iPhone
		{21A96F8B-6471-47BF-89E4-1515740DA26C}.Debug|Any CPU.ActiveCfg = Debug|iPhone
		{21A96F8B-6471-47BF-89E4-1515740DA26C}.Debug|ARM.ActiveCfg = Debug|iPhone
		{21A96F8B-6471-47BF-89E4-1515740DA26C}.Debug|iPhone.ActiveCfg = Debug|iPhone
		{21A96F8B-6471-47BF-89E4-1515740DA26C}.Debug|iPhone.Build.0 = Debug|iPhone
		{21A96F8B-6471-47BF-89E4-1515740DA26C}.Debug|iPhoneSimulator.ActiveCfg = Debug|iPhoneSimulator
		{21A96F8B-6471-47BF-89E4-1515740DA26C}.Debug|iPhoneSimulator.Build.0 = Debug|iPhoneSimulator
		{21A96F8B-6471-47BF-89E4-1515740DA26C}.Debug|Mixed Platforms.ActiveCfg = Debug|iPhone
		{21A96F8B-6471-47BF-89E4-1515740DA26C}.Debug|Mixed Platforms.Build.0 = Debug|iPhone
		{21A96F8B-6471-47BF-89E4-1515740DA26C}.Debug|x86.ActiveCfg = Debug|iPhone
		{21A96F8B-6471-47BF-89E4-1515740DA26C}.Release|Any CPU.ActiveCfg = Release|iPhone
		{21A96F8B-6471-47BF-89E4-1515740DA26C}.Release|ARM.ActiveCfg = Release|iPhone
		{21A96F8B-6471-47BF-89E4-1515740DA26C}.Release|iPhone.ActiveCfg = Release|iPhone
		{21A96F8B-6471-47BF-89E4-1515740DA26C}.Release|iPhone.Build.0 = Release|iPhone
		{21A96F8B-6471-47BF-89E4-1515740DA26C}.Release|iPhoneSimulator.ActiveCfg = Release|iPhoneSimulator
		{21A96F8B-6471-47BF-89E4-1515740DA26C}.Release|iPhoneSimulator.Build.0 = Release|iPhoneSimulator
		{21A96F8B-6471-47BF-89E4-1515740DA26C}.Release|Mixed Platforms.ActiveCfg = Release|iPhone
		{21A96F8B-6471-47BF-89E4-1515740DA26C}.Release|Mixed Platforms.Build.0 = Release|iPhone
		{21A96F8B-6471-47BF-89E4-1515740DA26C}.Release|x86.ActiveCfg = Release|iPhone
		{30FFF465-9305-4D10-86D6-EA39B9191437}.Ad-Hoc|Any CPU.ActiveCfg = Release|Any CPU
		{30FFF465-9305-4D10-86D6-EA39B9191437}.Ad-Hoc|Any CPU.Build.0 = Release|Any CPU
		{30FFF465-9305-4D10-86D6-EA39B9191437}.Ad-Hoc|Any CPU.Deploy.0 = Release|Any CPU
		{30FFF465-9305-4D10-86D6-EA39B9191437}.Ad-Hoc|ARM.ActiveCfg = Release|Any CPU
		{30FFF465-9305-4D10-86D6-EA39B9191437}.Ad-Hoc|iPhone.ActiveCfg = Release|Any CPU
		{30FFF465-9305-4D10-86D6-EA39B9191437}.Ad-Hoc|iPhoneSimulator.ActiveCfg = Release|Any CPU
		{30FFF465-9305-4D10-86D6-EA39B9191437}.Ad-Hoc|Mixed Platforms.ActiveCfg = Release|Any CPU
		{30FFF465-9305-4D10-86D6-EA39B9191437}.Ad-Hoc|Mixed Platforms.Build.0 = Release|Any CPU
		{30FFF465-9305-4D10-86D6-EA39B9191437}.Ad-Hoc|Mixed Platforms.Deploy.0 = Release|Any CPU
		{30FFF465-9305-4D10-86D6-EA39B9191437}.Ad-Hoc|x86.ActiveCfg = Release|Any CPU
		{30FFF465-9305-4D10-86D6-EA39B9191437}.AppStore|Any CPU.ActiveCfg = Release|Any CPU
		{30FFF465-9305-4D10-86D6-EA39B9191437}.AppStore|Any CPU.Build.0 = Release|Any CPU
		{30FFF465-9305-4D10-86D6-EA39B9191437}.AppStore|Any CPU.Deploy.0 = Release|Any CPU
		{30FFF465-9305-4D10-86D6-EA39B9191437}.AppStore|ARM.ActiveCfg = Release|Any CPU
		{30FFF465-9305-4D10-86D6-EA39B9191437}.AppStore|iPhone.ActiveCfg = Release|Any CPU
		{30FFF465-9305-4D10-86D6-EA39B9191437}.AppStore|iPhoneSimulator.ActiveCfg = Release|Any CPU
		{30FFF465-9305-4D10-86D6-EA39B9191437}.AppStore|Mixed Platforms.ActiveCfg = Release|Any CPU
		{30FFF465-9305-4D10-86D6-EA39B9191437}.AppStore|Mixed Platforms.Build.0 = Release|Any CPU
		{30FFF465-9305-4D10-86D6-EA39B9191437}.AppStore|Mixed Platforms.Deploy.0 = Release|Any CPU
		{30FFF465-9305-4D10-86D6-EA39B9191437}.AppStore|x86.ActiveCfg = Release|Any CPU
		{30FFF465-9305-4D10-86D6-EA39B9191437}.Debug|Any CPU.ActiveCfg = Debug|Any CPU
		{30FFF465-9305-4D10-86D6-EA39B9191437}.Debug|Any CPU.Build.0 = Debug|Any CPU
		{30FFF465-9305-4D10-86D6-EA39B9191437}.Debug|Any CPU.Deploy.0 = Debug|Any CPU
		{30FFF465-9305-4D10-86D6-EA39B9191437}.Debug|ARM.ActiveCfg = Debug|Any CPU
		{30FFF465-9305-4D10-86D6-EA39B9191437}.Debug|iPhone.ActiveCfg = Debug|Any CPU
		{30FFF465-9305-4D10-86D6-EA39B9191437}.Debug|iPhoneSimulator.ActiveCfg = Debug|Any CPU
		{30FFF465-9305-4D10-86D6-EA39B9191437}.Debug|Mixed Platforms.ActiveCfg = Debug|Any CPU
		{30FFF465-9305-4D10-86D6-EA39B9191437}.Debug|Mixed Platforms.Build.0 = Debug|Any CPU
		{30FFF465-9305-4D10-86D6-EA39B9191437}.Debug|Mixed Platforms.Deploy.0 = Debug|Any CPU
		{30FFF465-9305-4D10-86D6-EA39B9191437}.Debug|x86.ActiveCfg = Debug|Any CPU
		{30FFF465-9305-4D10-86D6-EA39B9191437}.Release|Any CPU.ActiveCfg = Release|Any CPU
		{30FFF465-9305-4D10-86D6-EA39B9191437}.Release|Any CPU.Build.0 = Release|Any CPU
		{30FFF465-9305-4D10-86D6-EA39B9191437}.Release|Any CPU.Deploy.0 = Release|Any CPU
		{30FFF465-9305-4D10-86D6-EA39B9191437}.Release|ARM.ActiveCfg = Release|Any CPU
		{30FFF465-9305-4D10-86D6-EA39B9191437}.Release|iPhone.ActiveCfg = Release|Any CPU
		{30FFF465-9305-4D10-86D6-EA39B9191437}.Release|iPhoneSimulator.ActiveCfg = Release|Any CPU
		{30FFF465-9305-4D10-86D6-EA39B9191437}.Release|Mixed Platforms.ActiveCfg = Release|Any CPU
		{30FFF465-9305-4D10-86D6-EA39B9191437}.Release|Mixed Platforms.Build.0 = Release|Any CPU
		{30FFF465-9305-4D10-86D6-EA39B9191437}.Release|Mixed Platforms.Deploy.0 = Release|Any CPU
		{30FFF465-9305-4D10-86D6-EA39B9191437}.Release|x86.ActiveCfg = Release|Any CPU
		{8C42F276-536E-4E35-80E8-62558E96C2FB}.Ad-Hoc|Any CPU.ActiveCfg = Release|Any CPU
		{8C42F276-536E-4E35-80E8-62558E96C2FB}.Ad-Hoc|Any CPU.Build.0 = Release|Any CPU
		{8C42F276-536E-4E35-80E8-62558E96C2FB}.Ad-Hoc|Any CPU.Deploy.0 = Release|Any CPU
		{8C42F276-536E-4E35-80E8-62558E96C2FB}.Ad-Hoc|ARM.ActiveCfg = Release|ARM
		{8C42F276-536E-4E35-80E8-62558E96C2FB}.Ad-Hoc|ARM.Build.0 = Release|ARM
		{8C42F276-536E-4E35-80E8-62558E96C2FB}.Ad-Hoc|ARM.Deploy.0 = Release|ARM
		{8C42F276-536E-4E35-80E8-62558E96C2FB}.Ad-Hoc|iPhone.ActiveCfg = Release|Any CPU
		{8C42F276-536E-4E35-80E8-62558E96C2FB}.Ad-Hoc|iPhoneSimulator.ActiveCfg = Release|Any CPU
		{8C42F276-536E-4E35-80E8-62558E96C2FB}.Ad-Hoc|Mixed Platforms.ActiveCfg = Release|x86
		{8C42F276-536E-4E35-80E8-62558E96C2FB}.Ad-Hoc|Mixed Platforms.Build.0 = Release|x86
		{8C42F276-536E-4E35-80E8-62558E96C2FB}.Ad-Hoc|Mixed Platforms.Deploy.0 = Release|x86
		{8C42F276-536E-4E35-80E8-62558E96C2FB}.Ad-Hoc|x86.ActiveCfg = Release|x86
		{8C42F276-536E-4E35-80E8-62558E96C2FB}.Ad-Hoc|x86.Build.0 = Release|x86
		{8C42F276-536E-4E35-80E8-62558E96C2FB}.Ad-Hoc|x86.Deploy.0 = Release|x86
		{8C42F276-536E-4E35-80E8-62558E96C2FB}.AppStore|Any CPU.ActiveCfg = Release|Any CPU
		{8C42F276-536E-4E35-80E8-62558E96C2FB}.AppStore|Any CPU.Build.0 = Release|Any CPU
		{8C42F276-536E-4E35-80E8-62558E96C2FB}.AppStore|Any CPU.Deploy.0 = Release|Any CPU
		{8C42F276-536E-4E35-80E8-62558E96C2FB}.AppStore|ARM.ActiveCfg = Release|ARM
		{8C42F276-536E-4E35-80E8-62558E96C2FB}.AppStore|ARM.Build.0 = Release|ARM
		{8C42F276-536E-4E35-80E8-62558E96C2FB}.AppStore|ARM.Deploy.0 = Release|ARM
		{8C42F276-536E-4E35-80E8-62558E96C2FB}.AppStore|iPhone.ActiveCfg = Release|Any CPU
		{8C42F276-536E-4E35-80E8-62558E96C2FB}.AppStore|iPhoneSimulator.ActiveCfg = Release|Any CPU
		{8C42F276-536E-4E35-80E8-62558E96C2FB}.AppStore|Mixed Platforms.ActiveCfg = Release|x86
		{8C42F276-536E-4E35-80E8-62558E96C2FB}.AppStore|Mixed Platforms.Build.0 = Release|x86
		{8C42F276-536E-4E35-80E8-62558E96C2FB}.AppStore|Mixed Platforms.Deploy.0 = Release|x86
		{8C42F276-536E-4E35-80E8-62558E96C2FB}.AppStore|x86.ActiveCfg = Release|x86
		{8C42F276-536E-4E35-80E8-62558E96C2FB}.AppStore|x86.Build.0 = Release|x86
		{8C42F276-536E-4E35-80E8-62558E96C2FB}.AppStore|x86.Deploy.0 = Release|x86
		{8C42F276-536E-4E35-80E8-62558E96C2FB}.Debug|Any CPU.ActiveCfg = Debug|Any CPU
		{8C42F276-536E-4E35-80E8-62558E96C2FB}.Debug|Any CPU.Build.0 = Debug|Any CPU
		{8C42F276-536E-4E35-80E8-62558E96C2FB}.Debug|Any CPU.Deploy.0 = Debug|Any CPU
		{8C42F276-536E-4E35-80E8-62558E96C2FB}.Debug|ARM.ActiveCfg = Debug|ARM
		{8C42F276-536E-4E35-80E8-62558E96C2FB}.Debug|ARM.Build.0 = Debug|ARM
		{8C42F276-536E-4E35-80E8-62558E96C2FB}.Debug|ARM.Deploy.0 = Debug|ARM
		{8C42F276-536E-4E35-80E8-62558E96C2FB}.Debug|iPhone.ActiveCfg = Debug|Any CPU
		{8C42F276-536E-4E35-80E8-62558E96C2FB}.Debug|iPhoneSimulator.ActiveCfg = Debug|Any CPU
		{8C42F276-536E-4E35-80E8-62558E96C2FB}.Debug|Mixed Platforms.ActiveCfg = Debug|x86
		{8C42F276-536E-4E35-80E8-62558E96C2FB}.Debug|Mixed Platforms.Build.0 = Debug|x86
		{8C42F276-536E-4E35-80E8-62558E96C2FB}.Debug|Mixed Platforms.Deploy.0 = Debug|x86
		{8C42F276-536E-4E35-80E8-62558E96C2FB}.Debug|x86.ActiveCfg = Debug|x86
		{8C42F276-536E-4E35-80E8-62558E96C2FB}.Debug|x86.Build.0 = Debug|x86
		{8C42F276-536E-4E35-80E8-62558E96C2FB}.Debug|x86.Deploy.0 = Debug|x86
		{8C42F276-536E-4E35-80E8-62558E96C2FB}.Release|Any CPU.ActiveCfg = Release|Any CPU
		{8C42F276-536E-4E35-80E8-62558E96C2FB}.Release|Any CPU.Build.0 = Release|Any CPU
		{8C42F276-536E-4E35-80E8-62558E96C2FB}.Release|Any CPU.Deploy.0 = Release|Any CPU
		{8C42F276-536E-4E35-80E8-62558E96C2FB}.Release|ARM.ActiveCfg = Release|ARM
		{8C42F276-536E-4E35-80E8-62558E96C2FB}.Release|ARM.Build.0 = Release|ARM
		{8C42F276-536E-4E35-80E8-62558E96C2FB}.Release|ARM.Deploy.0 = Release|ARM
		{8C42F276-536E-4E35-80E8-62558E96C2FB}.Release|iPhone.ActiveCfg = Release|Any CPU
		{8C42F276-536E-4E35-80E8-62558E96C2FB}.Release|iPhoneSimulator.ActiveCfg = Release|Any CPU
		{8C42F276-536E-4E35-80E8-62558E96C2FB}.Release|Mixed Platforms.ActiveCfg = Release|x86
		{8C42F276-536E-4E35-80E8-62558E96C2FB}.Release|Mixed Platforms.Build.0 = Release|x86
		{8C42F276-536E-4E35-80E8-62558E96C2FB}.Release|Mixed Platforms.Deploy.0 = Release|x86
		{8C42F276-536E-4E35-80E8-62558E96C2FB}.Release|x86.ActiveCfg = Release|x86
		{8C42F276-536E-4E35-80E8-62558E96C2FB}.Release|x86.Build.0 = Release|x86
		{8C42F276-536E-4E35-80E8-62558E96C2FB}.Release|x86.Deploy.0 = Release|x86
	EndGlobalSection
	GlobalSection(SolutionProperties) = preSolution
		HideSolutionNode = FALSE
	EndGlobalSection
EndGlobal
