
Microsoft Visual Studio Solution File, Format Version 12.00
# Visual Studio 2013
VisualStudioVersion = 12.0.31101.0
MinimumVisualStudioVersion = 10.0.40219.1
Project("{FAE04EC0-301F-11D3-BF4B-00C04F79EFBC}") = "CodePlusXaml", "CodePlusXaml\CodePlusXaml\CodePlusXaml.csproj", "{C252468F-2613-4A7C-B299-BA8B772DC785}"
EndProject
Project("{FAE04EC0-301F-11D3-BF4B-00C04F79EFBC}") = "CodePlusXaml.iOS", "CodePlusXaml\CodePlusXaml.iOS\CodePlusXaml.iOS.csproj", "{6982FC3D-9A33-4BBB-B3F7-39638ECE5A9C}"
EndProject
Project("{FAE04EC0-301F-11D3-BF4B-00C04F79EFBC}") = "CodePlusXaml.Droid", "CodePlusXaml\CodePlusXaml.Droid\CodePlusXaml.Droid.csproj", "{43D2A0DE-F91F-407B-86FC-484E596E921C}"
EndProject
Project("{FAE04EC0-301F-11D3-BF4B-00C04F79EFBC}") = "CodePlusXaml.WinPhone", "CodePlusXaml\CodePlusXaml.WinPhone\CodePlusXaml.WinPhone.csproj", "{9BD6F0B3-969B-44AD-B1FD-D37D245A199F}"
EndProject
Global
	GlobalSection(SolutionConfigurationPlatforms) = preSolution
		Ad-Hoc|Any CPU = Ad-Hoc|Any CPU
		Ad-Hoc|ARM = Ad-Hoc|ARM
		Ad-Hoc|iPhone = Ad-Hoc|iPhone
		Ad-Hoc|iPhoneSimulator = Ad-Hoc|iPhoneSimulator
		Ad-Hoc|Mixed Platforms = Ad-Hoc|Mixed Platforms
		Ad-Hoc|x86 = Ad-Hoc|x86
		AppStore|Any CPU = AppStore|Any CPU
		AppStore|ARM = AppStore|ARM
		AppStore|iPhone = AppStore|iPhone
		AppStore|iPhoneSimulator = AppStore|iPhoneSimulator
		AppStore|Mixed Platforms = AppStore|Mixed Platforms
		AppStore|x86 = AppStore|x86
		Debug|Any CPU = Debug|Any CPU
		Debug|ARM = Debug|ARM
		Debug|iPhone = Debug|iPhone
		Debug|iPhoneSimulator = Debug|iPhoneSimulator
		Debug|Mixed Platforms = Debug|Mixed Platforms
		Debug|x86 = Debug|x86
		Release|Any CPU = Release|Any CPU
		Release|ARM = Release|ARM
		Release|iPhone = Release|iPhone
		Release|iPhoneSimulator = Release|iPhoneSimulator
		Release|Mixed Platforms = Release|Mixed Platforms
		Release|x86 = Release|x86
	EndGlobalSection
	GlobalSection(ProjectConfigurationPlatforms) = postSolution
		{C252468F-2613-4A7C-B299-BA8B772DC785}.Ad-Hoc|Any CPU.ActiveCfg = Release|Any CPU
		{C252468F-2613-4A7C-B299-BA8B772DC785}.Ad-Hoc|Any CPU.Build.0 = Release|Any CPU
		{C252468F-2613-4A7C-B299-BA8B772DC785}.Ad-Hoc|ARM.ActiveCfg = Release|Any CPU
		{C252468F-2613-4A7C-B299-BA8B772DC785}.Ad-Hoc|iPhone.ActiveCfg = Release|Any CPU
		{C252468F-2613-4A7C-B299-BA8B772DC785}.Ad-Hoc|iPhoneSimulator.ActiveCfg = Release|Any CPU
		{C252468F-2613-4A7C-B299-BA8B772DC785}.Ad-Hoc|Mixed Platforms.ActiveCfg = Release|Any CPU
		{C252468F-2613-4A7C-B299-BA8B772DC785}.Ad-Hoc|Mixed Platforms.Build.0 = Release|Any CPU
		{C252468F-2613-4A7C-B299-BA8B772DC785}.Ad-Hoc|x86.ActiveCfg = Release|Any CPU
		{C252468F-2613-4A7C-B299-BA8B772DC785}.AppStore|Any CPU.ActiveCfg = Release|Any CPU
		{C252468F-2613-4A7C-B299-BA8B772DC785}.AppStore|Any CPU.Build.0 = Release|Any CPU
		{C252468F-2613-4A7C-B299-BA8B772DC785}.AppStore|ARM.ActiveCfg = Release|Any CPU
		{C252468F-2613-4A7C-B299-BA8B772DC785}.AppStore|iPhone.ActiveCfg = Release|Any CPU
		{C252468F-2613-4A7C-B299-BA8B772DC785}.AppStore|iPhoneSimulator.ActiveCfg = Release|Any CPU
		{C252468F-2613-4A7C-B299-BA8B772DC785}.AppStore|Mixed Platforms.ActiveCfg = Release|Any CPU
		{C252468F-2613-4A7C-B299-BA8B772DC785}.AppStore|Mixed Platforms.Build.0 = Release|Any CPU
		{C252468F-2613-4A7C-B299-BA8B772DC785}.AppStore|x86.ActiveCfg = Release|Any CPU
		{C252468F-2613-4A7C-B299-BA8B772DC785}.Debug|Any CPU.ActiveCfg = Debug|Any CPU
		{C252468F-2613-4A7C-B299-BA8B772DC785}.Debug|Any CPU.Build.0 = Debug|Any CPU
		{C252468F-2613-4A7C-B299-BA8B772DC785}.Debug|ARM.ActiveCfg = Debug|Any CPU
		{C252468F-2613-4A7C-B299-BA8B772DC785}.Debug|iPhone.ActiveCfg = Debug|Any CPU
		{C252468F-2613-4A7C-B299-BA8B772DC785}.Debug|iPhoneSimulator.ActiveCfg = Debug|Any CPU
		{C252468F-2613-4A7C-B299-BA8B772DC785}.Debug|Mixed Platforms.ActiveCfg = Debug|Any CPU
		{C252468F-2613-4A7C-B299-BA8B772DC785}.Debug|Mixed Platforms.Build.0 = Debug|Any CPU
		{C252468F-2613-4A7C-B299-BA8B772DC785}.Debug|x86.ActiveCfg = Debug|Any CPU
		{C252468F-2613-4A7C-B299-BA8B772DC785}.Release|Any CPU.ActiveCfg = Release|Any CPU
		{C252468F-2613-4A7C-B299-BA8B772DC785}.Release|Any CPU.Build.0 = Release|Any CPU
		{C252468F-2613-4A7C-B299-BA8B772DC785}.Release|ARM.ActiveCfg = Release|Any CPU
		{C252468F-2613-4A7C-B299-BA8B772DC785}.Release|iPhone.ActiveCfg = Release|Any CPU
		{C252468F-2613-4A7C-B299-BA8B772DC785}.Release|iPhoneSimulator.ActiveCfg = Release|Any CPU
		{C252468F-2613-4A7C-B299-BA8B772DC785}.Release|Mixed Platforms.ActiveCfg = Release|Any CPU
		{C252468F-2613-4A7C-B299-BA8B772DC785}.Release|Mixed Platforms.Build.0 = Release|Any CPU
		{C252468F-2613-4A7C-B299-BA8B772DC785}.Release|x86.ActiveCfg = Release|Any CPU
		{6982FC3D-9A33-4BBB-B3F7-39638ECE5A9C}.Ad-Hoc|Any CPU.ActiveCfg = Ad-Hoc|iPhone
		{6982FC3D-9A33-4BBB-B3F7-39638ECE5A9C}.Ad-Hoc|ARM.ActiveCfg = Ad-Hoc|iPhone
		{6982FC3D-9A33-4BBB-B3F7-39638ECE5A9C}.Ad-Hoc|iPhone.ActiveCfg = Ad-Hoc|iPhone
		{6982FC3D-9A33-4BBB-B3F7-39638ECE5A9C}.Ad-Hoc|iPhone.Build.0 = Ad-Hoc|iPhone
		{6982FC3D-9A33-4BBB-B3F7-39638ECE5A9C}.Ad-Hoc|iPhoneSimulator.ActiveCfg = Ad-Hoc|iPhoneSimulator
		{6982FC3D-9A33-4BBB-B3F7-39638ECE5A9C}.Ad-Hoc|iPhoneSimulator.Build.0 = Ad-Hoc|iPhoneSimulator
		{6982FC3D-9A33-4BBB-B3F7-39638ECE5A9C}.Ad-Hoc|Mixed Platforms.ActiveCfg = Ad-Hoc|iPhone
		{6982FC3D-9A33-4BBB-B3F7-39638ECE5A9C}.Ad-Hoc|Mixed Platforms.Build.0 = Ad-Hoc|iPhone
		{6982FC3D-9A33-4BBB-B3F7-39638ECE5A9C}.Ad-Hoc|x86.ActiveCfg = Ad-Hoc|iPhone
		{6982FC3D-9A33-4BBB-B3F7-39638ECE5A9C}.AppStore|Any CPU.ActiveCfg = AppStore|iPhone
		{6982FC3D-9A33-4BBB-B3F7-39638ECE5A9C}.AppStore|ARM.ActiveCfg = AppStore|iPhone
		{6982FC3D-9A33-4BBB-B3F7-39638ECE5A9C}.AppStore|iPhone.ActiveCfg = AppStore|iPhone
		{6982FC3D-9A33-4BBB-B3F7-39638ECE5A9C}.AppStore|iPhone.Build.0 = AppStore|iPhone
		{6982FC3D-9A33-4BBB-B3F7-39638ECE5A9C}.AppStore|iPhoneSimulator.ActiveCfg = AppStore|iPhoneSimulator
		{6982FC3D-9A33-4BBB-B3F7-39638ECE5A9C}.AppStore|iPhoneSimulator.Build.0 = AppStore|iPhoneSimulator
		{6982FC3D-9A33-4BBB-B3F7-39638ECE5A9C}.AppStore|Mixed Platforms.ActiveCfg = AppStore|iPhone
		{6982FC3D-9A33-4BBB-B3F7-39638ECE5A9C}.AppStore|Mixed Platforms.Build.0 = AppStore|iPhone
		{6982FC3D-9A33-4BBB-B3F7-39638ECE5A9C}.AppStore|x86.ActiveCfg = AppStore|iPhone
		{6982FC3D-9A33-4BBB-B3F7-39638ECE5A9C}.Debug|Any CPU.ActiveCfg = Debug|iPhone
		{6982FC3D-9A33-4BBB-B3F7-39638ECE5A9C}.Debug|ARM.ActiveCfg = Debug|iPhone
		{6982FC3D-9A33-4BBB-B3F7-39638ECE5A9C}.Debug|iPhone.ActiveCfg = Debug|iPhone
		{6982FC3D-9A33-4BBB-B3F7-39638ECE5A9C}.Debug|iPhone.Build.0 = Debug|iPhone
		{6982FC3D-9A33-4BBB-B3F7-39638ECE5A9C}.Debug|iPhoneSimulator.ActiveCfg = Debug|iPhoneSimulator
		{6982FC3D-9A33-4BBB-B3F7-39638ECE5A9C}.Debug|iPhoneSimulator.Build.0 = Debug|iPhoneSimulator
		{6982FC3D-9A33-4BBB-B3F7-39638ECE5A9C}.Debug|Mixed Platforms.ActiveCfg = Debug|iPhone
		{6982FC3D-9A33-4BBB-B3F7-39638ECE5A9C}.Debug|Mixed Platforms.Build.0 = Debug|iPhone
		{6982FC3D-9A33-4BBB-B3F7-39638ECE5A9C}.Debug|x86.ActiveCfg = Debug|iPhone
		{6982FC3D-9A33-4BBB-B3F7-39638ECE5A9C}.Release|Any CPU.ActiveCfg = Release|iPhone
		{6982FC3D-9A33-4BBB-B3F7-39638ECE5A9C}.Release|ARM.ActiveCfg = Release|iPhone
		{6982FC3D-9A33-4BBB-B3F7-39638ECE5A9C}.Release|iPhone.ActiveCfg = Release|iPhone
		{6982FC3D-9A33-4BBB-B3F7-39638ECE5A9C}.Release|iPhone.Build.0 = Release|iPhone
		{6982FC3D-9A33-4BBB-B3F7-39638ECE5A9C}.Release|iPhoneSimulator.ActiveCfg = Release|iPhoneSimulator
		{6982FC3D-9A33-4BBB-B3F7-39638ECE5A9C}.Release|iPhoneSimulator.Build.0 = Release|iPhoneSimulator
		{6982FC3D-9A33-4BBB-B3F7-39638ECE5A9C}.Release|Mixed Platforms.ActiveCfg = Release|iPhone
		{6982FC3D-9A33-4BBB-B3F7-39638ECE5A9C}.Release|Mixed Platforms.Build.0 = Release|iPhone
		{6982FC3D-9A33-4BBB-B3F7-39638ECE5A9C}.Release|x86.ActiveCfg = Release|iPhone
		{43D2A0DE-F91F-407B-86FC-484E596E921C}.Ad-Hoc|Any CPU.ActiveCfg = Release|Any CPU
		{43D2A0DE-F91F-407B-86FC-484E596E921C}.Ad-Hoc|Any CPU.Build.0 = Release|Any CPU
		{43D2A0DE-F91F-407B-86FC-484E596E921C}.Ad-Hoc|Any CPU.Deploy.0 = Release|Any CPU
		{43D2A0DE-F91F-407B-86FC-484E596E921C}.Ad-Hoc|ARM.ActiveCfg = Release|Any CPU
		{43D2A0DE-F91F-407B-86FC-484E596E921C}.Ad-Hoc|iPhone.ActiveCfg = Release|Any CPU
		{43D2A0DE-F91F-407B-86FC-484E596E921C}.Ad-Hoc|iPhoneSimulator.ActiveCfg = Release|Any CPU
		{43D2A0DE-F91F-407B-86FC-484E596E921C}.Ad-Hoc|Mixed Platforms.ActiveCfg = Release|Any CPU
		{43D2A0DE-F91F-407B-86FC-484E596E921C}.Ad-Hoc|Mixed Platforms.Build.0 = Release|Any CPU
		{43D2A0DE-F91F-407B-86FC-484E596E921C}.Ad-Hoc|Mixed Platforms.Deploy.0 = Release|Any CPU
		{43D2A0DE-F91F-407B-86FC-484E596E921C}.Ad-Hoc|x86.ActiveCfg = Release|Any CPU
		{43D2A0DE-F91F-407B-86FC-484E596E921C}.AppStore|Any CPU.ActiveCfg = Release|Any CPU
		{43D2A0DE-F91F-407B-86FC-484E596E921C}.AppStore|Any CPU.Build.0 = Release|Any CPU
		{43D2A0DE-F91F-407B-86FC-484E596E921C}.AppStore|Any CPU.Deploy.0 = Release|Any CPU
		{43D2A0DE-F91F-407B-86FC-484E596E921C}.AppStore|ARM.ActiveCfg = Release|Any CPU
		{43D2A0DE-F91F-407B-86FC-484E596E921C}.AppStore|iPhone.ActiveCfg = Release|Any CPU
		{43D2A0DE-F91F-407B-86FC-484E596E921C}.AppStore|iPhoneSimulator.ActiveCfg = Release|Any CPU
		{43D2A0DE-F91F-407B-86FC-484E596E921C}.AppStore|Mixed Platforms.ActiveCfg = Release|Any CPU
		{43D2A0DE-F91F-407B-86FC-484E596E921C}.AppStore|Mixed Platforms.Build.0 = Release|Any CPU
		{43D2A0DE-F91F-407B-86FC-484E596E921C}.AppStore|Mixed Platforms.Deploy.0 = Release|Any CPU
		{43D2A0DE-F91F-407B-86FC-484E596E921C}.AppStore|x86.ActiveCfg = Release|Any CPU
		{43D2A0DE-F91F-407B-86FC-484E596E921C}.Debug|Any CPU.ActiveCfg = Debug|Any CPU
		{43D2A0DE-F91F-407B-86FC-484E596E921C}.Debug|Any CPU.Build.0 = Debug|Any CPU
		{43D2A0DE-F91F-407B-86FC-484E596E921C}.Debug|Any CPU.Deploy.0 = Debug|Any CPU
		{43D2A0DE-F91F-407B-86FC-484E596E921C}.Debug|ARM.ActiveCfg = Debug|Any CPU
		{43D2A0DE-F91F-407B-86FC-484E596E921C}.Debug|iPhone.ActiveCfg = Debug|Any CPU
		{43D2A0DE-F91F-407B-86FC-484E596E921C}.Debug|iPhoneSimulator.ActiveCfg = Debug|Any CPU
		{43D2A0DE-F91F-407B-86FC-484E596E921C}.Debug|Mixed Platforms.ActiveCfg = Debug|Any CPU
		{43D2A0DE-F91F-407B-86FC-484E596E921C}.Debug|Mixed Platforms.Build.0 = Debug|Any CPU
		{43D2A0DE-F91F-407B-86FC-484E596E921C}.Debug|Mixed Platforms.Deploy.0 = Debug|Any CPU
		{43D2A0DE-F91F-407B-86FC-484E596E921C}.Debug|x86.ActiveCfg = Debug|Any CPU
		{43D2A0DE-F91F-407B-86FC-484E596E921C}.Release|Any CPU.ActiveCfg = Release|Any CPU
		{43D2A0DE-F91F-407B-86FC-484E596E921C}.Release|Any CPU.Build.0 = Release|Any CPU
		{43D2A0DE-F91F-407B-86FC-484E596E921C}.Release|Any CPU.Deploy.0 = Release|Any CPU
		{43D2A0DE-F91F-407B-86FC-484E596E921C}.Release|ARM.ActiveCfg = Release|Any CPU
		{43D2A0DE-F91F-407B-86FC-484E596E921C}.Release|iPhone.ActiveCfg = Release|Any CPU
		{43D2A0DE-F91F-407B-86FC-484E596E921C}.Release|iPhoneSimulator.ActiveCfg = Release|Any CPU
		{43D2A0DE-F91F-407B-86FC-484E596E921C}.Release|Mixed Platforms.ActiveCfg = Release|Any CPU
		{43D2A0DE-F91F-407B-86FC-484E596E921C}.Release|Mixed Platforms.Build.0 = Release|Any CPU
		{43D2A0DE-F91F-407B-86FC-484E596E921C}.Release|Mixed Platforms.Deploy.0 = Release|Any CPU
		{43D2A0DE-F91F-407B-86FC-484E596E921C}.Release|x86.ActiveCfg = Release|Any CPU
		{9BD6F0B3-969B-44AD-B1FD-D37D245A199F}.Ad-Hoc|Any CPU.ActiveCfg = Release|Any CPU
		{9BD6F0B3-969B-44AD-B1FD-D37D245A199F}.Ad-Hoc|Any CPU.Build.0 = Release|Any CPU
		{9BD6F0B3-969B-44AD-B1FD-D37D245A199F}.Ad-Hoc|Any CPU.Deploy.0 = Release|Any CPU
		{9BD6F0B3-969B-44AD-B1FD-D37D245A199F}.Ad-Hoc|ARM.ActiveCfg = Release|ARM
		{9BD6F0B3-969B-44AD-B1FD-D37D245A199F}.Ad-Hoc|ARM.Build.0 = Release|ARM
		{9BD6F0B3-969B-44AD-B1FD-D37D245A199F}.Ad-Hoc|ARM.Deploy.0 = Release|ARM
		{9BD6F0B3-969B-44AD-B1FD-D37D245A199F}.Ad-Hoc|iPhone.ActiveCfg = Release|Any CPU
		{9BD6F0B3-969B-44AD-B1FD-D37D245A199F}.Ad-Hoc|iPhoneSimulator.ActiveCfg = Release|Any CPU
		{9BD6F0B3-969B-44AD-B1FD-D37D245A199F}.Ad-Hoc|Mixed Platforms.ActiveCfg = Release|x86
		{9BD6F0B3-969B-44AD-B1FD-D37D245A199F}.Ad-Hoc|Mixed Platforms.Build.0 = Release|x86
		{9BD6F0B3-969B-44AD-B1FD-D37D245A199F}.Ad-Hoc|Mixed Platforms.Deploy.0 = Release|x86
		{9BD6F0B3-969B-44AD-B1FD-D37D245A199F}.Ad-Hoc|x86.ActiveCfg = Release|x86
		{9BD6F0B3-969B-44AD-B1FD-D37D245A199F}.Ad-Hoc|x86.Build.0 = Release|x86
		{9BD6F0B3-969B-44AD-B1FD-D37D245A199F}.Ad-Hoc|x86.Deploy.0 = Release|x86
		{9BD6F0B3-969B-44AD-B1FD-D37D245A199F}.AppStore|Any CPU.ActiveCfg = Release|Any CPU
		{9BD6F0B3-969B-44AD-B1FD-D37D245A199F}.AppStore|Any CPU.Build.0 = Release|Any CPU
		{9BD6F0B3-969B-44AD-B1FD-D37D245A199F}.AppStore|Any CPU.Deploy.0 = Release|Any CPU
		{9BD6F0B3-969B-44AD-B1FD-D37D245A199F}.AppStore|ARM.ActiveCfg = Release|ARM
		{9BD6F0B3-969B-44AD-B1FD-D37D245A199F}.AppStore|ARM.Build.0 = Release|ARM
		{9BD6F0B3-969B-44AD-B1FD-D37D245A199F}.AppStore|ARM.Deploy.0 = Release|ARM
		{9BD6F0B3-969B-44AD-B1FD-D37D245A199F}.AppStore|iPhone.ActiveCfg = Release|Any CPU
		{9BD6F0B3-969B-44AD-B1FD-D37D245A199F}.AppStore|iPhoneSimulator.ActiveCfg = Release|Any CPU
		{9BD6F0B3-969B-44AD-B1FD-D37D245A199F}.AppStore|Mixed Platforms.ActiveCfg = Release|x86
		{9BD6F0B3-969B-44AD-B1FD-D37D245A199F}.AppStore|Mixed Platforms.Build.0 = Release|x86
		{9BD6F0B3-969B-44AD-B1FD-D37D245A199F}.AppStore|Mixed Platforms.Deploy.0 = Release|x86
		{9BD6F0B3-969B-44AD-B1FD-D37D245A199F}.AppStore|x86.ActiveCfg = Release|x86
		{9BD6F0B3-969B-44AD-B1FD-D37D245A199F}.AppStore|x86.Build.0 = Release|x86
		{9BD6F0B3-969B-44AD-B1FD-D37D245A199F}.AppStore|x86.Deploy.0 = Release|x86
		{9BD6F0B3-969B-44AD-B1FD-D37D245A199F}.Debug|Any CPU.ActiveCfg = Debug|Any CPU
		{9BD6F0B3-969B-44AD-B1FD-D37D245A199F}.Debug|Any CPU.Build.0 = Debug|Any CPU
		{9BD6F0B3-969B-44AD-B1FD-D37D245A199F}.Debug|Any CPU.Deploy.0 = Debug|Any CPU
		{9BD6F0B3-969B-44AD-B1FD-D37D245A199F}.Debug|ARM.ActiveCfg = Debug|ARM
		{9BD6F0B3-969B-44AD-B1FD-D37D245A199F}.Debug|ARM.Build.0 = Debug|ARM
		{9BD6F0B3-969B-44AD-B1FD-D37D245A199F}.Debug|ARM.Deploy.0 = Debug|ARM
		{9BD6F0B3-969B-44AD-B1FD-D37D245A199F}.Debug|iPhone.ActiveCfg = Debug|Any CPU
		{9BD6F0B3-969B-44AD-B1FD-D37D245A199F}.Debug|iPhoneSimulator.ActiveCfg = Debug|Any CPU
		{9BD6F0B3-969B-44AD-B1FD-D37D245A199F}.Debug|Mixed Platforms.ActiveCfg = Debug|x86
		{9BD6F0B3-969B-44AD-B1FD-D37D245A199F}.Debug|Mixed Platforms.Build.0 = Debug|x86
		{9BD6F0B3-969B-44AD-B1FD-D37D245A199F}.Debug|Mixed Platforms.Deploy.0 = Debug|x86
		{9BD6F0B3-969B-44AD-B1FD-D37D245A199F}.Debug|x86.ActiveCfg = Debug|x86
		{9BD6F0B3-969B-44AD-B1FD-D37D245A199F}.Debug|x86.Build.0 = Debug|x86
		{9BD6F0B3-969B-44AD-B1FD-D37D245A199F}.Debug|x86.Deploy.0 = Debug|x86
		{9BD6F0B3-969B-44AD-B1FD-D37D245A199F}.Release|Any CPU.ActiveCfg = Release|Any CPU
		{9BD6F0B3-969B-44AD-B1FD-D37D245A199F}.Release|Any CPU.Build.0 = Release|Any CPU
		{9BD6F0B3-969B-44AD-B1FD-D37D245A199F}.Release|Any CPU.Deploy.0 = Release|Any CPU
		{9BD6F0B3-969B-44AD-B1FD-D37D245A199F}.Release|ARM.ActiveCfg = Release|ARM
		{9BD6F0B3-969B-44AD-B1FD-D37D245A199F}.Release|ARM.Build.0 = Release|ARM
		{9BD6F0B3-969B-44AD-B1FD-D37D245A199F}.Release|ARM.Deploy.0 = Release|ARM
		{9BD6F0B3-969B-44AD-B1FD-D37D245A199F}.Release|iPhone.ActiveCfg = Release|Any CPU
		{9BD6F0B3-969B-44AD-B1FD-D37D245A199F}.Release|iPhoneSimulator.ActiveCfg = Release|Any CPU
		{9BD6F0B3-969B-44AD-B1FD-D37D245A199F}.Release|Mixed Platforms.ActiveCfg = Release|x86
		{9BD6F0B3-969B-44AD-B1FD-D37D245A199F}.Release|Mixed Platforms.Build.0 = Release|x86
		{9BD6F0B3-969B-44AD-B1FD-D37D245A199F}.Release|Mixed Platforms.Deploy.0 = Release|x86
		{9BD6F0B3-969B-44AD-B1FD-D37D245A199F}.Release|x86.ActiveCfg = Release|x86
		{9BD6F0B3-969B-44AD-B1FD-D37D245A199F}.Release|x86.Build.0 = Release|x86
		{9BD6F0B3-969B-44AD-B1FD-D37D245A199F}.Release|x86.Deploy.0 = Release|x86
	EndGlobalSection
	GlobalSection(SolutionProperties) = preSolution
		HideSolutionNode = FALSE
	EndGlobalSection
EndGlobal
