
Microsoft Visual Studio Solution File, Format Version 12.00
# Visual Studio 2013
VisualStudioVersion = 12.0.31101.0
MinimumVisualStudioVersion = 10.0.40219.1
Project("{FAE04EC0-301F-11D3-BF4B-00C04F79EFBC}") = "XamlKeypad", "XamlKeypad\XamlKeypad\XamlKeypad.csproj", "{7479DB6B-B88A-4DB1-8994-27EA3D0E4108}"
EndProject
Project("{FAE04EC0-301F-11D3-BF4B-00C04F79EFBC}") = "XamlKeypad.iOS", "XamlKeypad\XamlKeypad.iOS\XamlKeypad.iOS.csproj", "{51B1CB35-84FA-4BF2-8AB3-1D5394971D74}"
EndProject
Project("{FAE04EC0-301F-11D3-BF4B-00C04F79EFBC}") = "XamlKeypad.Droid", "XamlKeypad\XamlKeypad.Droid\XamlKeypad.Droid.csproj", "{AD5A652B-D2ED-4604-88D9-009ED59155C7}"
EndProject
Project("{FAE04EC0-301F-11D3-BF4B-00C04F79EFBC}") = "XamlKeypad.WinPhone", "XamlKeypad\XamlKeypad.WinPhone\XamlKeypad.WinPhone.csproj", "{5807CE56-BC51-4F2C-AF20-3F7B297E3E71}"
EndProject
Global
	GlobalSection(SolutionConfigurationPlatforms) = preSolution
		Ad-Hoc|Any CPU = Ad-Hoc|Any CPU
		Ad-Hoc|ARM = Ad-Hoc|ARM
		Ad-Hoc|iPhone = Ad-Hoc|iPhone
		Ad-Hoc|iPhoneSimulator = Ad-Hoc|iPhoneSimulator
		Ad-Hoc|Mixed Platforms = Ad-Hoc|Mixed Platforms
		Ad-Hoc|x86 = Ad-Hoc|x86
		AppStore|Any CPU = AppStore|Any CPU
		AppStore|ARM = AppStore|ARM
		AppStore|iPhone = AppStore|iPhone
		AppStore|iPhoneSimulator = AppStore|iPhoneSimulator
		AppStore|Mixed Platforms = AppStore|Mixed Platforms
		AppStore|x86 = AppStore|x86
		Debug|Any CPU = Debug|Any CPU
		Debug|ARM = Debug|ARM
		Debug|iPhone = Debug|iPhone
		Debug|iPhoneSimulator = Debug|iPhoneSimulator
		Debug|Mixed Platforms = Debug|Mixed Platforms
		Debug|x86 = Debug|x86
		Release|Any CPU = Release|Any CPU
		Release|ARM = Release|ARM
		Release|iPhone = Release|iPhone
		Release|iPhoneSimulator = Release|iPhoneSimulator
		Release|Mixed Platforms = Release|Mixed Platforms
		Release|x86 = Release|x86
	EndGlobalSection
	GlobalSection(ProjectConfigurationPlatforms) = postSolution
		{7479DB6B-B88A-4DB1-8994-27EA3D0E4108}.Ad-Hoc|Any CPU.ActiveCfg = Release|Any CPU
		{7479DB6B-B88A-4DB1-8994-27EA3D0E4108}.Ad-Hoc|Any CPU.Build.0 = Release|Any CPU
		{7479DB6B-B88A-4DB1-8994-27EA3D0E4108}.Ad-Hoc|ARM.ActiveCfg = Release|Any CPU
		{7479DB6B-B88A-4DB1-8994-27EA3D0E4108}.Ad-Hoc|iPhone.ActiveCfg = Release|Any CPU
		{7479DB6B-B88A-4DB1-8994-27EA3D0E4108}.Ad-Hoc|iPhoneSimulator.ActiveCfg = Release|Any CPU
		{7479DB6B-B88A-4DB1-8994-27EA3D0E4108}.Ad-Hoc|Mixed Platforms.ActiveCfg = Release|Any CPU
		{7479DB6B-B88A-4DB1-8994-27EA3D0E4108}.Ad-Hoc|Mixed Platforms.Build.0 = Release|Any CPU
		{7479DB6B-B88A-4DB1-8994-27EA3D0E4108}.Ad-Hoc|x86.ActiveCfg = Release|Any CPU
		{7479DB6B-B88A-4DB1-8994-27EA3D0E4108}.AppStore|Any CPU.ActiveCfg = Release|Any CPU
		{7479DB6B-B88A-4DB1-8994-27EA3D0E4108}.AppStore|Any CPU.Build.0 = Release|Any CPU
		{7479DB6B-B88A-4DB1-8994-27EA3D0E4108}.AppStore|ARM.ActiveCfg = Release|Any CPU
		{7479DB6B-B88A-4DB1-8994-27EA3D0E4108}.AppStore|iPhone.ActiveCfg = Release|Any CPU
		{7479DB6B-B88A-4DB1-8994-27EA3D0E4108}.AppStore|iPhoneSimulator.ActiveCfg = Release|Any CPU
		{7479DB6B-B88A-4DB1-8994-27EA3D0E4108}.AppStore|Mixed Platforms.ActiveCfg = Release|Any CPU
		{7479DB6B-B88A-4DB1-8994-27EA3D0E4108}.AppStore|Mixed Platforms.Build.0 = Release|Any CPU
		{7479DB6B-B88A-4DB1-8994-27EA3D0E4108}.AppStore|x86.ActiveCfg = Release|Any CPU
		{7479DB6B-B88A-4DB1-8994-27EA3D0E4108}.Debug|Any CPU.ActiveCfg = Debug|Any CPU
		{7479DB6B-B88A-4DB1-8994-27EA3D0E4108}.Debug|Any CPU.Build.0 = Debug|Any CPU
		{7479DB6B-B88A-4DB1-8994-27EA3D0E4108}.Debug|ARM.ActiveCfg = Debug|Any CPU
		{7479DB6B-B88A-4DB1-8994-27EA3D0E4108}.Debug|iPhone.ActiveCfg = Debug|Any CPU
		{7479DB6B-B88A-4DB1-8994-27EA3D0E4108}.Debug|iPhoneSimulator.ActiveCfg = Debug|Any CPU
		{7479DB6B-B88A-4DB1-8994-27EA3D0E4108}.Debug|Mixed Platforms.ActiveCfg = Debug|Any CPU
		{7479DB6B-B88A-4DB1-8994-27EA3D0E4108}.Debug|Mixed Platforms.Build.0 = Debug|Any CPU
		{7479DB6B-B88A-4DB1-8994-27EA3D0E4108}.Debug|x86.ActiveCfg = Debug|Any CPU
		{7479DB6B-B88A-4DB1-8994-27EA3D0E4108}.Release|Any CPU.ActiveCfg = Release|Any CPU
		{7479DB6B-B88A-4DB1-8994-27EA3D0E4108}.Release|Any CPU.Build.0 = Release|Any CPU
		{7479DB6B-B88A-4DB1-8994-27EA3D0E4108}.Release|ARM.ActiveCfg = Release|Any CPU
		{7479DB6B-B88A-4DB1-8994-27EA3D0E4108}.Release|iPhone.ActiveCfg = Release|Any CPU
		{7479DB6B-B88A-4DB1-8994-27EA3D0E4108}.Release|iPhoneSimulator.ActiveCfg = Release|Any CPU
		{7479DB6B-B88A-4DB1-8994-27EA3D0E4108}.Release|Mixed Platforms.ActiveCfg = Release|Any CPU
		{7479DB6B-B88A-4DB1-8994-27EA3D0E4108}.Release|Mixed Platforms.Build.0 = Release|Any CPU
		{7479DB6B-B88A-4DB1-8994-27EA3D0E4108}.Release|x86.ActiveCfg = Release|Any CPU
		{51B1CB35-84FA-4BF2-8AB3-1D5394971D74}.Ad-Hoc|Any CPU.ActiveCfg = Ad-Hoc|iPhone
		{51B1CB35-84FA-4BF2-8AB3-1D5394971D74}.Ad-Hoc|ARM.ActiveCfg = Ad-Hoc|iPhone
		{51B1CB35-84FA-4BF2-8AB3-1D5394971D74}.Ad-Hoc|iPhone.ActiveCfg = Ad-Hoc|iPhone
		{51B1CB35-84FA-4BF2-8AB3-1D5394971D74}.Ad-Hoc|iPhone.Build.0 = Ad-Hoc|iPhone
		{51B1CB35-84FA-4BF2-8AB3-1D5394971D74}.Ad-Hoc|iPhoneSimulator.ActiveCfg = Ad-Hoc|iPhoneSimulator
		{51B1CB35-84FA-4BF2-8AB3-1D5394971D74}.Ad-Hoc|iPhoneSimulator.Build.0 = Ad-Hoc|iPhoneSimulator
		{51B1CB35-84FA-4BF2-8AB3-1D5394971D74}.Ad-Hoc|Mixed Platforms.ActiveCfg = Ad-Hoc|iPhone
		{51B1CB35-84FA-4BF2-8AB3-1D5394971D74}.Ad-Hoc|Mixed Platforms.Build.0 = Ad-Hoc|iPhone
		{51B1CB35-84FA-4BF2-8AB3-1D5394971D74}.Ad-Hoc|x86.ActiveCfg = Ad-Hoc|iPhone
		{51B1CB35-84FA-4BF2-8AB3-1D5394971D74}.AppStore|Any CPU.ActiveCfg = AppStore|iPhone
		{51B1CB35-84FA-4BF2-8AB3-1D5394971D74}.AppStore|ARM.ActiveCfg = AppStore|iPhone
		{51B1CB35-84FA-4BF2-8AB3-1D5394971D74}.AppStore|iPhone.ActiveCfg = AppStore|iPhone
		{51B1CB35-84FA-4BF2-8AB3-1D5394971D74}.AppStore|iPhone.Build.0 = AppStore|iPhone
		{51B1CB35-84FA-4BF2-8AB3-1D5394971D74}.AppStore|iPhoneSimulator.ActiveCfg = AppStore|iPhoneSimulator
		{51B1CB35-84FA-4BF2-8AB3-1D5394971D74}.AppStore|iPhoneSimulator.Build.0 = AppStore|iPhoneSimulator
		{51B1CB35-84FA-4BF2-8AB3-1D5394971D74}.AppStore|Mixed Platforms.ActiveCfg = AppStore|iPhone
		{51B1CB35-84FA-4BF2-8AB3-1D5394971D74}.AppStore|Mixed Platforms.Build.0 = AppStore|iPhone
		{51B1CB35-84FA-4BF2-8AB3-1D5394971D74}.AppStore|x86.ActiveCfg = AppStore|iPhone
		{51B1CB35-84FA-4BF2-8AB3-1D5394971D74}.Debug|Any CPU.ActiveCfg = Debug|iPhone
		{51B1CB35-84FA-4BF2-8AB3-1D5394971D74}.Debug|ARM.ActiveCfg = Debug|iPhone
		{51B1CB35-84FA-4BF2-8AB3-1D5394971D74}.Debug|iPhone.ActiveCfg = Debug|iPhone
		{51B1CB35-84FA-4BF2-8AB3-1D5394971D74}.Debug|iPhone.Build.0 = Debug|iPhone
		{51B1CB35-84FA-4BF2-8AB3-1D5394971D74}.Debug|iPhoneSimulator.ActiveCfg = Debug|iPhoneSimulator
		{51B1CB35-84FA-4BF2-8AB3-1D5394971D74}.Debug|iPhoneSimulator.Build.0 = Debug|iPhoneSimulator
		{51B1CB35-84FA-4BF2-8AB3-1D5394971D74}.Debug|Mixed Platforms.ActiveCfg = Debug|iPhone
		{51B1CB35-84FA-4BF2-8AB3-1D5394971D74}.Debug|Mixed Platforms.Build.0 = Debug|iPhone
		{51B1CB35-84FA-4BF2-8AB3-1D5394971D74}.Debug|x86.ActiveCfg = Debug|iPhone
		{51B1CB35-84FA-4BF2-8AB3-1D5394971D74}.Release|Any CPU.ActiveCfg = Release|iPhone
		{51B1CB35-84FA-4BF2-8AB3-1D5394971D74}.Release|ARM.ActiveCfg = Release|iPhone
		{51B1CB35-84FA-4BF2-8AB3-1D5394971D74}.Release|iPhone.ActiveCfg = Release|iPhone
		{51B1CB35-84FA-4BF2-8AB3-1D5394971D74}.Release|iPhone.Build.0 = Release|iPhone
		{51B1CB35-84FA-4BF2-8AB3-1D5394971D74}.Release|iPhoneSimulator.ActiveCfg = Release|iPhoneSimulator
		{51B1CB35-84FA-4BF2-8AB3-1D5394971D74}.Release|iPhoneSimulator.Build.0 = Release|iPhoneSimulator
		{51B1CB35-84FA-4BF2-8AB3-1D5394971D74}.Release|Mixed Platforms.ActiveCfg = Release|iPhone
		{51B1CB35-84FA-4BF2-8AB3-1D5394971D74}.Release|Mixed Platforms.Build.0 = Release|iPhone
		{51B1CB35-84FA-4BF2-8AB3-1D5394971D74}.Release|x86.ActiveCfg = Release|iPhone
		{AD5A652B-D2ED-4604-88D9-009ED59155C7}.Ad-Hoc|Any CPU.ActiveCfg = Release|Any CPU
		{AD5A652B-D2ED-4604-88D9-009ED59155C7}.Ad-Hoc|Any CPU.Build.0 = Release|Any CPU
		{AD5A652B-D2ED-4604-88D9-009ED59155C7}.Ad-Hoc|Any CPU.Deploy.0 = Release|Any CPU
		{AD5A652B-D2ED-4604-88D9-009ED59155C7}.Ad-Hoc|ARM.ActiveCfg = Release|Any CPU
		{AD5A652B-D2ED-4604-88D9-009ED59155C7}.Ad-Hoc|iPhone.ActiveCfg = Release|Any CPU
		{AD5A652B-D2ED-4604-88D9-009ED59155C7}.Ad-Hoc|iPhoneSimulator.ActiveCfg = Release|Any CPU
		{AD5A652B-D2ED-4604-88D9-009ED59155C7}.Ad-Hoc|Mixed Platforms.ActiveCfg = Release|Any CPU
		{AD5A652B-D2ED-4604-88D9-009ED59155C7}.Ad-Hoc|Mixed Platforms.Build.0 = Release|Any CPU
		{AD5A652B-D2ED-4604-88D9-009ED59155C7}.Ad-Hoc|Mixed Platforms.Deploy.0 = Release|Any CPU
		{AD5A652B-D2ED-4604-88D9-009ED59155C7}.Ad-Hoc|x86.ActiveCfg = Release|Any CPU
		{AD5A652B-D2ED-4604-88D9-009ED59155C7}.AppStore|Any CPU.ActiveCfg = Release|Any CPU
		{AD5A652B-D2ED-4604-88D9-009ED59155C7}.AppStore|Any CPU.Build.0 = Release|Any CPU
		{AD5A652B-D2ED-4604-88D9-009ED59155C7}.AppStore|Any CPU.Deploy.0 = Release|Any CPU
		{AD5A652B-D2ED-4604-88D9-009ED59155C7}.AppStore|ARM.ActiveCfg = Release|Any CPU
		{AD5A652B-D2ED-4604-88D9-009ED59155C7}.AppStore|iPhone.ActiveCfg = Release|Any CPU
		{AD5A652B-D2ED-4604-88D9-009ED59155C7}.AppStore|iPhoneSimulator.ActiveCfg = Release|Any CPU
		{AD5A652B-D2ED-4604-88D9-009ED59155C7}.AppStore|Mixed Platforms.ActiveCfg = Release|Any CPU
		{AD5A652B-D2ED-4604-88D9-009ED59155C7}.AppStore|Mixed Platforms.Build.0 = Release|Any CPU
		{AD5A652B-D2ED-4604-88D9-009ED59155C7}.AppStore|Mixed Platforms.Deploy.0 = Release|Any CPU
		{AD5A652B-D2ED-4604-88D9-009ED59155C7}.AppStore|x86.ActiveCfg = Release|Any CPU
		{AD5A652B-D2ED-4604-88D9-009ED59155C7}.Debug|Any CPU.ActiveCfg = Debug|Any CPU
		{AD5A652B-D2ED-4604-88D9-009ED59155C7}.Debug|Any CPU.Build.0 = Debug|Any CPU
		{AD5A652B-D2ED-4604-88D9-009ED59155C7}.Debug|Any CPU.Deploy.0 = Debug|Any CPU
		{AD5A652B-D2ED-4604-88D9-009ED59155C7}.Debug|ARM.ActiveCfg = Debug|Any CPU
		{AD5A652B-D2ED-4604-88D9-009ED59155C7}.Debug|iPhone.ActiveCfg = Debug|Any CPU
		{AD5A652B-D2ED-4604-88D9-009ED59155C7}.Debug|iPhoneSimulator.ActiveCfg = Debug|Any CPU
		{AD5A652B-D2ED-4604-88D9-009ED59155C7}.Debug|Mixed Platforms.ActiveCfg = Debug|Any CPU
		{AD5A652B-D2ED-4604-88D9-009ED59155C7}.Debug|Mixed Platforms.Build.0 = Debug|Any CPU
		{AD5A652B-D2ED-4604-88D9-009ED59155C7}.Debug|Mixed Platforms.Deploy.0 = Debug|Any CPU
		{AD5A652B-D2ED-4604-88D9-009ED59155C7}.Debug|x86.ActiveCfg = Debug|Any CPU
		{AD5A652B-D2ED-4604-88D9-009ED59155C7}.Release|Any CPU.ActiveCfg = Release|Any CPU
		{AD5A652B-D2ED-4604-88D9-009ED59155C7}.Release|Any CPU.Build.0 = Release|Any CPU
		{AD5A652B-D2ED-4604-88D9-009ED59155C7}.Release|Any CPU.Deploy.0 = Release|Any CPU
		{AD5A652B-D2ED-4604-88D9-009ED59155C7}.Release|ARM.ActiveCfg = Release|Any CPU
		{AD5A652B-D2ED-4604-88D9-009ED59155C7}.Release|iPhone.ActiveCfg = Release|Any CPU
		{AD5A652B-D2ED-4604-88D9-009ED59155C7}.Release|iPhoneSimulator.ActiveCfg = Release|Any CPU
		{AD5A652B-D2ED-4604-88D9-009ED59155C7}.Release|Mixed Platforms.ActiveCfg = Release|Any CPU
		{AD5A652B-D2ED-4604-88D9-009ED59155C7}.Release|Mixed Platforms.Build.0 = Release|Any CPU
		{AD5A652B-D2ED-4604-88D9-009ED59155C7}.Release|Mixed Platforms.Deploy.0 = Release|Any CPU
		{AD5A652B-D2ED-4604-88D9-009ED59155C7}.Release|x86.ActiveCfg = Release|Any CPU
		{5807CE56-BC51-4F2C-AF20-3F7B297E3E71}.Ad-Hoc|Any CPU.ActiveCfg = Release|Any CPU
		{5807CE56-BC51-4F2C-AF20-3F7B297E3E71}.Ad-Hoc|Any CPU.Build.0 = Release|Any CPU
		{5807CE56-BC51-4F2C-AF20-3F7B297E3E71}.Ad-Hoc|Any CPU.Deploy.0 = Release|Any CPU
		{5807CE56-BC51-4F2C-AF20-3F7B297E3E71}.Ad-Hoc|ARM.ActiveCfg = Release|ARM
		{5807CE56-BC51-4F2C-AF20-3F7B297E3E71}.Ad-Hoc|ARM.Build.0 = Release|ARM
		{5807CE56-BC51-4F2C-AF20-3F7B297E3E71}.Ad-Hoc|ARM.Deploy.0 = Release|ARM
		{5807CE56-BC51-4F2C-AF20-3F7B297E3E71}.Ad-Hoc|iPhone.ActiveCfg = Release|Any CPU
		{5807CE56-BC51-4F2C-AF20-3F7B297E3E71}.Ad-Hoc|iPhoneSimulator.ActiveCfg = Release|Any CPU
		{5807CE56-BC51-4F2C-AF20-3F7B297E3E71}.Ad-Hoc|Mixed Platforms.ActiveCfg = Release|x86
		{5807CE56-BC51-4F2C-AF20-3F7B297E3E71}.Ad-Hoc|Mixed Platforms.Build.0 = Release|x86
		{5807CE56-BC51-4F2C-AF20-3F7B297E3E71}.Ad-Hoc|Mixed Platforms.Deploy.0 = Release|x86
		{5807CE56-BC51-4F2C-AF20-3F7B297E3E71}.Ad-Hoc|x86.ActiveCfg = Release|x86
		{5807CE56-BC51-4F2C-AF20-3F7B297E3E71}.Ad-Hoc|x86.Build.0 = Release|x86
		{5807CE56-BC51-4F2C-AF20-3F7B297E3E71}.Ad-Hoc|x86.Deploy.0 = Release|x86
		{5807CE56-BC51-4F2C-AF20-3F7B297E3E71}.AppStore|Any CPU.ActiveCfg = Release|Any CPU
		{5807CE56-BC51-4F2C-AF20-3F7B297E3E71}.AppStore|Any CPU.Build.0 = Release|Any CPU
		{5807CE56-BC51-4F2C-AF20-3F7B297E3E71}.AppStore|Any CPU.Deploy.0 = Release|Any CPU
		{5807CE56-BC51-4F2C-AF20-3F7B297E3E71}.AppStore|ARM.ActiveCfg = Release|ARM
		{5807CE56-BC51-4F2C-AF20-3F7B297E3E71}.AppStore|ARM.Build.0 = Release|ARM
		{5807CE56-BC51-4F2C-AF20-3F7B297E3E71}.AppStore|ARM.Deploy.0 = Release|ARM
		{5807CE56-BC51-4F2C-AF20-3F7B297E3E71}.AppStore|iPhone.ActiveCfg = Release|Any CPU
		{5807CE56-BC51-4F2C-AF20-3F7B297E3E71}.AppStore|iPhoneSimulator.ActiveCfg = Release|Any CPU
		{5807CE56-BC51-4F2C-AF20-3F7B297E3E71}.AppStore|Mixed Platforms.ActiveCfg = Release|x86
		{5807CE56-BC51-4F2C-AF20-3F7B297E3E71}.AppStore|Mixed Platforms.Build.0 = Release|x86
		{5807CE56-BC51-4F2C-AF20-3F7B297E3E71}.AppStore|Mixed Platforms.Deploy.0 = Release|x86
		{5807CE56-BC51-4F2C-AF20-3F7B297E3E71}.AppStore|x86.ActiveCfg = Release|x86
		{5807CE56-BC51-4F2C-AF20-3F7B297E3E71}.AppStore|x86.Build.0 = Release|x86
		{5807CE56-BC51-4F2C-AF20-3F7B297E3E71}.AppStore|x86.Deploy.0 = Release|x86
		{5807CE56-BC51-4F2C-AF20-3F7B297E3E71}.Debug|Any CPU.ActiveCfg = Debug|Any CPU
		{5807CE56-BC51-4F2C-AF20-3F7B297E3E71}.Debug|Any CPU.Build.0 = Debug|Any CPU
		{5807CE56-BC51-4F2C-AF20-3F7B297E3E71}.Debug|Any CPU.Deploy.0 = Debug|Any CPU
		{5807CE56-BC51-4F2C-AF20-3F7B297E3E71}.Debug|ARM.ActiveCfg = Debug|ARM
		{5807CE56-BC51-4F2C-AF20-3F7B297E3E71}.Debug|ARM.Build.0 = Debug|ARM
		{5807CE56-BC51-4F2C-AF20-3F7B297E3E71}.Debug|ARM.Deploy.0 = Debug|ARM
		{5807CE56-BC51-4F2C-AF20-3F7B297E3E71}.Debug|iPhone.ActiveCfg = Debug|Any CPU
		{5807CE56-BC51-4F2C-AF20-3F7B297E3E71}.Debug|iPhoneSimulator.ActiveCfg = Debug|Any CPU
		{5807CE56-BC51-4F2C-AF20-3F7B297E3E71}.Debug|Mixed Platforms.ActiveCfg = Debug|x86
		{5807CE56-BC51-4F2C-AF20-3F7B297E3E71}.Debug|Mixed Platforms.Build.0 = Debug|x86
		{5807CE56-BC51-4F2C-AF20-3F7B297E3E71}.Debug|Mixed Platforms.Deploy.0 = Debug|x86
		{5807CE56-BC51-4F2C-AF20-3F7B297E3E71}.Debug|x86.ActiveCfg = Debug|x86
		{5807CE56-BC51-4F2C-AF20-3F7B297E3E71}.Debug|x86.Build.0 = Debug|x86
		{5807CE56-BC51-4F2C-AF20-3F7B297E3E71}.Debug|x86.Deploy.0 = Debug|x86
		{5807CE56-BC51-4F2C-AF20-3F7B297E3E71}.Release|Any CPU.ActiveCfg = Release|Any CPU
		{5807CE56-BC51-4F2C-AF20-3F7B297E3E71}.Release|Any CPU.Build.0 = Release|Any CPU
		{5807CE56-BC51-4F2C-AF20-3F7B297E3E71}.Release|Any CPU.Deploy.0 = Release|Any CPU
		{5807CE56-BC51-4F2C-AF20-3F7B297E3E71}.Release|ARM.ActiveCfg = Release|ARM
		{5807CE56-BC51-4F2C-AF20-3F7B297E3E71}.Release|ARM.Build.0 = Release|ARM
		{5807CE56-BC51-4F2C-AF20-3F7B297E3E71}.Release|ARM.Deploy.0 = Release|ARM
		{5807CE56-BC51-4F2C-AF20-3F7B297E3E71}.Release|iPhone.ActiveCfg = Release|Any CPU
		{5807CE56-BC51-4F2C-AF20-3F7B297E3E71}.Release|iPhoneSimulator.ActiveCfg = Release|Any CPU
		{5807CE56-BC51-4F2C-AF20-3F7B297E3E71}.Release|Mixed Platforms.ActiveCfg = Release|x86
		{5807CE56-BC51-4F2C-AF20-3F7B297E3E71}.Release|Mixed Platforms.Build.0 = Release|x86
		{5807CE56-BC51-4F2C-AF20-3F7B297E3E71}.Release|Mixed Platforms.Deploy.0 = Release|x86
		{5807CE56-BC51-4F2C-AF20-3F7B297E3E71}.Release|x86.ActiveCfg = Release|x86
		{5807CE56-BC51-4F2C-AF20-3F7B297E3E71}.Release|x86.Build.0 = Release|x86
		{5807CE56-BC51-4F2C-AF20-3F7B297E3E71}.Release|x86.Deploy.0 = Release|x86
	EndGlobalSection
	GlobalSection(SolutionProperties) = preSolution
		HideSolutionNode = FALSE
	EndGlobalSection
EndGlobal
