
Microsoft Visual Studio Solution File, Format Version 12.00
# Visual Studio 2013
VisualStudioVersion = 12.0.31101.0
MinimumVisualStudioVersion = 10.0.40219.1
Project("{FAE04EC0-301F-11D3-BF4B-00C04F79EFBC}") = "ParameteredConstructorDemo", "ParameteredConstructorDemo\ParameteredConstructorDemo\ParameteredConstructorDemo.csproj", "{F2A37B61-428C-439B-8423-0D09FAA4AEB5}"
EndProject
Project("{FAE04EC0-301F-11D3-BF4B-00C04F79EFBC}") = "ParameteredConstructorDemo.iOS", "ParameteredConstructorDemo\ParameteredConstructorDemo.iOS\ParameteredConstructorDemo.iOS.csproj", "{21C97480-4026-40ED-BA1B-B799D094A087}"
EndProject
Project("{FAE04EC0-301F-11D3-BF4B-00C04F79EFBC}") = "ParameteredConstructorDemo.Droid", "ParameteredConstructorDemo\ParameteredConstructorDemo.Droid\ParameteredConstructorDemo.Droid.csproj", "{E179EBDB-86AA-4E61-B3C6-78933FA2CAE7}"
EndProject
Project("{FAE04EC0-301F-11D3-BF4B-00C04F79EFBC}") = "ParameteredConstructorDemo.WinPhone", "ParameteredConstructorDemo\ParameteredConstructorDemo.WinPhone\ParameteredConstructorDemo.WinPhone.csproj", "{4B325301-2E2A-41A0-9412-CA8FEE24CBE6}"
EndProject
Global
	GlobalSection(SolutionConfigurationPlatforms) = preSolution
		Ad-Hoc|Any CPU = Ad-Hoc|Any CPU
		Ad-Hoc|ARM = Ad-Hoc|ARM
		Ad-Hoc|iPhone = Ad-Hoc|iPhone
		Ad-Hoc|iPhoneSimulator = Ad-Hoc|iPhoneSimulator
		Ad-Hoc|Mixed Platforms = Ad-Hoc|Mixed Platforms
		Ad-Hoc|x86 = Ad-Hoc|x86
		AppStore|Any CPU = AppStore|Any CPU
		AppStore|ARM = AppStore|ARM
		AppStore|iPhone = AppStore|iPhone
		AppStore|iPhoneSimulator = AppStore|iPhoneSimulator
		AppStore|Mixed Platforms = AppStore|Mixed Platforms
		AppStore|x86 = AppStore|x86
		Debug|Any CPU = Debug|Any CPU
		Debug|ARM = Debug|ARM
		Debug|iPhone = Debug|iPhone
		Debug|iPhoneSimulator = Debug|iPhoneSimulator
		Debug|Mixed Platforms = Debug|Mixed Platforms
		Debug|x86 = Debug|x86
		Release|Any CPU = Release|Any CPU
		Release|ARM = Release|ARM
		Release|iPhone = Release|iPhone
		Release|iPhoneSimulator = Release|iPhoneSimulator
		Release|Mixed Platforms = Release|Mixed Platforms
		Release|x86 = Release|x86
	EndGlobalSection
	GlobalSection(ProjectConfigurationPlatforms) = postSolution
		{F2A37B61-428C-439B-8423-0D09FAA4AEB5}.Ad-Hoc|Any CPU.ActiveCfg = Release|Any CPU
		{F2A37B61-428C-439B-8423-0D09FAA4AEB5}.Ad-Hoc|Any CPU.Build.0 = Release|Any CPU
		{F2A37B61-428C-439B-8423-0D09FAA4AEB5}.Ad-Hoc|ARM.ActiveCfg = Release|Any CPU
		{F2A37B61-428C-439B-8423-0D09FAA4AEB5}.Ad-Hoc|iPhone.ActiveCfg = Release|Any CPU
		{F2A37B61-428C-439B-8423-0D09FAA4AEB5}.Ad-Hoc|iPhoneSimulator.ActiveCfg = Release|Any CPU
		{F2A37B61-428C-439B-8423-0D09FAA4AEB5}.Ad-Hoc|Mixed Platforms.ActiveCfg = Release|Any CPU
		{F2A37B61-428C-439B-8423-0D09FAA4AEB5}.Ad-Hoc|Mixed Platforms.Build.0 = Release|Any CPU
		{F2A37B61-428C-439B-8423-0D09FAA4AEB5}.Ad-Hoc|x86.ActiveCfg = Release|Any CPU
		{F2A37B61-428C-439B-8423-0D09FAA4AEB5}.AppStore|Any CPU.ActiveCfg = Release|Any CPU
		{F2A37B61-428C-439B-8423-0D09FAA4AEB5}.AppStore|Any CPU.Build.0 = Release|Any CPU
		{F2A37B61-428C-439B-8423-0D09FAA4AEB5}.AppStore|ARM.ActiveCfg = Release|Any CPU
		{F2A37B61-428C-439B-8423-0D09FAA4AEB5}.AppStore|iPhone.ActiveCfg = Release|Any CPU
		{F2A37B61-428C-439B-8423-0D09FAA4AEB5}.AppStore|iPhoneSimulator.ActiveCfg = Release|Any CPU
		{F2A37B61-428C-439B-8423-0D09FAA4AEB5}.AppStore|Mixed Platforms.ActiveCfg = Release|Any CPU
		{F2A37B61-428C-439B-8423-0D09FAA4AEB5}.AppStore|Mixed Platforms.Build.0 = Release|Any CPU
		{F2A37B61-428C-439B-8423-0D09FAA4AEB5}.AppStore|x86.ActiveCfg = Release|Any CPU
		{F2A37B61-428C-439B-8423-0D09FAA4AEB5}.Debug|Any CPU.ActiveCfg = Debug|Any CPU
		{F2A37B61-428C-439B-8423-0D09FAA4AEB5}.Debug|Any CPU.Build.0 = Debug|Any CPU
		{F2A37B61-428C-439B-8423-0D09FAA4AEB5}.Debug|ARM.ActiveCfg = Debug|Any CPU
		{F2A37B61-428C-439B-8423-0D09FAA4AEB5}.Debug|iPhone.ActiveCfg = Debug|Any CPU
		{F2A37B61-428C-439B-8423-0D09FAA4AEB5}.Debug|iPhoneSimulator.ActiveCfg = Debug|Any CPU
		{F2A37B61-428C-439B-8423-0D09FAA4AEB5}.Debug|Mixed Platforms.ActiveCfg = Debug|Any CPU
		{F2A37B61-428C-439B-8423-0D09FAA4AEB5}.Debug|Mixed Platforms.Build.0 = Debug|Any CPU
		{F2A37B61-428C-439B-8423-0D09FAA4AEB5}.Debug|x86.ActiveCfg = Debug|Any CPU
		{F2A37B61-428C-439B-8423-0D09FAA4AEB5}.Release|Any CPU.ActiveCfg = Release|Any CPU
		{F2A37B61-428C-439B-8423-0D09FAA4AEB5}.Release|Any CPU.Build.0 = Release|Any CPU
		{F2A37B61-428C-439B-8423-0D09FAA4AEB5}.Release|ARM.ActiveCfg = Release|Any CPU
		{F2A37B61-428C-439B-8423-0D09FAA4AEB5}.Release|iPhone.ActiveCfg = Release|Any CPU
		{F2A37B61-428C-439B-8423-0D09FAA4AEB5}.Release|iPhoneSimulator.ActiveCfg = Release|Any CPU
		{F2A37B61-428C-439B-8423-0D09FAA4AEB5}.Release|Mixed Platforms.ActiveCfg = Release|Any CPU
		{F2A37B61-428C-439B-8423-0D09FAA4AEB5}.Release|Mixed Platforms.Build.0 = Release|Any CPU
		{F2A37B61-428C-439B-8423-0D09FAA4AEB5}.Release|x86.ActiveCfg = Release|Any CPU
		{21C97480-4026-40ED-BA1B-B799D094A087}.Ad-Hoc|Any CPU.ActiveCfg = Ad-Hoc|iPhone
		{21C97480-4026-40ED-BA1B-B799D094A087}.Ad-Hoc|ARM.ActiveCfg = Ad-Hoc|iPhone
		{21C97480-4026-40ED-BA1B-B799D094A087}.Ad-Hoc|iPhone.ActiveCfg = Ad-Hoc|iPhone
		{21C97480-4026-40ED-BA1B-B799D094A087}.Ad-Hoc|iPhone.Build.0 = Ad-Hoc|iPhone
		{21C97480-4026-40ED-BA1B-B799D094A087}.Ad-Hoc|iPhoneSimulator.ActiveCfg = Ad-Hoc|iPhoneSimulator
		{21C97480-4026-40ED-BA1B-B799D094A087}.Ad-Hoc|iPhoneSimulator.Build.0 = Ad-Hoc|iPhoneSimulator
		{21C97480-4026-40ED-BA1B-B799D094A087}.Ad-Hoc|Mixed Platforms.ActiveCfg = Ad-Hoc|iPhone
		{21C97480-4026-40ED-BA1B-B799D094A087}.Ad-Hoc|Mixed Platforms.Build.0 = Ad-Hoc|iPhone
		{21C97480-4026-40ED-BA1B-B799D094A087}.Ad-Hoc|x86.ActiveCfg = Ad-Hoc|iPhone
		{21C97480-4026-40ED-BA1B-B799D094A087}.AppStore|Any CPU.ActiveCfg = AppStore|iPhone
		{21C97480-4026-40ED-BA1B-B799D094A087}.AppStore|ARM.ActiveCfg = AppStore|iPhone
		{21C97480-4026-40ED-BA1B-B799D094A087}.AppStore|iPhone.ActiveCfg = AppStore|iPhone
		{21C97480-4026-40ED-BA1B-B799D094A087}.AppStore|iPhone.Build.0 = AppStore|iPhone
		{21C97480-4026-40ED-BA1B-B799D094A087}.AppStore|iPhoneSimulator.ActiveCfg = AppStore|iPhoneSimulator
		{21C97480-4026-40ED-BA1B-B799D094A087}.AppStore|iPhoneSimulator.Build.0 = AppStore|iPhoneSimulator
		{21C97480-4026-40ED-BA1B-B799D094A087}.AppStore|Mixed Platforms.ActiveCfg = AppStore|iPhone
		{21C97480-4026-40ED-BA1B-B799D094A087}.AppStore|Mixed Platforms.Build.0 = AppStore|iPhone
		{21C97480-4026-40ED-BA1B-B799D094A087}.AppStore|x86.ActiveCfg = AppStore|iPhone
		{21C97480-4026-40ED-BA1B-B799D094A087}.Debug|Any CPU.ActiveCfg = Debug|iPhone
		{21C97480-4026-40ED-BA1B-B799D094A087}.Debug|ARM.ActiveCfg = Debug|iPhone
		{21C97480-4026-40ED-BA1B-B799D094A087}.Debug|iPhone.ActiveCfg = Debug|iPhone
		{21C97480-4026-40ED-BA1B-B799D094A087}.Debug|iPhone.Build.0 = Debug|iPhone
		{21C97480-4026-40ED-BA1B-B799D094A087}.Debug|iPhoneSimulator.ActiveCfg = Debug|iPhoneSimulator
		{21C97480-4026-40ED-BA1B-B799D094A087}.Debug|iPhoneSimulator.Build.0 = Debug|iPhoneSimulator
		{21C97480-4026-40ED-BA1B-B799D094A087}.Debug|Mixed Platforms.ActiveCfg = Debug|iPhone
		{21C97480-4026-40ED-BA1B-B799D094A087}.Debug|Mixed Platforms.Build.0 = Debug|iPhone
		{21C97480-4026-40ED-BA1B-B799D094A087}.Debug|x86.ActiveCfg = Debug|iPhone
		{21C97480-4026-40ED-BA1B-B799D094A087}.Release|Any CPU.ActiveCfg = Release|iPhone
		{21C97480-4026-40ED-BA1B-B799D094A087}.Release|ARM.ActiveCfg = Release|iPhone
		{21C97480-4026-40ED-BA1B-B799D094A087}.Release|iPhone.ActiveCfg = Release|iPhone
		{21C97480-4026-40ED-BA1B-B799D094A087}.Release|iPhone.Build.0 = Release|iPhone
		{21C97480-4026-40ED-BA1B-B799D094A087}.Release|iPhoneSimulator.ActiveCfg = Release|iPhoneSimulator
		{21C97480-4026-40ED-BA1B-B799D094A087}.Release|iPhoneSimulator.Build.0 = Release|iPhoneSimulator
		{21C97480-4026-40ED-BA1B-B799D094A087}.Release|Mixed Platforms.ActiveCfg = Release|iPhone
		{21C97480-4026-40ED-BA1B-B799D094A087}.Release|Mixed Platforms.Build.0 = Release|iPhone
		{21C97480-4026-40ED-BA1B-B799D094A087}.Release|x86.ActiveCfg = Release|iPhone
		{E179EBDB-86AA-4E61-B3C6-78933FA2CAE7}.Ad-Hoc|Any CPU.ActiveCfg = Release|Any CPU
		{E179EBDB-86AA-4E61-B3C6-78933FA2CAE7}.Ad-Hoc|Any CPU.Build.0 = Release|Any CPU
		{E179EBDB-86AA-4E61-B3C6-78933FA2CAE7}.Ad-Hoc|Any CPU.Deploy.0 = Release|Any CPU
		{E179EBDB-86AA-4E61-B3C6-78933FA2CAE7}.Ad-Hoc|ARM.ActiveCfg = Release|Any CPU
		{E179EBDB-86AA-4E61-B3C6-78933FA2CAE7}.Ad-Hoc|iPhone.ActiveCfg = Release|Any CPU
		{E179EBDB-86AA-4E61-B3C6-78933FA2CAE7}.Ad-Hoc|iPhoneSimulator.ActiveCfg = Release|Any CPU
		{E179EBDB-86AA-4E61-B3C6-78933FA2CAE7}.Ad-Hoc|Mixed Platforms.ActiveCfg = Release|Any CPU
		{E179EBDB-86AA-4E61-B3C6-78933FA2CAE7}.Ad-Hoc|Mixed Platforms.Build.0 = Release|Any CPU
		{E179EBDB-86AA-4E61-B3C6-78933FA2CAE7}.Ad-Hoc|Mixed Platforms.Deploy.0 = Release|Any CPU
		{E179EBDB-86AA-4E61-B3C6-78933FA2CAE7}.Ad-Hoc|x86.ActiveCfg = Release|Any CPU
		{E179EBDB-86AA-4E61-B3C6-78933FA2CAE7}.AppStore|Any CPU.ActiveCfg = Release|Any CPU
		{E179EBDB-86AA-4E61-B3C6-78933FA2CAE7}.AppStore|Any CPU.Build.0 = Release|Any CPU
		{E179EBDB-86AA-4E61-B3C6-78933FA2CAE7}.AppStore|Any CPU.Deploy.0 = Release|Any CPU
		{E179EBDB-86AA-4E61-B3C6-78933FA2CAE7}.AppStore|ARM.ActiveCfg = Release|Any CPU
		{E179EBDB-86AA-4E61-B3C6-78933FA2CAE7}.AppStore|iPhone.ActiveCfg = Release|Any CPU
		{E179EBDB-86AA-4E61-B3C6-78933FA2CAE7}.AppStore|iPhoneSimulator.ActiveCfg = Release|Any CPU
		{E179EBDB-86AA-4E61-B3C6-78933FA2CAE7}.AppStore|Mixed Platforms.ActiveCfg = Release|Any CPU
		{E179EBDB-86AA-4E61-B3C6-78933FA2CAE7}.AppStore|Mixed Platforms.Build.0 = Release|Any CPU
		{E179EBDB-86AA-4E61-B3C6-78933FA2CAE7}.AppStore|Mixed Platforms.Deploy.0 = Release|Any CPU
		{E179EBDB-86AA-4E61-B3C6-78933FA2CAE7}.AppStore|x86.ActiveCfg = Release|Any CPU
		{E179EBDB-86AA-4E61-B3C6-78933FA2CAE7}.Debug|Any CPU.ActiveCfg = Debug|Any CPU
		{E179EBDB-86AA-4E61-B3C6-78933FA2CAE7}.Debug|Any CPU.Build.0 = Debug|Any CPU
		{E179EBDB-86AA-4E61-B3C6-78933FA2CAE7}.Debug|Any CPU.Deploy.0 = Debug|Any CPU
		{E179EBDB-86AA-4E61-B3C6-78933FA2CAE7}.Debug|ARM.ActiveCfg = Debug|Any CPU
		{E179EBDB-86AA-4E61-B3C6-78933FA2CAE7}.Debug|iPhone.ActiveCfg = Debug|Any CPU
		{E179EBDB-86AA-4E61-B3C6-78933FA2CAE7}.Debug|iPhoneSimulator.ActiveCfg = Debug|Any CPU
		{E179EBDB-86AA-4E61-B3C6-78933FA2CAE7}.Debug|Mixed Platforms.ActiveCfg = Debug|Any CPU
		{E179EBDB-86AA-4E61-B3C6-78933FA2CAE7}.Debug|Mixed Platforms.Build.0 = Debug|Any CPU
		{E179EBDB-86AA-4E61-B3C6-78933FA2CAE7}.Debug|Mixed Platforms.Deploy.0 = Debug|Any CPU
		{E179EBDB-86AA-4E61-B3C6-78933FA2CAE7}.Debug|x86.ActiveCfg = Debug|Any CPU
		{E179EBDB-86AA-4E61-B3C6-78933FA2CAE7}.Release|Any CPU.ActiveCfg = Release|Any CPU
		{E179EBDB-86AA-4E61-B3C6-78933FA2CAE7}.Release|Any CPU.Build.0 = Release|Any CPU
		{E179EBDB-86AA-4E61-B3C6-78933FA2CAE7}.Release|Any CPU.Deploy.0 = Release|Any CPU
		{E179EBDB-86AA-4E61-B3C6-78933FA2CAE7}.Release|ARM.ActiveCfg = Release|Any CPU
		{E179EBDB-86AA-4E61-B3C6-78933FA2CAE7}.Release|iPhone.ActiveCfg = Release|Any CPU
		{E179EBDB-86AA-4E61-B3C6-78933FA2CAE7}.Release|iPhoneSimulator.ActiveCfg = Release|Any CPU
		{E179EBDB-86AA-4E61-B3C6-78933FA2CAE7}.Release|Mixed Platforms.ActiveCfg = Release|Any CPU
		{E179EBDB-86AA-4E61-B3C6-78933FA2CAE7}.Release|Mixed Platforms.Build.0 = Release|Any CPU
		{E179EBDB-86AA-4E61-B3C6-78933FA2CAE7}.Release|Mixed Platforms.Deploy.0 = Release|Any CPU
		{E179EBDB-86AA-4E61-B3C6-78933FA2CAE7}.Release|x86.ActiveCfg = Release|Any CPU
		{4B325301-2E2A-41A0-9412-CA8FEE24CBE6}.Ad-Hoc|Any CPU.ActiveCfg = Release|Any CPU
		{4B325301-2E2A-41A0-9412-CA8FEE24CBE6}.Ad-Hoc|Any CPU.Build.0 = Release|Any CPU
		{4B325301-2E2A-41A0-9412-CA8FEE24CBE6}.Ad-Hoc|Any CPU.Deploy.0 = Release|Any CPU
		{4B325301-2E2A-41A0-9412-CA8FEE24CBE6}.Ad-Hoc|ARM.ActiveCfg = Release|ARM
		{4B325301-2E2A-41A0-9412-CA8FEE24CBE6}.Ad-Hoc|ARM.Build.0 = Release|ARM
		{4B325301-2E2A-41A0-9412-CA8FEE24CBE6}.Ad-Hoc|ARM.Deploy.0 = Release|ARM
		{4B325301-2E2A-41A0-9412-CA8FEE24CBE6}.Ad-Hoc|iPhone.ActiveCfg = Release|Any CPU
		{4B325301-2E2A-41A0-9412-CA8FEE24CBE6}.Ad-Hoc|iPhoneSimulator.ActiveCfg = Release|Any CPU
		{4B325301-2E2A-41A0-9412-CA8FEE24CBE6}.Ad-Hoc|Mixed Platforms.ActiveCfg = Release|x86
		{4B325301-2E2A-41A0-9412-CA8FEE24CBE6}.Ad-Hoc|Mixed Platforms.Build.0 = Release|x86
		{4B325301-2E2A-41A0-9412-CA8FEE24CBE6}.Ad-Hoc|Mixed Platforms.Deploy.0 = Release|x86
		{4B325301-2E2A-41A0-9412-CA8FEE24CBE6}.Ad-Hoc|x86.ActiveCfg = Release|x86
		{4B325301-2E2A-41A0-9412-CA8FEE24CBE6}.Ad-Hoc|x86.Build.0 = Release|x86
		{4B325301-2E2A-41A0-9412-CA8FEE24CBE6}.Ad-Hoc|x86.Deploy.0 = Release|x86
		{4B325301-2E2A-41A0-9412-CA8FEE24CBE6}.AppStore|Any CPU.ActiveCfg = Release|Any CPU
		{4B325301-2E2A-41A0-9412-CA8FEE24CBE6}.AppStore|Any CPU.Build.0 = Release|Any CPU
		{4B325301-2E2A-41A0-9412-CA8FEE24CBE6}.AppStore|Any CPU.Deploy.0 = Release|Any CPU
		{4B325301-2E2A-41A0-9412-CA8FEE24CBE6}.AppStore|ARM.ActiveCfg = Release|ARM
		{4B325301-2E2A-41A0-9412-CA8FEE24CBE6}.AppStore|ARM.Build.0 = Release|ARM
		{4B325301-2E2A-41A0-9412-CA8FEE24CBE6}.AppStore|ARM.Deploy.0 = Release|ARM
		{4B325301-2E2A-41A0-9412-CA8FEE24CBE6}.AppStore|iPhone.ActiveCfg = Release|Any CPU
		{4B325301-2E2A-41A0-9412-CA8FEE24CBE6}.AppStore|iPhoneSimulator.ActiveCfg = Release|Any CPU
		{4B325301-2E2A-41A0-9412-CA8FEE24CBE6}.AppStore|Mixed Platforms.ActiveCfg = Release|x86
		{4B325301-2E2A-41A0-9412-CA8FEE24CBE6}.AppStore|Mixed Platforms.Build.0 = Release|x86
		{4B325301-2E2A-41A0-9412-CA8FEE24CBE6}.AppStore|Mixed Platforms.Deploy.0 = Release|x86
		{4B325301-2E2A-41A0-9412-CA8FEE24CBE6}.AppStore|x86.ActiveCfg = Release|x86
		{4B325301-2E2A-41A0-9412-CA8FEE24CBE6}.AppStore|x86.Build.0 = Release|x86
		{4B325301-2E2A-41A0-9412-CA8FEE24CBE6}.AppStore|x86.Deploy.0 = Release|x86
		{4B325301-2E2A-41A0-9412-CA8FEE24CBE6}.Debug|Any CPU.ActiveCfg = Debug|Any CPU
		{4B325301-2E2A-41A0-9412-CA8FEE24CBE6}.Debug|Any CPU.Build.0 = Debug|Any CPU
		{4B325301-2E2A-41A0-9412-CA8FEE24CBE6}.Debug|Any CPU.Deploy.0 = Debug|Any CPU
		{4B325301-2E2A-41A0-9412-CA8FEE24CBE6}.Debug|ARM.ActiveCfg = Debug|ARM
		{4B325301-2E2A-41A0-9412-CA8FEE24CBE6}.Debug|ARM.Build.0 = Debug|ARM
		{4B325301-2E2A-41A0-9412-CA8FEE24CBE6}.Debug|ARM.Deploy.0 = Debug|ARM
		{4B325301-2E2A-41A0-9412-CA8FEE24CBE6}.Debug|iPhone.ActiveCfg = Debug|Any CPU
		{4B325301-2E2A-41A0-9412-CA8FEE24CBE6}.Debug|iPhoneSimulator.ActiveCfg = Debug|Any CPU
		{4B325301-2E2A-41A0-9412-CA8FEE24CBE6}.Debug|Mixed Platforms.ActiveCfg = Debug|x86
		{4B325301-2E2A-41A0-9412-CA8FEE24CBE6}.Debug|Mixed Platforms.Build.0 = Debug|x86
		{4B325301-2E2A-41A0-9412-CA8FEE24CBE6}.Debug|Mixed Platforms.Deploy.0 = Debug|x86
		{4B325301-2E2A-41A0-9412-CA8FEE24CBE6}.Debug|x86.ActiveCfg = Debug|x86
		{4B325301-2E2A-41A0-9412-CA8FEE24CBE6}.Debug|x86.Build.0 = Debug|x86
		{4B325301-2E2A-41A0-9412-CA8FEE24CBE6}.Debug|x86.Deploy.0 = Debug|x86
		{4B325301-2E2A-41A0-9412-CA8FEE24CBE6}.Release|Any CPU.ActiveCfg = Release|Any CPU
		{4B325301-2E2A-41A0-9412-CA8FEE24CBE6}.Release|Any CPU.Build.0 = Release|Any CPU
		{4B325301-2E2A-41A0-9412-CA8FEE24CBE6}.Release|Any CPU.Deploy.0 = Release|Any CPU
		{4B325301-2E2A-41A0-9412-CA8FEE24CBE6}.Release|ARM.ActiveCfg = Release|ARM
		{4B325301-2E2A-41A0-9412-CA8FEE24CBE6}.Release|ARM.Build.0 = Release|ARM
		{4B325301-2E2A-41A0-9412-CA8FEE24CBE6}.Release|ARM.Deploy.0 = Release|ARM
		{4B325301-2E2A-41A0-9412-CA8FEE24CBE6}.Release|iPhone.ActiveCfg = Release|Any CPU
		{4B325301-2E2A-41A0-9412-CA8FEE24CBE6}.Release|iPhoneSimulator.ActiveCfg = Release|Any CPU
		{4B325301-2E2A-41A0-9412-CA8FEE24CBE6}.Release|Mixed Platforms.ActiveCfg = Release|x86
		{4B325301-2E2A-41A0-9412-CA8FEE24CBE6}.Release|Mixed Platforms.Build.0 = Release|x86
		{4B325301-2E2A-41A0-9412-CA8FEE24CBE6}.Release|Mixed Platforms.Deploy.0 = Release|x86
		{4B325301-2E2A-41A0-9412-CA8FEE24CBE6}.Release|x86.ActiveCfg = Release|x86
		{4B325301-2E2A-41A0-9412-CA8FEE24CBE6}.Release|x86.Build.0 = Release|x86
		{4B325301-2E2A-41A0-9412-CA8FEE24CBE6}.Release|x86.Deploy.0 = Release|x86
	EndGlobalSection
	GlobalSection(SolutionProperties) = preSolution
		HideSolutionNode = FALSE
	EndGlobalSection
EndGlobal
