
Microsoft Visual Studio Solution File, Format Version 12.00
# Visual Studio 2013
VisualStudioVersion = 12.0.31101.0
MinimumVisualStudioVersion = 10.0.40219.1
Project("{FAE04EC0-301F-11D3-BF4B-00C04F79EFBC}") = "ButtonLogger", "ButtonLogger\ButtonLogger\ButtonLogger.csproj", "{B5475422-D0A3-418B-B921-265F6C3302C6}"
EndProject
Project("{FAE04EC0-301F-11D3-BF4B-00C04F79EFBC}") = "ButtonLogger.iOS", "ButtonLogger\ButtonLogger.iOS\ButtonLogger.iOS.csproj", "{2A8098F5-A3F9-451E-8662-F2EF4562C840}"
EndProject
Project("{FAE04EC0-301F-11D3-BF4B-00C04F79EFBC}") = "ButtonLogger.Droid", "ButtonLogger\ButtonLogger.Droid\ButtonLogger.Droid.csproj", "{8CF6D05D-A3EB-42B5-BAD9-FEBB569AA2ED}"
EndProject
Project("{FAE04EC0-301F-11D3-BF4B-00C04F79EFBC}") = "ButtonLogger.WinPhone", "ButtonLogger\ButtonLogger.WinPhone\ButtonLogger.WinPhone.csproj", "{EBE5AD53-6808-414C-AAE5-840E9772503B}"
EndProject
Global
	GlobalSection(SolutionConfigurationPlatforms) = preSolution
		Ad-Hoc|Any CPU = Ad-Hoc|Any CPU
		Ad-Hoc|ARM = Ad-Hoc|ARM
		Ad-Hoc|iPhone = Ad-Hoc|iPhone
		Ad-Hoc|iPhoneSimulator = Ad-Hoc|iPhoneSimulator
		Ad-Hoc|Mixed Platforms = Ad-Hoc|Mixed Platforms
		Ad-Hoc|x86 = Ad-Hoc|x86
		AppStore|Any CPU = AppStore|Any CPU
		AppStore|ARM = AppStore|ARM
		AppStore|iPhone = AppStore|iPhone
		AppStore|iPhoneSimulator = AppStore|iPhoneSimulator
		AppStore|Mixed Platforms = AppStore|Mixed Platforms
		AppStore|x86 = AppStore|x86
		Debug|Any CPU = Debug|Any CPU
		Debug|ARM = Debug|ARM
		Debug|iPhone = Debug|iPhone
		Debug|iPhoneSimulator = Debug|iPhoneSimulator
		Debug|Mixed Platforms = Debug|Mixed Platforms
		Debug|x86 = Debug|x86
		Release|Any CPU = Release|Any CPU
		Release|ARM = Release|ARM
		Release|iPhone = Release|iPhone
		Release|iPhoneSimulator = Release|iPhoneSimulator
		Release|Mixed Platforms = Release|Mixed Platforms
		Release|x86 = Release|x86
	EndGlobalSection
	GlobalSection(ProjectConfigurationPlatforms) = postSolution
		{B5475422-D0A3-418B-B921-265F6C3302C6}.Ad-Hoc|Any CPU.ActiveCfg = Release|Any CPU
		{B5475422-D0A3-418B-B921-265F6C3302C6}.Ad-Hoc|Any CPU.Build.0 = Release|Any CPU
		{B5475422-D0A3-418B-B921-265F6C3302C6}.Ad-Hoc|ARM.ActiveCfg = Release|Any CPU
		{B5475422-D0A3-418B-B921-265F6C3302C6}.Ad-Hoc|iPhone.ActiveCfg = Release|Any CPU
		{B5475422-D0A3-418B-B921-265F6C3302C6}.Ad-Hoc|iPhoneSimulator.ActiveCfg = Release|Any CPU
		{B5475422-D0A3-418B-B921-265F6C3302C6}.Ad-Hoc|Mixed Platforms.ActiveCfg = Release|Any CPU
		{B5475422-D0A3-418B-B921-265F6C3302C6}.Ad-Hoc|Mixed Platforms.Build.0 = Release|Any CPU
		{B5475422-D0A3-418B-B921-265F6C3302C6}.Ad-Hoc|x86.ActiveCfg = Release|Any CPU
		{B5475422-D0A3-418B-B921-265F6C3302C6}.AppStore|Any CPU.ActiveCfg = Release|Any CPU
		{B5475422-D0A3-418B-B921-265F6C3302C6}.AppStore|Any CPU.Build.0 = Release|Any CPU
		{B5475422-D0A3-418B-B921-265F6C3302C6}.AppStore|ARM.ActiveCfg = Release|Any CPU
		{B5475422-D0A3-418B-B921-265F6C3302C6}.AppStore|iPhone.ActiveCfg = Release|Any CPU
		{B5475422-D0A3-418B-B921-265F6C3302C6}.AppStore|iPhoneSimulator.ActiveCfg = Release|Any CPU
		{B5475422-D0A3-418B-B921-265F6C3302C6}.AppStore|Mixed Platforms.ActiveCfg = Release|Any CPU
		{B5475422-D0A3-418B-B921-265F6C3302C6}.AppStore|Mixed Platforms.Build.0 = Release|Any CPU
		{B5475422-D0A3-418B-B921-265F6C3302C6}.AppStore|x86.ActiveCfg = Release|Any CPU
		{B5475422-D0A3-418B-B921-265F6C3302C6}.Debug|Any CPU.ActiveCfg = Debug|Any CPU
		{B5475422-D0A3-418B-B921-265F6C3302C6}.Debug|Any CPU.Build.0 = Debug|Any CPU
		{B5475422-D0A3-418B-B921-265F6C3302C6}.Debug|ARM.ActiveCfg = Debug|Any CPU
		{B5475422-D0A3-418B-B921-265F6C3302C6}.Debug|iPhone.ActiveCfg = Debug|Any CPU
		{B5475422-D0A3-418B-B921-265F6C3302C6}.Debug|iPhoneSimulator.ActiveCfg = Debug|Any CPU
		{B5475422-D0A3-418B-B921-265F6C3302C6}.Debug|Mixed Platforms.ActiveCfg = Debug|Any CPU
		{B5475422-D0A3-418B-B921-265F6C3302C6}.Debug|Mixed Platforms.Build.0 = Debug|Any CPU
		{B5475422-D0A3-418B-B921-265F6C3302C6}.Debug|x86.ActiveCfg = Debug|Any CPU
		{B5475422-D0A3-418B-B921-265F6C3302C6}.Release|Any CPU.ActiveCfg = Release|Any CPU
		{B5475422-D0A3-418B-B921-265F6C3302C6}.Release|Any CPU.Build.0 = Release|Any CPU
		{B5475422-D0A3-418B-B921-265F6C3302C6}.Release|ARM.ActiveCfg = Release|Any CPU
		{B5475422-D0A3-418B-B921-265F6C3302C6}.Release|iPhone.ActiveCfg = Release|Any CPU
		{B5475422-D0A3-418B-B921-265F6C3302C6}.Release|iPhoneSimulator.ActiveCfg = Release|Any CPU
		{B5475422-D0A3-418B-B921-265F6C3302C6}.Release|Mixed Platforms.ActiveCfg = Release|Any CPU
		{B5475422-D0A3-418B-B921-265F6C3302C6}.Release|Mixed Platforms.Build.0 = Release|Any CPU
		{B5475422-D0A3-418B-B921-265F6C3302C6}.Release|x86.ActiveCfg = Release|Any CPU
		{2A8098F5-A3F9-451E-8662-F2EF4562C840}.Ad-Hoc|Any CPU.ActiveCfg = Ad-Hoc|iPhone
		{2A8098F5-A3F9-451E-8662-F2EF4562C840}.Ad-Hoc|ARM.ActiveCfg = Ad-Hoc|iPhone
		{2A8098F5-A3F9-451E-8662-F2EF4562C840}.Ad-Hoc|iPhone.ActiveCfg = Ad-Hoc|iPhone
		{2A8098F5-A3F9-451E-8662-F2EF4562C840}.Ad-Hoc|iPhone.Build.0 = Ad-Hoc|iPhone
		{2A8098F5-A3F9-451E-8662-F2EF4562C840}.Ad-Hoc|iPhoneSimulator.ActiveCfg = Ad-Hoc|iPhoneSimulator
		{2A8098F5-A3F9-451E-8662-F2EF4562C840}.Ad-Hoc|iPhoneSimulator.Build.0 = Ad-Hoc|iPhoneSimulator
		{2A8098F5-A3F9-451E-8662-F2EF4562C840}.Ad-Hoc|Mixed Platforms.ActiveCfg = Ad-Hoc|iPhone
		{2A8098F5-A3F9-451E-8662-F2EF4562C840}.Ad-Hoc|Mixed Platforms.Build.0 = Ad-Hoc|iPhone
		{2A8098F5-A3F9-451E-8662-F2EF4562C840}.Ad-Hoc|x86.ActiveCfg = Ad-Hoc|iPhone
		{2A8098F5-A3F9-451E-8662-F2EF4562C840}.AppStore|Any CPU.ActiveCfg = AppStore|iPhone
		{2A8098F5-A3F9-451E-8662-F2EF4562C840}.AppStore|ARM.ActiveCfg = AppStore|iPhone
		{2A8098F5-A3F9-451E-8662-F2EF4562C840}.AppStore|iPhone.ActiveCfg = AppStore|iPhone
		{2A8098F5-A3F9-451E-8662-F2EF4562C840}.AppStore|iPhone.Build.0 = AppStore|iPhone
		{2A8098F5-A3F9-451E-8662-F2EF4562C840}.AppStore|iPhoneSimulator.ActiveCfg = AppStore|iPhoneSimulator
		{2A8098F5-A3F9-451E-8662-F2EF4562C840}.AppStore|iPhoneSimulator.Build.0 = AppStore|iPhoneSimulator
		{2A8098F5-A3F9-451E-8662-F2EF4562C840}.AppStore|Mixed Platforms.ActiveCfg = AppStore|iPhone
		{2A8098F5-A3F9-451E-8662-F2EF4562C840}.AppStore|Mixed Platforms.Build.0 = AppStore|iPhone
		{2A8098F5-A3F9-451E-8662-F2EF4562C840}.AppStore|x86.ActiveCfg = AppStore|iPhone
		{2A8098F5-A3F9-451E-8662-F2EF4562C840}.Debug|Any CPU.ActiveCfg = Debug|iPhone
		{2A8098F5-A3F9-451E-8662-F2EF4562C840}.Debug|ARM.ActiveCfg = Debug|iPhone
		{2A8098F5-A3F9-451E-8662-F2EF4562C840}.Debug|iPhone.ActiveCfg = Debug|iPhone
		{2A8098F5-A3F9-451E-8662-F2EF4562C840}.Debug|iPhone.Build.0 = Debug|iPhone
		{2A8098F5-A3F9-451E-8662-F2EF4562C840}.Debug|iPhoneSimulator.ActiveCfg = Debug|iPhoneSimulator
		{2A8098F5-A3F9-451E-8662-F2EF4562C840}.Debug|iPhoneSimulator.Build.0 = Debug|iPhoneSimulator
		{2A8098F5-A3F9-451E-8662-F2EF4562C840}.Debug|Mixed Platforms.ActiveCfg = Debug|iPhone
		{2A8098F5-A3F9-451E-8662-F2EF4562C840}.Debug|Mixed Platforms.Build.0 = Debug|iPhone
		{2A8098F5-A3F9-451E-8662-F2EF4562C840}.Debug|x86.ActiveCfg = Debug|iPhone
		{2A8098F5-A3F9-451E-8662-F2EF4562C840}.Release|Any CPU.ActiveCfg = Release|iPhone
		{2A8098F5-A3F9-451E-8662-F2EF4562C840}.Release|ARM.ActiveCfg = Release|iPhone
		{2A8098F5-A3F9-451E-8662-F2EF4562C840}.Release|iPhone.ActiveCfg = Release|iPhone
		{2A8098F5-A3F9-451E-8662-F2EF4562C840}.Release|iPhone.Build.0 = Release|iPhone
		{2A8098F5-A3F9-451E-8662-F2EF4562C840}.Release|iPhoneSimulator.ActiveCfg = Release|iPhoneSimulator
		{2A8098F5-A3F9-451E-8662-F2EF4562C840}.Release|iPhoneSimulator.Build.0 = Release|iPhoneSimulator
		{2A8098F5-A3F9-451E-8662-F2EF4562C840}.Release|Mixed Platforms.ActiveCfg = Release|iPhone
		{2A8098F5-A3F9-451E-8662-F2EF4562C840}.Release|Mixed Platforms.Build.0 = Release|iPhone
		{2A8098F5-A3F9-451E-8662-F2EF4562C840}.Release|x86.ActiveCfg = Release|iPhone
		{8CF6D05D-A3EB-42B5-BAD9-FEBB569AA2ED}.Ad-Hoc|Any CPU.ActiveCfg = Release|Any CPU
		{8CF6D05D-A3EB-42B5-BAD9-FEBB569AA2ED}.Ad-Hoc|Any CPU.Build.0 = Release|Any CPU
		{8CF6D05D-A3EB-42B5-BAD9-FEBB569AA2ED}.Ad-Hoc|Any CPU.Deploy.0 = Release|Any CPU
		{8CF6D05D-A3EB-42B5-BAD9-FEBB569AA2ED}.Ad-Hoc|ARM.ActiveCfg = Release|Any CPU
		{8CF6D05D-A3EB-42B5-BAD9-FEBB569AA2ED}.Ad-Hoc|iPhone.ActiveCfg = Release|Any CPU
		{8CF6D05D-A3EB-42B5-BAD9-FEBB569AA2ED}.Ad-Hoc|iPhoneSimulator.ActiveCfg = Release|Any CPU
		{8CF6D05D-A3EB-42B5-BAD9-FEBB569AA2ED}.Ad-Hoc|Mixed Platforms.ActiveCfg = Release|Any CPU
		{8CF6D05D-A3EB-42B5-BAD9-FEBB569AA2ED}.Ad-Hoc|Mixed Platforms.Build.0 = Release|Any CPU
		{8CF6D05D-A3EB-42B5-BAD9-FEBB569AA2ED}.Ad-Hoc|Mixed Platforms.Deploy.0 = Release|Any CPU
		{8CF6D05D-A3EB-42B5-BAD9-FEBB569AA2ED}.Ad-Hoc|x86.ActiveCfg = Release|Any CPU
		{8CF6D05D-A3EB-42B5-BAD9-FEBB569AA2ED}.AppStore|Any CPU.ActiveCfg = Release|Any CPU
		{8CF6D05D-A3EB-42B5-BAD9-FEBB569AA2ED}.AppStore|Any CPU.Build.0 = Release|Any CPU
		{8CF6D05D-A3EB-42B5-BAD9-FEBB569AA2ED}.AppStore|Any CPU.Deploy.0 = Release|Any CPU
		{8CF6D05D-A3EB-42B5-BAD9-FEBB569AA2ED}.AppStore|ARM.ActiveCfg = Release|Any CPU
		{8CF6D05D-A3EB-42B5-BAD9-FEBB569AA2ED}.AppStore|iPhone.ActiveCfg = Release|Any CPU
		{8CF6D05D-A3EB-42B5-BAD9-FEBB569AA2ED}.AppStore|iPhoneSimulator.ActiveCfg = Release|Any CPU
		{8CF6D05D-A3EB-42B5-BAD9-FEBB569AA2ED}.AppStore|Mixed Platforms.ActiveCfg = Release|Any CPU
		{8CF6D05D-A3EB-42B5-BAD9-FEBB569AA2ED}.AppStore|Mixed Platforms.Build.0 = Release|Any CPU
		{8CF6D05D-A3EB-42B5-BAD9-FEBB569AA2ED}.AppStore|Mixed Platforms.Deploy.0 = Release|Any CPU
		{8CF6D05D-A3EB-42B5-BAD9-FEBB569AA2ED}.AppStore|x86.ActiveCfg = Release|Any CPU
		{8CF6D05D-A3EB-42B5-BAD9-FEBB569AA2ED}.Debug|Any CPU.ActiveCfg = Debug|Any CPU
		{8CF6D05D-A3EB-42B5-BAD9-FEBB569AA2ED}.Debug|Any CPU.Build.0 = Debug|Any CPU
		{8CF6D05D-A3EB-42B5-BAD9-FEBB569AA2ED}.Debug|Any CPU.Deploy.0 = Debug|Any CPU
		{8CF6D05D-A3EB-42B5-BAD9-FEBB569AA2ED}.Debug|ARM.ActiveCfg = Debug|Any CPU
		{8CF6D05D-A3EB-42B5-BAD9-FEBB569AA2ED}.Debug|iPhone.ActiveCfg = Debug|Any CPU
		{8CF6D05D-A3EB-42B5-BAD9-FEBB569AA2ED}.Debug|iPhoneSimulator.ActiveCfg = Debug|Any CPU
		{8CF6D05D-A3EB-42B5-BAD9-FEBB569AA2ED}.Debug|Mixed Platforms.ActiveCfg = Debug|Any CPU
		{8CF6D05D-A3EB-42B5-BAD9-FEBB569AA2ED}.Debug|Mixed Platforms.Build.0 = Debug|Any CPU
		{8CF6D05D-A3EB-42B5-BAD9-FEBB569AA2ED}.Debug|Mixed Platforms.Deploy.0 = Debug|Any CPU
		{8CF6D05D-A3EB-42B5-BAD9-FEBB569AA2ED}.Debug|x86.ActiveCfg = Debug|Any CPU
		{8CF6D05D-A3EB-42B5-BAD9-FEBB569AA2ED}.Release|Any CPU.ActiveCfg = Release|Any CPU
		{8CF6D05D-A3EB-42B5-BAD9-FEBB569AA2ED}.Release|Any CPU.Build.0 = Release|Any CPU
		{8CF6D05D-A3EB-42B5-BAD9-FEBB569AA2ED}.Release|Any CPU.Deploy.0 = Release|Any CPU
		{8CF6D05D-A3EB-42B5-BAD9-FEBB569AA2ED}.Release|ARM.ActiveCfg = Release|Any CPU
		{8CF6D05D-A3EB-42B5-BAD9-FEBB569AA2ED}.Release|iPhone.ActiveCfg = Release|Any CPU
		{8CF6D05D-A3EB-42B5-BAD9-FEBB569AA2ED}.Release|iPhoneSimulator.ActiveCfg = Release|Any CPU
		{8CF6D05D-A3EB-42B5-BAD9-FEBB569AA2ED}.Release|Mixed Platforms.ActiveCfg = Release|Any CPU
		{8CF6D05D-A3EB-42B5-BAD9-FEBB569AA2ED}.Release|Mixed Platforms.Build.0 = Release|Any CPU
		{8CF6D05D-A3EB-42B5-BAD9-FEBB569AA2ED}.Release|Mixed Platforms.Deploy.0 = Release|Any CPU
		{8CF6D05D-A3EB-42B5-BAD9-FEBB569AA2ED}.Release|x86.ActiveCfg = Release|Any CPU
		{EBE5AD53-6808-414C-AAE5-840E9772503B}.Ad-Hoc|Any CPU.ActiveCfg = Release|Any CPU
		{EBE5AD53-6808-414C-AAE5-840E9772503B}.Ad-Hoc|Any CPU.Build.0 = Release|Any CPU
		{EBE5AD53-6808-414C-AAE5-840E9772503B}.Ad-Hoc|Any CPU.Deploy.0 = Release|Any CPU
		{EBE5AD53-6808-414C-AAE5-840E9772503B}.Ad-Hoc|ARM.ActiveCfg = Release|ARM
		{EBE5AD53-6808-414C-AAE5-840E9772503B}.Ad-Hoc|ARM.Build.0 = Release|ARM
		{EBE5AD53-6808-414C-AAE5-840E9772503B}.Ad-Hoc|ARM.Deploy.0 = Release|ARM
		{EBE5AD53-6808-414C-AAE5-840E9772503B}.Ad-Hoc|iPhone.ActiveCfg = Release|Any CPU
		{EBE5AD53-6808-414C-AAE5-840E9772503B}.Ad-Hoc|iPhoneSimulator.ActiveCfg = Release|Any CPU
		{EBE5AD53-6808-414C-AAE5-840E9772503B}.Ad-Hoc|Mixed Platforms.ActiveCfg = Release|x86
		{EBE5AD53-6808-414C-AAE5-840E9772503B}.Ad-Hoc|Mixed Platforms.Build.0 = Release|x86
		{EBE5AD53-6808-414C-AAE5-840E9772503B}.Ad-Hoc|Mixed Platforms.Deploy.0 = Release|x86
		{EBE5AD53-6808-414C-AAE5-840E9772503B}.Ad-Hoc|x86.ActiveCfg = Release|x86
		{EBE5AD53-6808-414C-AAE5-840E9772503B}.Ad-Hoc|x86.Build.0 = Release|x86
		{EBE5AD53-6808-414C-AAE5-840E9772503B}.Ad-Hoc|x86.Deploy.0 = Release|x86
		{EBE5AD53-6808-414C-AAE5-840E9772503B}.AppStore|Any CPU.ActiveCfg = Release|Any CPU
		{EBE5AD53-6808-414C-AAE5-840E9772503B}.AppStore|Any CPU.Build.0 = Release|Any CPU
		{EBE5AD53-6808-414C-AAE5-840E9772503B}.AppStore|Any CPU.Deploy.0 = Release|Any CPU
		{EBE5AD53-6808-414C-AAE5-840E9772503B}.AppStore|ARM.ActiveCfg = Release|ARM
		{EBE5AD53-6808-414C-AAE5-840E9772503B}.AppStore|ARM.Build.0 = Release|ARM
		{EBE5AD53-6808-414C-AAE5-840E9772503B}.AppStore|ARM.Deploy.0 = Release|ARM
		{EBE5AD53-6808-414C-AAE5-840E9772503B}.AppStore|iPhone.ActiveCfg = Release|Any CPU
		{EBE5AD53-6808-414C-AAE5-840E9772503B}.AppStore|iPhoneSimulator.ActiveCfg = Release|Any CPU
		{EBE5AD53-6808-414C-AAE5-840E9772503B}.AppStore|Mixed Platforms.ActiveCfg = Release|x86
		{EBE5AD53-6808-414C-AAE5-840E9772503B}.AppStore|Mixed Platforms.Build.0 = Release|x86
		{EBE5AD53-6808-414C-AAE5-840E9772503B}.AppStore|Mixed Platforms.Deploy.0 = Release|x86
		{EBE5AD53-6808-414C-AAE5-840E9772503B}.AppStore|x86.ActiveCfg = Release|x86
		{EBE5AD53-6808-414C-AAE5-840E9772503B}.AppStore|x86.Build.0 = Release|x86
		{EBE5AD53-6808-414C-AAE5-840E9772503B}.AppStore|x86.Deploy.0 = Release|x86
		{EBE5AD53-6808-414C-AAE5-840E9772503B}.Debug|Any CPU.ActiveCfg = Debug|Any CPU
		{EBE5AD53-6808-414C-AAE5-840E9772503B}.Debug|Any CPU.Build.0 = Debug|Any CPU
		{EBE5AD53-6808-414C-AAE5-840E9772503B}.Debug|Any CPU.Deploy.0 = Debug|Any CPU
		{EBE5AD53-6808-414C-AAE5-840E9772503B}.Debug|ARM.ActiveCfg = Debug|ARM
		{EBE5AD53-6808-414C-AAE5-840E9772503B}.Debug|ARM.Build.0 = Debug|ARM
		{EBE5AD53-6808-414C-AAE5-840E9772503B}.Debug|ARM.Deploy.0 = Debug|ARM
		{EBE5AD53-6808-414C-AAE5-840E9772503B}.Debug|iPhone.ActiveCfg = Debug|Any CPU
		{EBE5AD53-6808-414C-AAE5-840E9772503B}.Debug|iPhoneSimulator.ActiveCfg = Debug|Any CPU
		{EBE5AD53-6808-414C-AAE5-840E9772503B}.Debug|Mixed Platforms.ActiveCfg = Debug|x86
		{EBE5AD53-6808-414C-AAE5-840E9772503B}.Debug|Mixed Platforms.Build.0 = Debug|x86
		{EBE5AD53-6808-414C-AAE5-840E9772503B}.Debug|Mixed Platforms.Deploy.0 = Debug|x86
		{EBE5AD53-6808-414C-AAE5-840E9772503B}.Debug|x86.ActiveCfg = Debug|x86
		{EBE5AD53-6808-414C-AAE5-840E9772503B}.Debug|x86.Build.0 = Debug|x86
		{EBE5AD53-6808-414C-AAE5-840E9772503B}.Debug|x86.Deploy.0 = Debug|x86
		{EBE5AD53-6808-414C-AAE5-840E9772503B}.Release|Any CPU.ActiveCfg = Release|Any CPU
		{EBE5AD53-6808-414C-AAE5-840E9772503B}.Release|Any CPU.Build.0 = Release|Any CPU
		{EBE5AD53-6808-414C-AAE5-840E9772503B}.Release|Any CPU.Deploy.0 = Release|Any CPU
		{EBE5AD53-6808-414C-AAE5-840E9772503B}.Release|ARM.ActiveCfg = Release|ARM
		{EBE5AD53-6808-414C-AAE5-840E9772503B}.Release|ARM.Build.0 = Release|ARM
		{EBE5AD53-6808-414C-AAE5-840E9772503B}.Release|ARM.Deploy.0 = Release|ARM
		{EBE5AD53-6808-414C-AAE5-840E9772503B}.Release|iPhone.ActiveCfg = Release|Any CPU
		{EBE5AD53-6808-414C-AAE5-840E9772503B}.Release|iPhoneSimulator.ActiveCfg = Release|Any CPU
		{EBE5AD53-6808-414C-AAE5-840E9772503B}.Release|Mixed Platforms.ActiveCfg = Release|x86
		{EBE5AD53-6808-414C-AAE5-840E9772503B}.Release|Mixed Platforms.Build.0 = Release|x86
		{EBE5AD53-6808-414C-AAE5-840E9772503B}.Release|Mixed Platforms.Deploy.0 = Release|x86
		{EBE5AD53-6808-414C-AAE5-840E9772503B}.Release|x86.ActiveCfg = Release|x86
		{EBE5AD53-6808-414C-AAE5-840E9772503B}.Release|x86.Build.0 = Release|x86
		{EBE5AD53-6808-414C-AAE5-840E9772503B}.Release|x86.Deploy.0 = Release|x86
	EndGlobalSection
	GlobalSection(SolutionProperties) = preSolution
		HideSolutionNode = FALSE
	EndGlobalSection
EndGlobal
