
Microsoft Visual Studio Solution File, Format Version 12.00
# Visual Studio 2013
VisualStudioVersion = 12.0.31101.0
MinimumVisualStudioVersion = 10.0.40219.1
Project("{D954291E-2A0B-460D-934E-DC6B0785DB48}") = "DisplayPlatformInfoSap1", "DisplayPlatformInfoSap1\DisplayPlatformInfoSap1\DisplayPlatformInfoSap1.shproj", "{2D44627B-6FCB-401B-BF31-5382D9D2A1E2}"
EndProject
Project("{FAE04EC0-301F-11D3-BF4B-00C04F79EFBC}") = "DisplayPlatformInfoSap1.WinPhone", "DisplayPlatformInfoSap1\DisplayPlatformInfoSap1.WinPhone\DisplayPlatformInfoSap1.WinPhone.csproj", "{4A7B7FDD-CD1B-458A-B746-F7CB30BA2DAE}"
EndProject
Project("{FAE04EC0-301F-11D3-BF4B-00C04F79EFBC}") = "DisplayPlatformInfoSap1.iOS", "DisplayPlatformInfoSap1\DisplayPlatformInfoSap1.iOS\DisplayPlatformInfoSap1.iOS.csproj", "{56902A4C-5A2D-4BD9-8D12-839E40BE26CE}"
EndProject
Project("{FAE04EC0-301F-11D3-BF4B-00C04F79EFBC}") = "DisplayPlatformInfoSap1.Droid", "DisplayPlatformInfoSap1\DisplayPlatformInfoSap1.Droid\DisplayPlatformInfoSap1.Droid.csproj", "{E6C0A0EB-EA0D-440A-BE3D-8FBE53094430}"
EndProject
Global
	GlobalSection(SharedMSBuildProjectFiles) = preSolution
		DisplayPlatformInfoSap1\DisplayPlatformInfoSap1\DisplayPlatformInfoSap1.projitems*{e6c0a0eb-ea0d-440a-be3d-8fbe53094430}*SharedItemsImports = 4
		DisplayPlatformInfoSap1\DisplayPlatformInfoSap1\DisplayPlatformInfoSap1.projitems*{56902a4c-5a2d-4bd9-8d12-839e40be26ce}*SharedItemsImports = 4
		DisplayPlatformInfoSap1\DisplayPlatformInfoSap1\DisplayPlatformInfoSap1.projitems*{2d44627b-6fcb-401b-bf31-5382d9d2a1e2}*SharedItemsImports = 13
		DisplayPlatformInfoSap1\DisplayPlatformInfoSap1\DisplayPlatformInfoSap1.projitems*{4a7b7fdd-cd1b-458a-b746-f7cb30ba2dae}*SharedItemsImports = 4
	EndGlobalSection
	GlobalSection(SolutionConfigurationPlatforms) = preSolution
		Ad-Hoc|Any CPU = Ad-Hoc|Any CPU
		Ad-Hoc|ARM = Ad-Hoc|ARM
		Ad-Hoc|iPhone = Ad-Hoc|iPhone
		Ad-Hoc|iPhoneSimulator = Ad-Hoc|iPhoneSimulator
		Ad-Hoc|Mixed Platforms = Ad-Hoc|Mixed Platforms
		Ad-Hoc|x86 = Ad-Hoc|x86
		AppStore|Any CPU = AppStore|Any CPU
		AppStore|ARM = AppStore|ARM
		AppStore|iPhone = AppStore|iPhone
		AppStore|iPhoneSimulator = AppStore|iPhoneSimulator
		AppStore|Mixed Platforms = AppStore|Mixed Platforms
		AppStore|x86 = AppStore|x86
		Debug|Any CPU = Debug|Any CPU
		Debug|ARM = Debug|ARM
		Debug|iPhone = Debug|iPhone
		Debug|iPhoneSimulator = Debug|iPhoneSimulator
		Debug|Mixed Platforms = Debug|Mixed Platforms
		Debug|x86 = Debug|x86
		Release|Any CPU = Release|Any CPU
		Release|ARM = Release|ARM
		Release|iPhone = Release|iPhone
		Release|iPhoneSimulator = Release|iPhoneSimulator
		Release|Mixed Platforms = Release|Mixed Platforms
		Release|x86 = Release|x86
	EndGlobalSection
	GlobalSection(ProjectConfigurationPlatforms) = postSolution
		{4A7B7FDD-CD1B-458A-B746-F7CB30BA2DAE}.Ad-Hoc|Any CPU.ActiveCfg = Release|Any CPU
		{4A7B7FDD-CD1B-458A-B746-F7CB30BA2DAE}.Ad-Hoc|Any CPU.Build.0 = Release|Any CPU
		{4A7B7FDD-CD1B-458A-B746-F7CB30BA2DAE}.Ad-Hoc|Any CPU.Deploy.0 = Release|Any CPU
		{4A7B7FDD-CD1B-458A-B746-F7CB30BA2DAE}.Ad-Hoc|ARM.ActiveCfg = Release|ARM
		{4A7B7FDD-CD1B-458A-B746-F7CB30BA2DAE}.Ad-Hoc|ARM.Build.0 = Release|ARM
		{4A7B7FDD-CD1B-458A-B746-F7CB30BA2DAE}.Ad-Hoc|ARM.Deploy.0 = Release|ARM
		{4A7B7FDD-CD1B-458A-B746-F7CB30BA2DAE}.Ad-Hoc|iPhone.ActiveCfg = Release|Any CPU
		{4A7B7FDD-CD1B-458A-B746-F7CB30BA2DAE}.Ad-Hoc|iPhoneSimulator.ActiveCfg = Release|Any CPU
		{4A7B7FDD-CD1B-458A-B746-F7CB30BA2DAE}.Ad-Hoc|Mixed Platforms.ActiveCfg = Release|x86
		{4A7B7FDD-CD1B-458A-B746-F7CB30BA2DAE}.Ad-Hoc|Mixed Platforms.Build.0 = Release|x86
		{4A7B7FDD-CD1B-458A-B746-F7CB30BA2DAE}.Ad-Hoc|Mixed Platforms.Deploy.0 = Release|x86
		{4A7B7FDD-CD1B-458A-B746-F7CB30BA2DAE}.Ad-Hoc|x86.ActiveCfg = Release|x86
		{4A7B7FDD-CD1B-458A-B746-F7CB30BA2DAE}.Ad-Hoc|x86.Build.0 = Release|x86
		{4A7B7FDD-CD1B-458A-B746-F7CB30BA2DAE}.Ad-Hoc|x86.Deploy.0 = Release|x86
		{4A7B7FDD-CD1B-458A-B746-F7CB30BA2DAE}.AppStore|Any CPU.ActiveCfg = Release|Any CPU
		{4A7B7FDD-CD1B-458A-B746-F7CB30BA2DAE}.AppStore|Any CPU.Build.0 = Release|Any CPU
		{4A7B7FDD-CD1B-458A-B746-F7CB30BA2DAE}.AppStore|Any CPU.Deploy.0 = Release|Any CPU
		{4A7B7FDD-CD1B-458A-B746-F7CB30BA2DAE}.AppStore|ARM.ActiveCfg = Release|ARM
		{4A7B7FDD-CD1B-458A-B746-F7CB30BA2DAE}.AppStore|ARM.Build.0 = Release|ARM
		{4A7B7FDD-CD1B-458A-B746-F7CB30BA2DAE}.AppStore|ARM.Deploy.0 = Release|ARM
		{4A7B7FDD-CD1B-458A-B746-F7CB30BA2DAE}.AppStore|iPhone.ActiveCfg = Release|Any CPU
		{4A7B7FDD-CD1B-458A-B746-F7CB30BA2DAE}.AppStore|iPhoneSimulator.ActiveCfg = Release|Any CPU
		{4A7B7FDD-CD1B-458A-B746-F7CB30BA2DAE}.AppStore|Mixed Platforms.ActiveCfg = Release|x86
		{4A7B7FDD-CD1B-458A-B746-F7CB30BA2DAE}.AppStore|Mixed Platforms.Build.0 = Release|x86
		{4A7B7FDD-CD1B-458A-B746-F7CB30BA2DAE}.AppStore|Mixed Platforms.Deploy.0 = Release|x86
		{4A7B7FDD-CD1B-458A-B746-F7CB30BA2DAE}.AppStore|x86.ActiveCfg = Release|x86
		{4A7B7FDD-CD1B-458A-B746-F7CB30BA2DAE}.AppStore|x86.Build.0 = Release|x86
		{4A7B7FDD-CD1B-458A-B746-F7CB30BA2DAE}.AppStore|x86.Deploy.0 = Release|x86
		{4A7B7FDD-CD1B-458A-B746-F7CB30BA2DAE}.Debug|Any CPU.ActiveCfg = Debug|Any CPU
		{4A7B7FDD-CD1B-458A-B746-F7CB30BA2DAE}.Debug|Any CPU.Build.0 = Debug|Any CPU
		{4A7B7FDD-CD1B-458A-B746-F7CB30BA2DAE}.Debug|Any CPU.Deploy.0 = Debug|Any CPU
		{4A7B7FDD-CD1B-458A-B746-F7CB30BA2DAE}.Debug|ARM.ActiveCfg = Debug|ARM
		{4A7B7FDD-CD1B-458A-B746-F7CB30BA2DAE}.Debug|ARM.Build.0 = Debug|ARM
		{4A7B7FDD-CD1B-458A-B746-F7CB30BA2DAE}.Debug|ARM.Deploy.0 = Debug|ARM
		{4A7B7FDD-CD1B-458A-B746-F7CB30BA2DAE}.Debug|iPhone.ActiveCfg = Debug|Any CPU
		{4A7B7FDD-CD1B-458A-B746-F7CB30BA2DAE}.Debug|iPhoneSimulator.ActiveCfg = Debug|Any CPU
		{4A7B7FDD-CD1B-458A-B746-F7CB30BA2DAE}.Debug|Mixed Platforms.ActiveCfg = Debug|x86
		{4A7B7FDD-CD1B-458A-B746-F7CB30BA2DAE}.Debug|Mixed Platforms.Build.0 = Debug|x86
		{4A7B7FDD-CD1B-458A-B746-F7CB30BA2DAE}.Debug|Mixed Platforms.Deploy.0 = Debug|x86
		{4A7B7FDD-CD1B-458A-B746-F7CB30BA2DAE}.Debug|x86.ActiveCfg = Debug|x86
		{4A7B7FDD-CD1B-458A-B746-F7CB30BA2DAE}.Debug|x86.Build.0 = Debug|x86
		{4A7B7FDD-CD1B-458A-B746-F7CB30BA2DAE}.Debug|x86.Deploy.0 = Debug|x86
		{4A7B7FDD-CD1B-458A-B746-F7CB30BA2DAE}.Release|Any CPU.ActiveCfg = Release|Any CPU
		{4A7B7FDD-CD1B-458A-B746-F7CB30BA2DAE}.Release|Any CPU.Build.0 = Release|Any CPU
		{4A7B7FDD-CD1B-458A-B746-F7CB30BA2DAE}.Release|Any CPU.Deploy.0 = Release|Any CPU
		{4A7B7FDD-CD1B-458A-B746-F7CB30BA2DAE}.Release|ARM.ActiveCfg = Release|ARM
		{4A7B7FDD-CD1B-458A-B746-F7CB30BA2DAE}.Release|ARM.Build.0 = Release|ARM
		{4A7B7FDD-CD1B-458A-B746-F7CB30BA2DAE}.Release|ARM.Deploy.0 = Release|ARM
		{4A7B7FDD-CD1B-458A-B746-F7CB30BA2DAE}.Release|iPhone.ActiveCfg = Release|Any CPU
		{4A7B7FDD-CD1B-458A-B746-F7CB30BA2DAE}.Release|iPhoneSimulator.ActiveCfg = Release|Any CPU
		{4A7B7FDD-CD1B-458A-B746-F7CB30BA2DAE}.Release|Mixed Platforms.ActiveCfg = Release|x86
		{4A7B7FDD-CD1B-458A-B746-F7CB30BA2DAE}.Release|Mixed Platforms.Build.0 = Release|x86
		{4A7B7FDD-CD1B-458A-B746-F7CB30BA2DAE}.Release|Mixed Platforms.Deploy.0 = Release|x86
		{4A7B7FDD-CD1B-458A-B746-F7CB30BA2DAE}.Release|x86.ActiveCfg = Release|x86
		{4A7B7FDD-CD1B-458A-B746-F7CB30BA2DAE}.Release|x86.Build.0 = Release|x86
		{4A7B7FDD-CD1B-458A-B746-F7CB30BA2DAE}.Release|x86.Deploy.0 = Release|x86
		{56902A4C-5A2D-4BD9-8D12-839E40BE26CE}.Ad-Hoc|Any CPU.ActiveCfg = Ad-Hoc|iPhone
		{56902A4C-5A2D-4BD9-8D12-839E40BE26CE}.Ad-Hoc|ARM.ActiveCfg = Ad-Hoc|iPhone
		{56902A4C-5A2D-4BD9-8D12-839E40BE26CE}.Ad-Hoc|iPhone.ActiveCfg = Ad-Hoc|iPhone
		{56902A4C-5A2D-4BD9-8D12-839E40BE26CE}.Ad-Hoc|iPhone.Build.0 = Ad-Hoc|iPhone
		{56902A4C-5A2D-4BD9-8D12-839E40BE26CE}.Ad-Hoc|iPhoneSimulator.ActiveCfg = Ad-Hoc|iPhoneSimulator
		{56902A4C-5A2D-4BD9-8D12-839E40BE26CE}.Ad-Hoc|iPhoneSimulator.Build.0 = Ad-Hoc|iPhoneSimulator
		{56902A4C-5A2D-4BD9-8D12-839E40BE26CE}.Ad-Hoc|Mixed Platforms.ActiveCfg = Ad-Hoc|iPhone
		{56902A4C-5A2D-4BD9-8D12-839E40BE26CE}.Ad-Hoc|Mixed Platforms.Build.0 = Ad-Hoc|iPhone
		{56902A4C-5A2D-4BD9-8D12-839E40BE26CE}.Ad-Hoc|x86.ActiveCfg = Ad-Hoc|iPhone
		{56902A4C-5A2D-4BD9-8D12-839E40BE26CE}.AppStore|Any CPU.ActiveCfg = AppStore|iPhone
		{56902A4C-5A2D-4BD9-8D12-839E40BE26CE}.AppStore|ARM.ActiveCfg = AppStore|iPhone
		{56902A4C-5A2D-4BD9-8D12-839E40BE26CE}.AppStore|iPhone.ActiveCfg = AppStore|iPhone
		{56902A4C-5A2D-4BD9-8D12-839E40BE26CE}.AppStore|iPhone.Build.0 = AppStore|iPhone
		{56902A4C-5A2D-4BD9-8D12-839E40BE26CE}.AppStore|iPhoneSimulator.ActiveCfg = AppStore|iPhoneSimulator
		{56902A4C-5A2D-4BD9-8D12-839E40BE26CE}.AppStore|iPhoneSimulator.Build.0 = AppStore|iPhoneSimulator
		{56902A4C-5A2D-4BD9-8D12-839E40BE26CE}.AppStore|Mixed Platforms.ActiveCfg = AppStore|iPhone
		{56902A4C-5A2D-4BD9-8D12-839E40BE26CE}.AppStore|Mixed Platforms.Build.0 = AppStore|iPhone
		{56902A4C-5A2D-4BD9-8D12-839E40BE26CE}.AppStore|x86.ActiveCfg = AppStore|iPhone
		{56902A4C-5A2D-4BD9-8D12-839E40BE26CE}.Debug|Any CPU.ActiveCfg = Debug|iPhone
		{56902A4C-5A2D-4BD9-8D12-839E40BE26CE}.Debug|ARM.ActiveCfg = Debug|iPhone
		{56902A4C-5A2D-4BD9-8D12-839E40BE26CE}.Debug|iPhone.ActiveCfg = Debug|iPhone
		{56902A4C-5A2D-4BD9-8D12-839E40BE26CE}.Debug|iPhone.Build.0 = Debug|iPhone
		{56902A4C-5A2D-4BD9-8D12-839E40BE26CE}.Debug|iPhoneSimulator.ActiveCfg = Debug|iPhoneSimulator
		{56902A4C-5A2D-4BD9-8D12-839E40BE26CE}.Debug|iPhoneSimulator.Build.0 = Debug|iPhoneSimulator
		{56902A4C-5A2D-4BD9-8D12-839E40BE26CE}.Debug|Mixed Platforms.ActiveCfg = Debug|iPhone
		{56902A4C-5A2D-4BD9-8D12-839E40BE26CE}.Debug|Mixed Platforms.Build.0 = Debug|iPhone
		{56902A4C-5A2D-4BD9-8D12-839E40BE26CE}.Debug|x86.ActiveCfg = Debug|iPhone
		{56902A4C-5A2D-4BD9-8D12-839E40BE26CE}.Release|Any CPU.ActiveCfg = Release|iPhone
		{56902A4C-5A2D-4BD9-8D12-839E40BE26CE}.Release|ARM.ActiveCfg = Release|iPhone
		{56902A4C-5A2D-4BD9-8D12-839E40BE26CE}.Release|iPhone.ActiveCfg = Release|iPhone
		{56902A4C-5A2D-4BD9-8D12-839E40BE26CE}.Release|iPhone.Build.0 = Release|iPhone
		{56902A4C-5A2D-4BD9-8D12-839E40BE26CE}.Release|iPhoneSimulator.ActiveCfg = Release|iPhoneSimulator
		{56902A4C-5A2D-4BD9-8D12-839E40BE26CE}.Release|iPhoneSimulator.Build.0 = Release|iPhoneSimulator
		{56902A4C-5A2D-4BD9-8D12-839E40BE26CE}.Release|Mixed Platforms.ActiveCfg = Release|iPhone
		{56902A4C-5A2D-4BD9-8D12-839E40BE26CE}.Release|Mixed Platforms.Build.0 = Release|iPhone
		{56902A4C-5A2D-4BD9-8D12-839E40BE26CE}.Release|x86.ActiveCfg = Release|iPhone
		{E6C0A0EB-EA0D-440A-BE3D-8FBE53094430}.Ad-Hoc|Any CPU.ActiveCfg = Release|Any CPU
		{E6C0A0EB-EA0D-440A-BE3D-8FBE53094430}.Ad-Hoc|Any CPU.Build.0 = Release|Any CPU
		{E6C0A0EB-EA0D-440A-BE3D-8FBE53094430}.Ad-Hoc|Any CPU.Deploy.0 = Release|Any CPU
		{E6C0A0EB-EA0D-440A-BE3D-8FBE53094430}.Ad-Hoc|ARM.ActiveCfg = Release|Any CPU
		{E6C0A0EB-EA0D-440A-BE3D-8FBE53094430}.Ad-Hoc|iPhone.ActiveCfg = Release|Any CPU
		{E6C0A0EB-EA0D-440A-BE3D-8FBE53094430}.Ad-Hoc|iPhoneSimulator.ActiveCfg = Release|Any CPU
		{E6C0A0EB-EA0D-440A-BE3D-8FBE53094430}.Ad-Hoc|Mixed Platforms.ActiveCfg = Release|Any CPU
		{E6C0A0EB-EA0D-440A-BE3D-8FBE53094430}.Ad-Hoc|Mixed Platforms.Build.0 = Release|Any CPU
		{E6C0A0EB-EA0D-440A-BE3D-8FBE53094430}.Ad-Hoc|Mixed Platforms.Deploy.0 = Release|Any CPU
		{E6C0A0EB-EA0D-440A-BE3D-8FBE53094430}.Ad-Hoc|x86.ActiveCfg = Release|Any CPU
		{E6C0A0EB-EA0D-440A-BE3D-8FBE53094430}.AppStore|Any CPU.ActiveCfg = Release|Any CPU
		{E6C0A0EB-EA0D-440A-BE3D-8FBE53094430}.AppStore|Any CPU.Build.0 = Release|Any CPU
		{E6C0A0EB-EA0D-440A-BE3D-8FBE53094430}.AppStore|Any CPU.Deploy.0 = Release|Any CPU
		{E6C0A0EB-EA0D-440A-BE3D-8FBE53094430}.AppStore|ARM.ActiveCfg = Release|Any CPU
		{E6C0A0EB-EA0D-440A-BE3D-8FBE53094430}.AppStore|iPhone.ActiveCfg = Release|Any CPU
		{E6C0A0EB-EA0D-440A-BE3D-8FBE53094430}.AppStore|iPhoneSimulator.ActiveCfg = Release|Any CPU
		{E6C0A0EB-EA0D-440A-BE3D-8FBE53094430}.AppStore|Mixed Platforms.ActiveCfg = Release|Any CPU
		{E6C0A0EB-EA0D-440A-BE3D-8FBE53094430}.AppStore|Mixed Platforms.Build.0 = Release|Any CPU
		{E6C0A0EB-EA0D-440A-BE3D-8FBE53094430}.AppStore|Mixed Platforms.Deploy.0 = Release|Any CPU
		{E6C0A0EB-EA0D-440A-BE3D-8FBE53094430}.AppStore|x86.ActiveCfg = Release|Any CPU
		{E6C0A0EB-EA0D-440A-BE3D-8FBE53094430}.Debug|Any CPU.ActiveCfg = Debug|Any CPU
		{E6C0A0EB-EA0D-440A-BE3D-8FBE53094430}.Debug|Any CPU.Build.0 = Debug|Any CPU
		{E6C0A0EB-EA0D-440A-BE3D-8FBE53094430}.Debug|Any CPU.Deploy.0 = Debug|Any CPU
		{E6C0A0EB-EA0D-440A-BE3D-8FBE53094430}.Debug|ARM.ActiveCfg = Debug|Any CPU
		{E6C0A0EB-EA0D-440A-BE3D-8FBE53094430}.Debug|iPhone.ActiveCfg = Debug|Any CPU
		{E6C0A0EB-EA0D-440A-BE3D-8FBE53094430}.Debug|iPhoneSimulator.ActiveCfg = Debug|Any CPU
		{E6C0A0EB-EA0D-440A-BE3D-8FBE53094430}.Debug|Mixed Platforms.ActiveCfg = Debug|Any CPU
		{E6C0A0EB-EA0D-440A-BE3D-8FBE53094430}.Debug|Mixed Platforms.Build.0 = Debug|Any CPU
		{E6C0A0EB-EA0D-440A-BE3D-8FBE53094430}.Debug|Mixed Platforms.Deploy.0 = Debug|Any CPU
		{E6C0A0EB-EA0D-440A-BE3D-8FBE53094430}.Debug|x86.ActiveCfg = Debug|Any CPU
		{E6C0A0EB-EA0D-440A-BE3D-8FBE53094430}.Release|Any CPU.ActiveCfg = Release|Any CPU
		{E6C0A0EB-EA0D-440A-BE3D-8FBE53094430}.Release|Any CPU.Build.0 = Release|Any CPU
		{E6C0A0EB-EA0D-440A-BE3D-8FBE53094430}.Release|Any CPU.Deploy.0 = Release|Any CPU
		{E6C0A0EB-EA0D-440A-BE3D-8FBE53094430}.Release|ARM.ActiveCfg = Release|Any CPU
		{E6C0A0EB-EA0D-440A-BE3D-8FBE53094430}.Release|iPhone.ActiveCfg = Release|Any CPU
		{E6C0A0EB-EA0D-440A-BE3D-8FBE53094430}.Release|iPhoneSimulator.ActiveCfg = Release|Any CPU
		{E6C0A0EB-EA0D-440A-BE3D-8FBE53094430}.Release|Mixed Platforms.ActiveCfg = Release|Any CPU
		{E6C0A0EB-EA0D-440A-BE3D-8FBE53094430}.Release|Mixed Platforms.Build.0 = Release|Any CPU
		{E6C0A0EB-EA0D-440A-BE3D-8FBE53094430}.Release|Mixed Platforms.Deploy.0 = Release|Any CPU
		{E6C0A0EB-EA0D-440A-BE3D-8FBE53094430}.Release|x86.ActiveCfg = Release|Any CPU
	EndGlobalSection
	GlobalSection(SolutionProperties) = preSolution
		HideSolutionNode = FALSE
	EndGlobalSection
EndGlobal
