
Microsoft Visual Studio Solution File, Format Version 12.00
# Visual Studio 2013
VisualStudioVersion = 12.0.31101.0
MinimumVisualStudioVersion = 10.0.40219.1
Project("{FAE04EC0-301F-11D3-BF4B-00C04F79EFBC}") = "MvvmExample", "MvvmExample\MvvmExample\MvvmExample.csproj", "{A3A052D6-CC82-45C0-9177-620111BB3368}"
EndProject
Project("{FAE04EC0-301F-11D3-BF4B-00C04F79EFBC}") = "MvvmExample.iOS", "MvvmExample\MvvmExample.iOS\MvvmExample.iOS.csproj", "{78597881-98F2-4649-9C01-82E6291F6475}"
EndProject
Project("{FAE04EC0-301F-11D3-BF4B-00C04F79EFBC}") = "MvvmExample.Droid", "MvvmExample\MvvmExample.Droid\MvvmExample.Droid.csproj", "{02DD194F-AA07-47CD-B3D1-E1ECCB355AC7}"
EndProject
Project("{FAE04EC0-301F-11D3-BF4B-00C04F79EFBC}") = "MvvmExample.WinPhone", "MvvmExample\MvvmExample.WinPhone\MvvmExample.WinPhone.csproj", "{5B604F11-6B95-4489-B4D9-F438E31CCB09}"
EndProject
Global
	GlobalSection(SolutionConfigurationPlatforms) = preSolution
		Ad-Hoc|Any CPU = Ad-Hoc|Any CPU
		Ad-Hoc|ARM = Ad-Hoc|ARM
		Ad-Hoc|iPhone = Ad-Hoc|iPhone
		Ad-Hoc|iPhoneSimulator = Ad-Hoc|iPhoneSimulator
		Ad-Hoc|Mixed Platforms = Ad-Hoc|Mixed Platforms
		Ad-Hoc|x86 = Ad-Hoc|x86
		AppStore|Any CPU = AppStore|Any CPU
		AppStore|ARM = AppStore|ARM
		AppStore|iPhone = AppStore|iPhone
		AppStore|iPhoneSimulator = AppStore|iPhoneSimulator
		AppStore|Mixed Platforms = AppStore|Mixed Platforms
		AppStore|x86 = AppStore|x86
		Debug|Any CPU = Debug|Any CPU
		Debug|ARM = Debug|ARM
		Debug|iPhone = Debug|iPhone
		Debug|iPhoneSimulator = Debug|iPhoneSimulator
		Debug|Mixed Platforms = Debug|Mixed Platforms
		Debug|x86 = Debug|x86
		Release|Any CPU = Release|Any CPU
		Release|ARM = Release|ARM
		Release|iPhone = Release|iPhone
		Release|iPhoneSimulator = Release|iPhoneSimulator
		Release|Mixed Platforms = Release|Mixed Platforms
		Release|x86 = Release|x86
	EndGlobalSection
	GlobalSection(ProjectConfigurationPlatforms) = postSolution
		{A3A052D6-CC82-45C0-9177-620111BB3368}.Ad-Hoc|Any CPU.ActiveCfg = Release|Any CPU
		{A3A052D6-CC82-45C0-9177-620111BB3368}.Ad-Hoc|Any CPU.Build.0 = Release|Any CPU
		{A3A052D6-CC82-45C0-9177-620111BB3368}.Ad-Hoc|ARM.ActiveCfg = Release|Any CPU
		{A3A052D6-CC82-45C0-9177-620111BB3368}.Ad-Hoc|iPhone.ActiveCfg = Release|Any CPU
		{A3A052D6-CC82-45C0-9177-620111BB3368}.Ad-Hoc|iPhoneSimulator.ActiveCfg = Release|Any CPU
		{A3A052D6-CC82-45C0-9177-620111BB3368}.Ad-Hoc|Mixed Platforms.ActiveCfg = Release|Any CPU
		{A3A052D6-CC82-45C0-9177-620111BB3368}.Ad-Hoc|Mixed Platforms.Build.0 = Release|Any CPU
		{A3A052D6-CC82-45C0-9177-620111BB3368}.Ad-Hoc|x86.ActiveCfg = Release|Any CPU
		{A3A052D6-CC82-45C0-9177-620111BB3368}.AppStore|Any CPU.ActiveCfg = Release|Any CPU
		{A3A052D6-CC82-45C0-9177-620111BB3368}.AppStore|Any CPU.Build.0 = Release|Any CPU
		{A3A052D6-CC82-45C0-9177-620111BB3368}.AppStore|ARM.ActiveCfg = Release|Any CPU
		{A3A052D6-CC82-45C0-9177-620111BB3368}.AppStore|iPhone.ActiveCfg = Release|Any CPU
		{A3A052D6-CC82-45C0-9177-620111BB3368}.AppStore|iPhoneSimulator.ActiveCfg = Release|Any CPU
		{A3A052D6-CC82-45C0-9177-620111BB3368}.AppStore|Mixed Platforms.ActiveCfg = Release|Any CPU
		{A3A052D6-CC82-45C0-9177-620111BB3368}.AppStore|Mixed Platforms.Build.0 = Release|Any CPU
		{A3A052D6-CC82-45C0-9177-620111BB3368}.AppStore|x86.ActiveCfg = Release|Any CPU
		{A3A052D6-CC82-45C0-9177-620111BB3368}.Debug|Any CPU.ActiveCfg = Debug|Any CPU
		{A3A052D6-CC82-45C0-9177-620111BB3368}.Debug|Any CPU.Build.0 = Debug|Any CPU
		{A3A052D6-CC82-45C0-9177-620111BB3368}.Debug|ARM.ActiveCfg = Debug|Any CPU
		{A3A052D6-CC82-45C0-9177-620111BB3368}.Debug|iPhone.ActiveCfg = Debug|Any CPU
		{A3A052D6-CC82-45C0-9177-620111BB3368}.Debug|iPhoneSimulator.ActiveCfg = Debug|Any CPU
		{A3A052D6-CC82-45C0-9177-620111BB3368}.Debug|Mixed Platforms.ActiveCfg = Debug|Any CPU
		{A3A052D6-CC82-45C0-9177-620111BB3368}.Debug|Mixed Platforms.Build.0 = Debug|Any CPU
		{A3A052D6-CC82-45C0-9177-620111BB3368}.Debug|x86.ActiveCfg = Debug|Any CPU
		{A3A052D6-CC82-45C0-9177-620111BB3368}.Release|Any CPU.ActiveCfg = Release|Any CPU
		{A3A052D6-CC82-45C0-9177-620111BB3368}.Release|Any CPU.Build.0 = Release|Any CPU
		{A3A052D6-CC82-45C0-9177-620111BB3368}.Release|ARM.ActiveCfg = Release|Any CPU
		{A3A052D6-CC82-45C0-9177-620111BB3368}.Release|iPhone.ActiveCfg = Release|Any CPU
		{A3A052D6-CC82-45C0-9177-620111BB3368}.Release|iPhoneSimulator.ActiveCfg = Release|Any CPU
		{A3A052D6-CC82-45C0-9177-620111BB3368}.Release|Mixed Platforms.ActiveCfg = Release|Any CPU
		{A3A052D6-CC82-45C0-9177-620111BB3368}.Release|Mixed Platforms.Build.0 = Release|Any CPU
		{A3A052D6-CC82-45C0-9177-620111BB3368}.Release|x86.ActiveCfg = Release|Any CPU
		{78597881-98F2-4649-9C01-82E6291F6475}.Ad-Hoc|Any CPU.ActiveCfg = Ad-Hoc|iPhone
		{78597881-98F2-4649-9C01-82E6291F6475}.Ad-Hoc|ARM.ActiveCfg = Ad-Hoc|iPhone
		{78597881-98F2-4649-9C01-82E6291F6475}.Ad-Hoc|iPhone.ActiveCfg = Ad-Hoc|iPhone
		{78597881-98F2-4649-9C01-82E6291F6475}.Ad-Hoc|iPhone.Build.0 = Ad-Hoc|iPhone
		{78597881-98F2-4649-9C01-82E6291F6475}.Ad-Hoc|iPhoneSimulator.ActiveCfg = Ad-Hoc|iPhoneSimulator
		{78597881-98F2-4649-9C01-82E6291F6475}.Ad-Hoc|iPhoneSimulator.Build.0 = Ad-Hoc|iPhoneSimulator
		{78597881-98F2-4649-9C01-82E6291F6475}.Ad-Hoc|Mixed Platforms.ActiveCfg = Ad-Hoc|iPhone
		{78597881-98F2-4649-9C01-82E6291F6475}.Ad-Hoc|Mixed Platforms.Build.0 = Ad-Hoc|iPhone
		{78597881-98F2-4649-9C01-82E6291F6475}.Ad-Hoc|x86.ActiveCfg = Ad-Hoc|iPhone
		{78597881-98F2-4649-9C01-82E6291F6475}.AppStore|Any CPU.ActiveCfg = AppStore|iPhone
		{78597881-98F2-4649-9C01-82E6291F6475}.AppStore|ARM.ActiveCfg = AppStore|iPhone
		{78597881-98F2-4649-9C01-82E6291F6475}.AppStore|iPhone.ActiveCfg = AppStore|iPhone
		{78597881-98F2-4649-9C01-82E6291F6475}.AppStore|iPhone.Build.0 = AppStore|iPhone
		{78597881-98F2-4649-9C01-82E6291F6475}.AppStore|iPhoneSimulator.ActiveCfg = AppStore|iPhoneSimulator
		{78597881-98F2-4649-9C01-82E6291F6475}.AppStore|iPhoneSimulator.Build.0 = AppStore|iPhoneSimulator
		{78597881-98F2-4649-9C01-82E6291F6475}.AppStore|Mixed Platforms.ActiveCfg = AppStore|iPhone
		{78597881-98F2-4649-9C01-82E6291F6475}.AppStore|Mixed Platforms.Build.0 = AppStore|iPhone
		{78597881-98F2-4649-9C01-82E6291F6475}.AppStore|x86.ActiveCfg = AppStore|iPhone
		{78597881-98F2-4649-9C01-82E6291F6475}.Debug|Any CPU.ActiveCfg = Debug|iPhone
		{78597881-98F2-4649-9C01-82E6291F6475}.Debug|ARM.ActiveCfg = Debug|iPhone
		{78597881-98F2-4649-9C01-82E6291F6475}.Debug|iPhone.ActiveCfg = Debug|iPhone
		{78597881-98F2-4649-9C01-82E6291F6475}.Debug|iPhone.Build.0 = Debug|iPhone
		{78597881-98F2-4649-9C01-82E6291F6475}.Debug|iPhoneSimulator.ActiveCfg = Debug|iPhoneSimulator
		{78597881-98F2-4649-9C01-82E6291F6475}.Debug|iPhoneSimulator.Build.0 = Debug|iPhoneSimulator
		{78597881-98F2-4649-9C01-82E6291F6475}.Debug|Mixed Platforms.ActiveCfg = Debug|iPhone
		{78597881-98F2-4649-9C01-82E6291F6475}.Debug|Mixed Platforms.Build.0 = Debug|iPhone
		{78597881-98F2-4649-9C01-82E6291F6475}.Debug|x86.ActiveCfg = Debug|iPhone
		{78597881-98F2-4649-9C01-82E6291F6475}.Release|Any CPU.ActiveCfg = Release|iPhone
		{78597881-98F2-4649-9C01-82E6291F6475}.Release|ARM.ActiveCfg = Release|iPhone
		{78597881-98F2-4649-9C01-82E6291F6475}.Release|iPhone.ActiveCfg = Release|iPhone
		{78597881-98F2-4649-9C01-82E6291F6475}.Release|iPhone.Build.0 = Release|iPhone
		{78597881-98F2-4649-9C01-82E6291F6475}.Release|iPhoneSimulator.ActiveCfg = Release|iPhoneSimulator
		{78597881-98F2-4649-9C01-82E6291F6475}.Release|iPhoneSimulator.Build.0 = Release|iPhoneSimulator
		{78597881-98F2-4649-9C01-82E6291F6475}.Release|Mixed Platforms.ActiveCfg = Release|iPhone
		{78597881-98F2-4649-9C01-82E6291F6475}.Release|Mixed Platforms.Build.0 = Release|iPhone
		{78597881-98F2-4649-9C01-82E6291F6475}.Release|x86.ActiveCfg = Release|iPhone
		{02DD194F-AA07-47CD-B3D1-E1ECCB355AC7}.Ad-Hoc|Any CPU.ActiveCfg = Release|Any CPU
		{02DD194F-AA07-47CD-B3D1-E1ECCB355AC7}.Ad-Hoc|Any CPU.Build.0 = Release|Any CPU
		{02DD194F-AA07-47CD-B3D1-E1ECCB355AC7}.Ad-Hoc|Any CPU.Deploy.0 = Release|Any CPU
		{02DD194F-AA07-47CD-B3D1-E1ECCB355AC7}.Ad-Hoc|ARM.ActiveCfg = Release|Any CPU
		{02DD194F-AA07-47CD-B3D1-E1ECCB355AC7}.Ad-Hoc|iPhone.ActiveCfg = Release|Any CPU
		{02DD194F-AA07-47CD-B3D1-E1ECCB355AC7}.Ad-Hoc|iPhoneSimulator.ActiveCfg = Release|Any CPU
		{02DD194F-AA07-47CD-B3D1-E1ECCB355AC7}.Ad-Hoc|Mixed Platforms.ActiveCfg = Release|Any CPU
		{02DD194F-AA07-47CD-B3D1-E1ECCB355AC7}.Ad-Hoc|Mixed Platforms.Build.0 = Release|Any CPU
		{02DD194F-AA07-47CD-B3D1-E1ECCB355AC7}.Ad-Hoc|Mixed Platforms.Deploy.0 = Release|Any CPU
		{02DD194F-AA07-47CD-B3D1-E1ECCB355AC7}.Ad-Hoc|x86.ActiveCfg = Release|Any CPU
		{02DD194F-AA07-47CD-B3D1-E1ECCB355AC7}.AppStore|Any CPU.ActiveCfg = Release|Any CPU
		{02DD194F-AA07-47CD-B3D1-E1ECCB355AC7}.AppStore|Any CPU.Build.0 = Release|Any CPU
		{02DD194F-AA07-47CD-B3D1-E1ECCB355AC7}.AppStore|Any CPU.Deploy.0 = Release|Any CPU
		{02DD194F-AA07-47CD-B3D1-E1ECCB355AC7}.AppStore|ARM.ActiveCfg = Release|Any CPU
		{02DD194F-AA07-47CD-B3D1-E1ECCB355AC7}.AppStore|iPhone.ActiveCfg = Release|Any CPU
		{02DD194F-AA07-47CD-B3D1-E1ECCB355AC7}.AppStore|iPhoneSimulator.ActiveCfg = Release|Any CPU
		{02DD194F-AA07-47CD-B3D1-E1ECCB355AC7}.AppStore|Mixed Platforms.ActiveCfg = Release|Any CPU
		{02DD194F-AA07-47CD-B3D1-E1ECCB355AC7}.AppStore|Mixed Platforms.Build.0 = Release|Any CPU
		{02DD194F-AA07-47CD-B3D1-E1ECCB355AC7}.AppStore|Mixed Platforms.Deploy.0 = Release|Any CPU
		{02DD194F-AA07-47CD-B3D1-E1ECCB355AC7}.AppStore|x86.ActiveCfg = Release|Any CPU
		{02DD194F-AA07-47CD-B3D1-E1ECCB355AC7}.Debug|Any CPU.ActiveCfg = Debug|Any CPU
		{02DD194F-AA07-47CD-B3D1-E1ECCB355AC7}.Debug|Any CPU.Build.0 = Debug|Any CPU
		{02DD194F-AA07-47CD-B3D1-E1ECCB355AC7}.Debug|Any CPU.Deploy.0 = Debug|Any CPU
		{02DD194F-AA07-47CD-B3D1-E1ECCB355AC7}.Debug|ARM.ActiveCfg = Debug|Any CPU
		{02DD194F-AA07-47CD-B3D1-E1ECCB355AC7}.Debug|iPhone.ActiveCfg = Debug|Any CPU
		{02DD194F-AA07-47CD-B3D1-E1ECCB355AC7}.Debug|iPhoneSimulator.ActiveCfg = Debug|Any CPU
		{02DD194F-AA07-47CD-B3D1-E1ECCB355AC7}.Debug|Mixed Platforms.ActiveCfg = Debug|Any CPU
		{02DD194F-AA07-47CD-B3D1-E1ECCB355AC7}.Debug|Mixed Platforms.Build.0 = Debug|Any CPU
		{02DD194F-AA07-47CD-B3D1-E1ECCB355AC7}.Debug|Mixed Platforms.Deploy.0 = Debug|Any CPU
		{02DD194F-AA07-47CD-B3D1-E1ECCB355AC7}.Debug|x86.ActiveCfg = Debug|Any CPU
		{02DD194F-AA07-47CD-B3D1-E1ECCB355AC7}.Release|Any CPU.ActiveCfg = Release|Any CPU
		{02DD194F-AA07-47CD-B3D1-E1ECCB355AC7}.Release|Any CPU.Build.0 = Release|Any CPU
		{02DD194F-AA07-47CD-B3D1-E1ECCB355AC7}.Release|Any CPU.Deploy.0 = Release|Any CPU
		{02DD194F-AA07-47CD-B3D1-E1ECCB355AC7}.Release|ARM.ActiveCfg = Release|Any CPU
		{02DD194F-AA07-47CD-B3D1-E1ECCB355AC7}.Release|iPhone.ActiveCfg = Release|Any CPU
		{02DD194F-AA07-47CD-B3D1-E1ECCB355AC7}.Release|iPhoneSimulator.ActiveCfg = Release|Any CPU
		{02DD194F-AA07-47CD-B3D1-E1ECCB355AC7}.Release|Mixed Platforms.ActiveCfg = Release|Any CPU
		{02DD194F-AA07-47CD-B3D1-E1ECCB355AC7}.Release|Mixed Platforms.Build.0 = Release|Any CPU
		{02DD194F-AA07-47CD-B3D1-E1ECCB355AC7}.Release|Mixed Platforms.Deploy.0 = Release|Any CPU
		{02DD194F-AA07-47CD-B3D1-E1ECCB355AC7}.Release|x86.ActiveCfg = Release|Any CPU
		{5B604F11-6B95-4489-B4D9-F438E31CCB09}.Ad-Hoc|Any CPU.ActiveCfg = Release|Any CPU
		{5B604F11-6B95-4489-B4D9-F438E31CCB09}.Ad-Hoc|Any CPU.Build.0 = Release|Any CPU
		{5B604F11-6B95-4489-B4D9-F438E31CCB09}.Ad-Hoc|Any CPU.Deploy.0 = Release|Any CPU
		{5B604F11-6B95-4489-B4D9-F438E31CCB09}.Ad-Hoc|ARM.ActiveCfg = Release|ARM
		{5B604F11-6B95-4489-B4D9-F438E31CCB09}.Ad-Hoc|ARM.Build.0 = Release|ARM
		{5B604F11-6B95-4489-B4D9-F438E31CCB09}.Ad-Hoc|ARM.Deploy.0 = Release|ARM
		{5B604F11-6B95-4489-B4D9-F438E31CCB09}.Ad-Hoc|iPhone.ActiveCfg = Release|Any CPU
		{5B604F11-6B95-4489-B4D9-F438E31CCB09}.Ad-Hoc|iPhoneSimulator.ActiveCfg = Release|Any CPU
		{5B604F11-6B95-4489-B4D9-F438E31CCB09}.Ad-Hoc|Mixed Platforms.ActiveCfg = Release|x86
		{5B604F11-6B95-4489-B4D9-F438E31CCB09}.Ad-Hoc|Mixed Platforms.Build.0 = Release|x86
		{5B604F11-6B95-4489-B4D9-F438E31CCB09}.Ad-Hoc|Mixed Platforms.Deploy.0 = Release|x86
		{5B604F11-6B95-4489-B4D9-F438E31CCB09}.Ad-Hoc|x86.ActiveCfg = Release|x86
		{5B604F11-6B95-4489-B4D9-F438E31CCB09}.Ad-Hoc|x86.Build.0 = Release|x86
		{5B604F11-6B95-4489-B4D9-F438E31CCB09}.Ad-Hoc|x86.Deploy.0 = Release|x86
		{5B604F11-6B95-4489-B4D9-F438E31CCB09}.AppStore|Any CPU.ActiveCfg = Release|Any CPU
		{5B604F11-6B95-4489-B4D9-F438E31CCB09}.AppStore|Any CPU.Build.0 = Release|Any CPU
		{5B604F11-6B95-4489-B4D9-F438E31CCB09}.AppStore|Any CPU.Deploy.0 = Release|Any CPU
		{5B604F11-6B95-4489-B4D9-F438E31CCB09}.AppStore|ARM.ActiveCfg = Release|ARM
		{5B604F11-6B95-4489-B4D9-F438E31CCB09}.AppStore|ARM.Build.0 = Release|ARM
		{5B604F11-6B95-4489-B4D9-F438E31CCB09}.AppStore|ARM.Deploy.0 = Release|ARM
		{5B604F11-6B95-4489-B4D9-F438E31CCB09}.AppStore|iPhone.ActiveCfg = Release|Any CPU
		{5B604F11-6B95-4489-B4D9-F438E31CCB09}.AppStore|iPhoneSimulator.ActiveCfg = Release|Any CPU
		{5B604F11-6B95-4489-B4D9-F438E31CCB09}.AppStore|Mixed Platforms.ActiveCfg = Release|x86
		{5B604F11-6B95-4489-B4D9-F438E31CCB09}.AppStore|Mixed Platforms.Build.0 = Release|x86
		{5B604F11-6B95-4489-B4D9-F438E31CCB09}.AppStore|Mixed Platforms.Deploy.0 = Release|x86
		{5B604F11-6B95-4489-B4D9-F438E31CCB09}.AppStore|x86.ActiveCfg = Release|x86
		{5B604F11-6B95-4489-B4D9-F438E31CCB09}.AppStore|x86.Build.0 = Release|x86
		{5B604F11-6B95-4489-B4D9-F438E31CCB09}.AppStore|x86.Deploy.0 = Release|x86
		{5B604F11-6B95-4489-B4D9-F438E31CCB09}.Debug|Any CPU.ActiveCfg = Debug|Any CPU
		{5B604F11-6B95-4489-B4D9-F438E31CCB09}.Debug|Any CPU.Build.0 = Debug|Any CPU
		{5B604F11-6B95-4489-B4D9-F438E31CCB09}.Debug|Any CPU.Deploy.0 = Debug|Any CPU
		{5B604F11-6B95-4489-B4D9-F438E31CCB09}.Debug|ARM.ActiveCfg = Debug|ARM
		{5B604F11-6B95-4489-B4D9-F438E31CCB09}.Debug|ARM.Build.0 = Debug|ARM
		{5B604F11-6B95-4489-B4D9-F438E31CCB09}.Debug|ARM.Deploy.0 = Debug|ARM
		{5B604F11-6B95-4489-B4D9-F438E31CCB09}.Debug|iPhone.ActiveCfg = Debug|Any CPU
		{5B604F11-6B95-4489-B4D9-F438E31CCB09}.Debug|iPhoneSimulator.ActiveCfg = Debug|Any CPU
		{5B604F11-6B95-4489-B4D9-F438E31CCB09}.Debug|Mixed Platforms.ActiveCfg = Debug|x86
		{5B604F11-6B95-4489-B4D9-F438E31CCB09}.Debug|Mixed Platforms.Build.0 = Debug|x86
		{5B604F11-6B95-4489-B4D9-F438E31CCB09}.Debug|Mixed Platforms.Deploy.0 = Debug|x86
		{5B604F11-6B95-4489-B4D9-F438E31CCB09}.Debug|x86.ActiveCfg = Debug|x86
		{5B604F11-6B95-4489-B4D9-F438E31CCB09}.Debug|x86.Build.0 = Debug|x86
		{5B604F11-6B95-4489-B4D9-F438E31CCB09}.Debug|x86.Deploy.0 = Debug|x86
		{5B604F11-6B95-4489-B4D9-F438E31CCB09}.Release|Any CPU.ActiveCfg = Release|Any CPU
		{5B604F11-6B95-4489-B4D9-F438E31CCB09}.Release|Any CPU.Build.0 = Release|Any CPU
		{5B604F11-6B95-4489-B4D9-F438E31CCB09}.Release|Any CPU.Deploy.0 = Release|Any CPU
		{5B604F11-6B95-4489-B4D9-F438E31CCB09}.Release|ARM.ActiveCfg = Release|ARM
		{5B604F11-6B95-4489-B4D9-F438E31CCB09}.Release|ARM.Build.0 = Release|ARM
		{5B604F11-6B95-4489-B4D9-F438E31CCB09}.Release|ARM.Deploy.0 = Release|ARM
		{5B604F11-6B95-4489-B4D9-F438E31CCB09}.Release|iPhone.ActiveCfg = Release|Any CPU
		{5B604F11-6B95-4489-B4D9-F438E31CCB09}.Release|iPhoneSimulator.ActiveCfg = Release|Any CPU
		{5B604F11-6B95-4489-B4D9-F438E31CCB09}.Release|Mixed Platforms.ActiveCfg = Release|x86
		{5B604F11-6B95-4489-B4D9-F438E31CCB09}.Release|Mixed Platforms.Build.0 = Release|x86
		{5B604F11-6B95-4489-B4D9-F438E31CCB09}.Release|Mixed Platforms.Deploy.0 = Release|x86
		{5B604F11-6B95-4489-B4D9-F438E31CCB09}.Release|x86.ActiveCfg = Release|x86
		{5B604F11-6B95-4489-B4D9-F438E31CCB09}.Release|x86.Build.0 = Release|x86
		{5B604F11-6B95-4489-B4D9-F438E31CCB09}.Release|x86.Deploy.0 = Release|x86
	EndGlobalSection
	GlobalSection(SolutionProperties) = preSolution
		HideSolutionNode = FALSE
	EndGlobalSection
EndGlobal
