
Microsoft Visual Studio Solution File, Format Version 12.00
# Visual Studio 2013
VisualStudioVersion = 12.0.31101.0
MinimumVisualStudioVersion = 10.0.40219.1
Project("{FAE04EC0-301F-11D3-BF4B-00C04F79EFBC}") = "ColorViewList", "ColorViewList\ColorViewList\ColorViewList.csproj", "{E2E4A2E7-7D51-4742-95FC-E9F61C9D8572}"
EndProject
Project("{FAE04EC0-301F-11D3-BF4B-00C04F79EFBC}") = "ColorViewList.iOS", "ColorViewList\ColorViewList.iOS\ColorViewList.iOS.csproj", "{2C625D02-4CC6-4656-BD75-0CB1B2170F32}"
EndProject
Project("{FAE04EC0-301F-11D3-BF4B-00C04F79EFBC}") = "ColorViewList.Droid", "ColorViewList\ColorViewList.Droid\ColorViewList.Droid.csproj", "{5AAFF3B4-9302-4710-B972-F8839137FFD3}"
EndProject
Project("{FAE04EC0-301F-11D3-BF4B-00C04F79EFBC}") = "ColorViewList.WinPhone", "ColorViewList\ColorViewList.WinPhone\ColorViewList.WinPhone.csproj", "{8BC9AE3B-A6ED-4080-B805-32652EA67D1D}"
EndProject
Global
	GlobalSection(SolutionConfigurationPlatforms) = preSolution
		Ad-Hoc|Any CPU = Ad-Hoc|Any CPU
		Ad-Hoc|ARM = Ad-Hoc|ARM
		Ad-Hoc|iPhone = Ad-Hoc|iPhone
		Ad-Hoc|iPhoneSimulator = Ad-Hoc|iPhoneSimulator
		Ad-Hoc|Mixed Platforms = Ad-Hoc|Mixed Platforms
		Ad-Hoc|x86 = Ad-Hoc|x86
		AppStore|Any CPU = AppStore|Any CPU
		AppStore|ARM = AppStore|ARM
		AppStore|iPhone = AppStore|iPhone
		AppStore|iPhoneSimulator = AppStore|iPhoneSimulator
		AppStore|Mixed Platforms = AppStore|Mixed Platforms
		AppStore|x86 = AppStore|x86
		Debug|Any CPU = Debug|Any CPU
		Debug|ARM = Debug|ARM
		Debug|iPhone = Debug|iPhone
		Debug|iPhoneSimulator = Debug|iPhoneSimulator
		Debug|Mixed Platforms = Debug|Mixed Platforms
		Debug|x86 = Debug|x86
		Release|Any CPU = Release|Any CPU
		Release|ARM = Release|ARM
		Release|iPhone = Release|iPhone
		Release|iPhoneSimulator = Release|iPhoneSimulator
		Release|Mixed Platforms = Release|Mixed Platforms
		Release|x86 = Release|x86
	EndGlobalSection
	GlobalSection(ProjectConfigurationPlatforms) = postSolution
		{E2E4A2E7-7D51-4742-95FC-E9F61C9D8572}.Ad-Hoc|Any CPU.ActiveCfg = Release|Any CPU
		{E2E4A2E7-7D51-4742-95FC-E9F61C9D8572}.Ad-Hoc|Any CPU.Build.0 = Release|Any CPU
		{E2E4A2E7-7D51-4742-95FC-E9F61C9D8572}.Ad-Hoc|ARM.ActiveCfg = Release|Any CPU
		{E2E4A2E7-7D51-4742-95FC-E9F61C9D8572}.Ad-Hoc|iPhone.ActiveCfg = Release|Any CPU
		{E2E4A2E7-7D51-4742-95FC-E9F61C9D8572}.Ad-Hoc|iPhoneSimulator.ActiveCfg = Release|Any CPU
		{E2E4A2E7-7D51-4742-95FC-E9F61C9D8572}.Ad-Hoc|Mixed Platforms.ActiveCfg = Release|Any CPU
		{E2E4A2E7-7D51-4742-95FC-E9F61C9D8572}.Ad-Hoc|Mixed Platforms.Build.0 = Release|Any CPU
		{E2E4A2E7-7D51-4742-95FC-E9F61C9D8572}.Ad-Hoc|x86.ActiveCfg = Release|Any CPU
		{E2E4A2E7-7D51-4742-95FC-E9F61C9D8572}.AppStore|Any CPU.ActiveCfg = Release|Any CPU
		{E2E4A2E7-7D51-4742-95FC-E9F61C9D8572}.AppStore|Any CPU.Build.0 = Release|Any CPU
		{E2E4A2E7-7D51-4742-95FC-E9F61C9D8572}.AppStore|ARM.ActiveCfg = Release|Any CPU
		{E2E4A2E7-7D51-4742-95FC-E9F61C9D8572}.AppStore|iPhone.ActiveCfg = Release|Any CPU
		{E2E4A2E7-7D51-4742-95FC-E9F61C9D8572}.AppStore|iPhoneSimulator.ActiveCfg = Release|Any CPU
		{E2E4A2E7-7D51-4742-95FC-E9F61C9D8572}.AppStore|Mixed Platforms.ActiveCfg = Release|Any CPU
		{E2E4A2E7-7D51-4742-95FC-E9F61C9D8572}.AppStore|Mixed Platforms.Build.0 = Release|Any CPU
		{E2E4A2E7-7D51-4742-95FC-E9F61C9D8572}.AppStore|x86.ActiveCfg = Release|Any CPU
		{E2E4A2E7-7D51-4742-95FC-E9F61C9D8572}.Debug|Any CPU.ActiveCfg = Debug|Any CPU
		{E2E4A2E7-7D51-4742-95FC-E9F61C9D8572}.Debug|Any CPU.Build.0 = Debug|Any CPU
		{E2E4A2E7-7D51-4742-95FC-E9F61C9D8572}.Debug|ARM.ActiveCfg = Debug|Any CPU
		{E2E4A2E7-7D51-4742-95FC-E9F61C9D8572}.Debug|iPhone.ActiveCfg = Debug|Any CPU
		{E2E4A2E7-7D51-4742-95FC-E9F61C9D8572}.Debug|iPhoneSimulator.ActiveCfg = Debug|Any CPU
		{E2E4A2E7-7D51-4742-95FC-E9F61C9D8572}.Debug|Mixed Platforms.ActiveCfg = Debug|Any CPU
		{E2E4A2E7-7D51-4742-95FC-E9F61C9D8572}.Debug|Mixed Platforms.Build.0 = Debug|Any CPU
		{E2E4A2E7-7D51-4742-95FC-E9F61C9D8572}.Debug|x86.ActiveCfg = Debug|Any CPU
		{E2E4A2E7-7D51-4742-95FC-E9F61C9D8572}.Release|Any CPU.ActiveCfg = Release|Any CPU
		{E2E4A2E7-7D51-4742-95FC-E9F61C9D8572}.Release|Any CPU.Build.0 = Release|Any CPU
		{E2E4A2E7-7D51-4742-95FC-E9F61C9D8572}.Release|ARM.ActiveCfg = Release|Any CPU
		{E2E4A2E7-7D51-4742-95FC-E9F61C9D8572}.Release|iPhone.ActiveCfg = Release|Any CPU
		{E2E4A2E7-7D51-4742-95FC-E9F61C9D8572}.Release|iPhoneSimulator.ActiveCfg = Release|Any CPU
		{E2E4A2E7-7D51-4742-95FC-E9F61C9D8572}.Release|Mixed Platforms.ActiveCfg = Release|Any CPU
		{E2E4A2E7-7D51-4742-95FC-E9F61C9D8572}.Release|Mixed Platforms.Build.0 = Release|Any CPU
		{E2E4A2E7-7D51-4742-95FC-E9F61C9D8572}.Release|x86.ActiveCfg = Release|Any CPU
		{2C625D02-4CC6-4656-BD75-0CB1B2170F32}.Ad-Hoc|Any CPU.ActiveCfg = Ad-Hoc|iPhone
		{2C625D02-4CC6-4656-BD75-0CB1B2170F32}.Ad-Hoc|ARM.ActiveCfg = Ad-Hoc|iPhone
		{2C625D02-4CC6-4656-BD75-0CB1B2170F32}.Ad-Hoc|iPhone.ActiveCfg = Ad-Hoc|iPhone
		{2C625D02-4CC6-4656-BD75-0CB1B2170F32}.Ad-Hoc|iPhone.Build.0 = Ad-Hoc|iPhone
		{2C625D02-4CC6-4656-BD75-0CB1B2170F32}.Ad-Hoc|iPhoneSimulator.ActiveCfg = Ad-Hoc|iPhoneSimulator
		{2C625D02-4CC6-4656-BD75-0CB1B2170F32}.Ad-Hoc|iPhoneSimulator.Build.0 = Ad-Hoc|iPhoneSimulator
		{2C625D02-4CC6-4656-BD75-0CB1B2170F32}.Ad-Hoc|Mixed Platforms.ActiveCfg = Ad-Hoc|iPhone
		{2C625D02-4CC6-4656-BD75-0CB1B2170F32}.Ad-Hoc|Mixed Platforms.Build.0 = Ad-Hoc|iPhone
		{2C625D02-4CC6-4656-BD75-0CB1B2170F32}.Ad-Hoc|x86.ActiveCfg = Ad-Hoc|iPhone
		{2C625D02-4CC6-4656-BD75-0CB1B2170F32}.AppStore|Any CPU.ActiveCfg = AppStore|iPhone
		{2C625D02-4CC6-4656-BD75-0CB1B2170F32}.AppStore|ARM.ActiveCfg = AppStore|iPhone
		{2C625D02-4CC6-4656-BD75-0CB1B2170F32}.AppStore|iPhone.ActiveCfg = AppStore|iPhone
		{2C625D02-4CC6-4656-BD75-0CB1B2170F32}.AppStore|iPhone.Build.0 = AppStore|iPhone
		{2C625D02-4CC6-4656-BD75-0CB1B2170F32}.AppStore|iPhoneSimulator.ActiveCfg = AppStore|iPhoneSimulator
		{2C625D02-4CC6-4656-BD75-0CB1B2170F32}.AppStore|iPhoneSimulator.Build.0 = AppStore|iPhoneSimulator
		{2C625D02-4CC6-4656-BD75-0CB1B2170F32}.AppStore|Mixed Platforms.ActiveCfg = AppStore|iPhone
		{2C625D02-4CC6-4656-BD75-0CB1B2170F32}.AppStore|Mixed Platforms.Build.0 = AppStore|iPhone
		{2C625D02-4CC6-4656-BD75-0CB1B2170F32}.AppStore|x86.ActiveCfg = AppStore|iPhone
		{2C625D02-4CC6-4656-BD75-0CB1B2170F32}.Debug|Any CPU.ActiveCfg = Debug|iPhone
		{2C625D02-4CC6-4656-BD75-0CB1B2170F32}.Debug|ARM.ActiveCfg = Debug|iPhone
		{2C625D02-4CC6-4656-BD75-0CB1B2170F32}.Debug|iPhone.ActiveCfg = Debug|iPhone
		{2C625D02-4CC6-4656-BD75-0CB1B2170F32}.Debug|iPhone.Build.0 = Debug|iPhone
		{2C625D02-4CC6-4656-BD75-0CB1B2170F32}.Debug|iPhoneSimulator.ActiveCfg = Debug|iPhoneSimulator
		{2C625D02-4CC6-4656-BD75-0CB1B2170F32}.Debug|iPhoneSimulator.Build.0 = Debug|iPhoneSimulator
		{2C625D02-4CC6-4656-BD75-0CB1B2170F32}.Debug|Mixed Platforms.ActiveCfg = Debug|iPhone
		{2C625D02-4CC6-4656-BD75-0CB1B2170F32}.Debug|Mixed Platforms.Build.0 = Debug|iPhone
		{2C625D02-4CC6-4656-BD75-0CB1B2170F32}.Debug|x86.ActiveCfg = Debug|iPhone
		{2C625D02-4CC6-4656-BD75-0CB1B2170F32}.Release|Any CPU.ActiveCfg = Release|iPhone
		{2C625D02-4CC6-4656-BD75-0CB1B2170F32}.Release|ARM.ActiveCfg = Release|iPhone
		{2C625D02-4CC6-4656-BD75-0CB1B2170F32}.Release|iPhone.ActiveCfg = Release|iPhone
		{2C625D02-4CC6-4656-BD75-0CB1B2170F32}.Release|iPhone.Build.0 = Release|iPhone
		{2C625D02-4CC6-4656-BD75-0CB1B2170F32}.Release|iPhoneSimulator.ActiveCfg = Release|iPhoneSimulator
		{2C625D02-4CC6-4656-BD75-0CB1B2170F32}.Release|iPhoneSimulator.Build.0 = Release|iPhoneSimulator
		{2C625D02-4CC6-4656-BD75-0CB1B2170F32}.Release|Mixed Platforms.ActiveCfg = Release|iPhone
		{2C625D02-4CC6-4656-BD75-0CB1B2170F32}.Release|Mixed Platforms.Build.0 = Release|iPhone
		{2C625D02-4CC6-4656-BD75-0CB1B2170F32}.Release|x86.ActiveCfg = Release|iPhone
		{5AAFF3B4-9302-4710-B972-F8839137FFD3}.Ad-Hoc|Any CPU.ActiveCfg = Release|Any CPU
		{5AAFF3B4-9302-4710-B972-F8839137FFD3}.Ad-Hoc|Any CPU.Build.0 = Release|Any CPU
		{5AAFF3B4-9302-4710-B972-F8839137FFD3}.Ad-Hoc|Any CPU.Deploy.0 = Release|Any CPU
		{5AAFF3B4-9302-4710-B972-F8839137FFD3}.Ad-Hoc|ARM.ActiveCfg = Release|Any CPU
		{5AAFF3B4-9302-4710-B972-F8839137FFD3}.Ad-Hoc|iPhone.ActiveCfg = Release|Any CPU
		{5AAFF3B4-9302-4710-B972-F8839137FFD3}.Ad-Hoc|iPhoneSimulator.ActiveCfg = Release|Any CPU
		{5AAFF3B4-9302-4710-B972-F8839137FFD3}.Ad-Hoc|Mixed Platforms.ActiveCfg = Release|Any CPU
		{5AAFF3B4-9302-4710-B972-F8839137FFD3}.Ad-Hoc|Mixed Platforms.Build.0 = Release|Any CPU
		{5AAFF3B4-9302-4710-B972-F8839137FFD3}.Ad-Hoc|Mixed Platforms.Deploy.0 = Release|Any CPU
		{5AAFF3B4-9302-4710-B972-F8839137FFD3}.Ad-Hoc|x86.ActiveCfg = Release|Any CPU
		{5AAFF3B4-9302-4710-B972-F8839137FFD3}.AppStore|Any CPU.ActiveCfg = Release|Any CPU
		{5AAFF3B4-9302-4710-B972-F8839137FFD3}.AppStore|Any CPU.Build.0 = Release|Any CPU
		{5AAFF3B4-9302-4710-B972-F8839137FFD3}.AppStore|Any CPU.Deploy.0 = Release|Any CPU
		{5AAFF3B4-9302-4710-B972-F8839137FFD3}.AppStore|ARM.ActiveCfg = Release|Any CPU
		{5AAFF3B4-9302-4710-B972-F8839137FFD3}.AppStore|iPhone.ActiveCfg = Release|Any CPU
		{5AAFF3B4-9302-4710-B972-F8839137FFD3}.AppStore|iPhoneSimulator.ActiveCfg = Release|Any CPU
		{5AAFF3B4-9302-4710-B972-F8839137FFD3}.AppStore|Mixed Platforms.ActiveCfg = Release|Any CPU
		{5AAFF3B4-9302-4710-B972-F8839137FFD3}.AppStore|Mixed Platforms.Build.0 = Release|Any CPU
		{5AAFF3B4-9302-4710-B972-F8839137FFD3}.AppStore|Mixed Platforms.Deploy.0 = Release|Any CPU
		{5AAFF3B4-9302-4710-B972-F8839137FFD3}.AppStore|x86.ActiveCfg = Release|Any CPU
		{5AAFF3B4-9302-4710-B972-F8839137FFD3}.Debug|Any CPU.ActiveCfg = Debug|Any CPU
		{5AAFF3B4-9302-4710-B972-F8839137FFD3}.Debug|Any CPU.Build.0 = Debug|Any CPU
		{5AAFF3B4-9302-4710-B972-F8839137FFD3}.Debug|Any CPU.Deploy.0 = Debug|Any CPU
		{5AAFF3B4-9302-4710-B972-F8839137FFD3}.Debug|ARM.ActiveCfg = Debug|Any CPU
		{5AAFF3B4-9302-4710-B972-F8839137FFD3}.Debug|iPhone.ActiveCfg = Debug|Any CPU
		{5AAFF3B4-9302-4710-B972-F8839137FFD3}.Debug|iPhoneSimulator.ActiveCfg = Debug|Any CPU
		{5AAFF3B4-9302-4710-B972-F8839137FFD3}.Debug|Mixed Platforms.ActiveCfg = Debug|Any CPU
		{5AAFF3B4-9302-4710-B972-F8839137FFD3}.Debug|Mixed Platforms.Build.0 = Debug|Any CPU
		{5AAFF3B4-9302-4710-B972-F8839137FFD3}.Debug|Mixed Platforms.Deploy.0 = Debug|Any CPU
		{5AAFF3B4-9302-4710-B972-F8839137FFD3}.Debug|x86.ActiveCfg = Debug|Any CPU
		{5AAFF3B4-9302-4710-B972-F8839137FFD3}.Release|Any CPU.ActiveCfg = Release|Any CPU
		{5AAFF3B4-9302-4710-B972-F8839137FFD3}.Release|Any CPU.Build.0 = Release|Any CPU
		{5AAFF3B4-9302-4710-B972-F8839137FFD3}.Release|Any CPU.Deploy.0 = Release|Any CPU
		{5AAFF3B4-9302-4710-B972-F8839137FFD3}.Release|ARM.ActiveCfg = Release|Any CPU
		{5AAFF3B4-9302-4710-B972-F8839137FFD3}.Release|iPhone.ActiveCfg = Release|Any CPU
		{5AAFF3B4-9302-4710-B972-F8839137FFD3}.Release|iPhoneSimulator.ActiveCfg = Release|Any CPU
		{5AAFF3B4-9302-4710-B972-F8839137FFD3}.Release|Mixed Platforms.ActiveCfg = Release|Any CPU
		{5AAFF3B4-9302-4710-B972-F8839137FFD3}.Release|Mixed Platforms.Build.0 = Release|Any CPU
		{5AAFF3B4-9302-4710-B972-F8839137FFD3}.Release|Mixed Platforms.Deploy.0 = Release|Any CPU
		{5AAFF3B4-9302-4710-B972-F8839137FFD3}.Release|x86.ActiveCfg = Release|Any CPU
		{8BC9AE3B-A6ED-4080-B805-32652EA67D1D}.Ad-Hoc|Any CPU.ActiveCfg = Release|Any CPU
		{8BC9AE3B-A6ED-4080-B805-32652EA67D1D}.Ad-Hoc|Any CPU.Build.0 = Release|Any CPU
		{8BC9AE3B-A6ED-4080-B805-32652EA67D1D}.Ad-Hoc|Any CPU.Deploy.0 = Release|Any CPU
		{8BC9AE3B-A6ED-4080-B805-32652EA67D1D}.Ad-Hoc|ARM.ActiveCfg = Release|ARM
		{8BC9AE3B-A6ED-4080-B805-32652EA67D1D}.Ad-Hoc|ARM.Build.0 = Release|ARM
		{8BC9AE3B-A6ED-4080-B805-32652EA67D1D}.Ad-Hoc|ARM.Deploy.0 = Release|ARM
		{8BC9AE3B-A6ED-4080-B805-32652EA67D1D}.Ad-Hoc|iPhone.ActiveCfg = Release|Any CPU
		{8BC9AE3B-A6ED-4080-B805-32652EA67D1D}.Ad-Hoc|iPhoneSimulator.ActiveCfg = Release|Any CPU
		{8BC9AE3B-A6ED-4080-B805-32652EA67D1D}.Ad-Hoc|Mixed Platforms.ActiveCfg = Release|x86
		{8BC9AE3B-A6ED-4080-B805-32652EA67D1D}.Ad-Hoc|Mixed Platforms.Build.0 = Release|x86
		{8BC9AE3B-A6ED-4080-B805-32652EA67D1D}.Ad-Hoc|Mixed Platforms.Deploy.0 = Release|x86
		{8BC9AE3B-A6ED-4080-B805-32652EA67D1D}.Ad-Hoc|x86.ActiveCfg = Release|x86
		{8BC9AE3B-A6ED-4080-B805-32652EA67D1D}.Ad-Hoc|x86.Build.0 = Release|x86
		{8BC9AE3B-A6ED-4080-B805-32652EA67D1D}.Ad-Hoc|x86.Deploy.0 = Release|x86
		{8BC9AE3B-A6ED-4080-B805-32652EA67D1D}.AppStore|Any CPU.ActiveCfg = Release|Any CPU
		{8BC9AE3B-A6ED-4080-B805-32652EA67D1D}.AppStore|Any CPU.Build.0 = Release|Any CPU
		{8BC9AE3B-A6ED-4080-B805-32652EA67D1D}.AppStore|Any CPU.Deploy.0 = Release|Any CPU
		{8BC9AE3B-A6ED-4080-B805-32652EA67D1D}.AppStore|ARM.ActiveCfg = Release|ARM
		{8BC9AE3B-A6ED-4080-B805-32652EA67D1D}.AppStore|ARM.Build.0 = Release|ARM
		{8BC9AE3B-A6ED-4080-B805-32652EA67D1D}.AppStore|ARM.Deploy.0 = Release|ARM
		{8BC9AE3B-A6ED-4080-B805-32652EA67D1D}.AppStore|iPhone.ActiveCfg = Release|Any CPU
		{8BC9AE3B-A6ED-4080-B805-32652EA67D1D}.AppStore|iPhoneSimulator.ActiveCfg = Release|Any CPU
		{8BC9AE3B-A6ED-4080-B805-32652EA67D1D}.AppStore|Mixed Platforms.ActiveCfg = Release|x86
		{8BC9AE3B-A6ED-4080-B805-32652EA67D1D}.AppStore|Mixed Platforms.Build.0 = Release|x86
		{8BC9AE3B-A6ED-4080-B805-32652EA67D1D}.AppStore|Mixed Platforms.Deploy.0 = Release|x86
		{8BC9AE3B-A6ED-4080-B805-32652EA67D1D}.AppStore|x86.ActiveCfg = Release|x86
		{8BC9AE3B-A6ED-4080-B805-32652EA67D1D}.AppStore|x86.Build.0 = Release|x86
		{8BC9AE3B-A6ED-4080-B805-32652EA67D1D}.AppStore|x86.Deploy.0 = Release|x86
		{8BC9AE3B-A6ED-4080-B805-32652EA67D1D}.Debug|Any CPU.ActiveCfg = Debug|Any CPU
		{8BC9AE3B-A6ED-4080-B805-32652EA67D1D}.Debug|Any CPU.Build.0 = Debug|Any CPU
		{8BC9AE3B-A6ED-4080-B805-32652EA67D1D}.Debug|Any CPU.Deploy.0 = Debug|Any CPU
		{8BC9AE3B-A6ED-4080-B805-32652EA67D1D}.Debug|ARM.ActiveCfg = Debug|ARM
		{8BC9AE3B-A6ED-4080-B805-32652EA67D1D}.Debug|ARM.Build.0 = Debug|ARM
		{8BC9AE3B-A6ED-4080-B805-32652EA67D1D}.Debug|ARM.Deploy.0 = Debug|ARM
		{8BC9AE3B-A6ED-4080-B805-32652EA67D1D}.Debug|iPhone.ActiveCfg = Debug|Any CPU
		{8BC9AE3B-A6ED-4080-B805-32652EA67D1D}.Debug|iPhoneSimulator.ActiveCfg = Debug|Any CPU
		{8BC9AE3B-A6ED-4080-B805-32652EA67D1D}.Debug|Mixed Platforms.ActiveCfg = Debug|x86
		{8BC9AE3B-A6ED-4080-B805-32652EA67D1D}.Debug|Mixed Platforms.Build.0 = Debug|x86
		{8BC9AE3B-A6ED-4080-B805-32652EA67D1D}.Debug|Mixed Platforms.Deploy.0 = Debug|x86
		{8BC9AE3B-A6ED-4080-B805-32652EA67D1D}.Debug|x86.ActiveCfg = Debug|x86
		{8BC9AE3B-A6ED-4080-B805-32652EA67D1D}.Debug|x86.Build.0 = Debug|x86
		{8BC9AE3B-A6ED-4080-B805-32652EA67D1D}.Debug|x86.Deploy.0 = Debug|x86
		{8BC9AE3B-A6ED-4080-B805-32652EA67D1D}.Release|Any CPU.ActiveCfg = Release|Any CPU
		{8BC9AE3B-A6ED-4080-B805-32652EA67D1D}.Release|Any CPU.Build.0 = Release|Any CPU
		{8BC9AE3B-A6ED-4080-B805-32652EA67D1D}.Release|Any CPU.Deploy.0 = Release|Any CPU
		{8BC9AE3B-A6ED-4080-B805-32652EA67D1D}.Release|ARM.ActiveCfg = Release|ARM
		{8BC9AE3B-A6ED-4080-B805-32652EA67D1D}.Release|ARM.Build.0 = Release|ARM
		{8BC9AE3B-A6ED-4080-B805-32652EA67D1D}.Release|ARM.Deploy.0 = Release|ARM
		{8BC9AE3B-A6ED-4080-B805-32652EA67D1D}.Release|iPhone.ActiveCfg = Release|Any CPU
		{8BC9AE3B-A6ED-4080-B805-32652EA67D1D}.Release|iPhoneSimulator.ActiveCfg = Release|Any CPU
		{8BC9AE3B-A6ED-4080-B805-32652EA67D1D}.Release|Mixed Platforms.ActiveCfg = Release|x86
		{8BC9AE3B-A6ED-4080-B805-32652EA67D1D}.Release|Mixed Platforms.Build.0 = Release|x86
		{8BC9AE3B-A6ED-4080-B805-32652EA67D1D}.Release|Mixed Platforms.Deploy.0 = Release|x86
		{8BC9AE3B-A6ED-4080-B805-32652EA67D1D}.Release|x86.ActiveCfg = Release|x86
		{8BC9AE3B-A6ED-4080-B805-32652EA67D1D}.Release|x86.Build.0 = Release|x86
		{8BC9AE3B-A6ED-4080-B805-32652EA67D1D}.Release|x86.Deploy.0 = Release|x86
	EndGlobalSection
	GlobalSection(SolutionProperties) = preSolution
		HideSolutionNode = FALSE
	EndGlobalSection
EndGlobal
