
Microsoft Visual Studio Solution File, Format Version 12.00
# Visual Studio 2013
VisualStudioVersion = 12.0.31101.0
MinimumVisualStudioVersion = 10.0.40219.1
Project("{FAE04EC0-301F-11D3-BF4B-00C04F79EFBC}") = "BlackCat", "BlackCat\BlackCat\BlackCat.csproj", "{C7884490-0C16-465C-92CD-A563F3B30A21}"
EndProject
Project("{FAE04EC0-301F-11D3-BF4B-00C04F79EFBC}") = "BlackCat.iOS", "BlackCat\BlackCat.iOS\BlackCat.iOS.csproj", "{27CE06EC-3A1C-483A-85D9-EFF2FAC4928E}"
EndProject
Project("{FAE04EC0-301F-11D3-BF4B-00C04F79EFBC}") = "BlackCat.Droid", "BlackCat\BlackCat.Droid\BlackCat.Droid.csproj", "{3A6D2C32-20F5-4CAF-BCEE-3CF239072A67}"
EndProject
Project("{FAE04EC0-301F-11D3-BF4B-00C04F79EFBC}") = "BlackCat.WinPhone", "BlackCat\BlackCat.WinPhone\BlackCat.WinPhone.csproj", "{C688EFBC-345F-467C-AC65-1E3A95FB7A55}"
EndProject
Global
	GlobalSection(SolutionConfigurationPlatforms) = preSolution
		Ad-Hoc|Any CPU = Ad-Hoc|Any CPU
		Ad-Hoc|ARM = Ad-Hoc|ARM
		Ad-Hoc|iPhone = Ad-Hoc|iPhone
		Ad-Hoc|iPhoneSimulator = Ad-Hoc|iPhoneSimulator
		Ad-Hoc|Mixed Platforms = Ad-Hoc|Mixed Platforms
		Ad-Hoc|x86 = Ad-Hoc|x86
		AppStore|Any CPU = AppStore|Any CPU
		AppStore|ARM = AppStore|ARM
		AppStore|iPhone = AppStore|iPhone
		AppStore|iPhoneSimulator = AppStore|iPhoneSimulator
		AppStore|Mixed Platforms = AppStore|Mixed Platforms
		AppStore|x86 = AppStore|x86
		Debug|Any CPU = Debug|Any CPU
		Debug|ARM = Debug|ARM
		Debug|iPhone = Debug|iPhone
		Debug|iPhoneSimulator = Debug|iPhoneSimulator
		Debug|Mixed Platforms = Debug|Mixed Platforms
		Debug|x86 = Debug|x86
		Release|Any CPU = Release|Any CPU
		Release|ARM = Release|ARM
		Release|iPhone = Release|iPhone
		Release|iPhoneSimulator = Release|iPhoneSimulator
		Release|Mixed Platforms = Release|Mixed Platforms
		Release|x86 = Release|x86
	EndGlobalSection
	GlobalSection(ProjectConfigurationPlatforms) = postSolution
		{C7884490-0C16-465C-92CD-A563F3B30A21}.Ad-Hoc|Any CPU.ActiveCfg = Release|Any CPU
		{C7884490-0C16-465C-92CD-A563F3B30A21}.Ad-Hoc|Any CPU.Build.0 = Release|Any CPU
		{C7884490-0C16-465C-92CD-A563F3B30A21}.Ad-Hoc|ARM.ActiveCfg = Release|Any CPU
		{C7884490-0C16-465C-92CD-A563F3B30A21}.Ad-Hoc|iPhone.ActiveCfg = Release|Any CPU
		{C7884490-0C16-465C-92CD-A563F3B30A21}.Ad-Hoc|iPhoneSimulator.ActiveCfg = Release|Any CPU
		{C7884490-0C16-465C-92CD-A563F3B30A21}.Ad-Hoc|Mixed Platforms.ActiveCfg = Release|Any CPU
		{C7884490-0C16-465C-92CD-A563F3B30A21}.Ad-Hoc|Mixed Platforms.Build.0 = Release|Any CPU
		{C7884490-0C16-465C-92CD-A563F3B30A21}.Ad-Hoc|x86.ActiveCfg = Release|Any CPU
		{C7884490-0C16-465C-92CD-A563F3B30A21}.AppStore|Any CPU.ActiveCfg = Release|Any CPU
		{C7884490-0C16-465C-92CD-A563F3B30A21}.AppStore|Any CPU.Build.0 = Release|Any CPU
		{C7884490-0C16-465C-92CD-A563F3B30A21}.AppStore|ARM.ActiveCfg = Release|Any CPU
		{C7884490-0C16-465C-92CD-A563F3B30A21}.AppStore|iPhone.ActiveCfg = Release|Any CPU
		{C7884490-0C16-465C-92CD-A563F3B30A21}.AppStore|iPhoneSimulator.ActiveCfg = Release|Any CPU
		{C7884490-0C16-465C-92CD-A563F3B30A21}.AppStore|Mixed Platforms.ActiveCfg = Release|Any CPU
		{C7884490-0C16-465C-92CD-A563F3B30A21}.AppStore|Mixed Platforms.Build.0 = Release|Any CPU
		{C7884490-0C16-465C-92CD-A563F3B30A21}.AppStore|x86.ActiveCfg = Release|Any CPU
		{C7884490-0C16-465C-92CD-A563F3B30A21}.Debug|Any CPU.ActiveCfg = Debug|Any CPU
		{C7884490-0C16-465C-92CD-A563F3B30A21}.Debug|Any CPU.Build.0 = Debug|Any CPU
		{C7884490-0C16-465C-92CD-A563F3B30A21}.Debug|ARM.ActiveCfg = Debug|Any CPU
		{C7884490-0C16-465C-92CD-A563F3B30A21}.Debug|iPhone.ActiveCfg = Debug|Any CPU
		{C7884490-0C16-465C-92CD-A563F3B30A21}.Debug|iPhoneSimulator.ActiveCfg = Debug|Any CPU
		{C7884490-0C16-465C-92CD-A563F3B30A21}.Debug|Mixed Platforms.ActiveCfg = Debug|Any CPU
		{C7884490-0C16-465C-92CD-A563F3B30A21}.Debug|Mixed Platforms.Build.0 = Debug|Any CPU
		{C7884490-0C16-465C-92CD-A563F3B30A21}.Debug|x86.ActiveCfg = Debug|Any CPU
		{C7884490-0C16-465C-92CD-A563F3B30A21}.Release|Any CPU.ActiveCfg = Release|Any CPU
		{C7884490-0C16-465C-92CD-A563F3B30A21}.Release|Any CPU.Build.0 = Release|Any CPU
		{C7884490-0C16-465C-92CD-A563F3B30A21}.Release|ARM.ActiveCfg = Release|Any CPU
		{C7884490-0C16-465C-92CD-A563F3B30A21}.Release|iPhone.ActiveCfg = Release|Any CPU
		{C7884490-0C16-465C-92CD-A563F3B30A21}.Release|iPhoneSimulator.ActiveCfg = Release|Any CPU
		{C7884490-0C16-465C-92CD-A563F3B30A21}.Release|Mixed Platforms.ActiveCfg = Release|Any CPU
		{C7884490-0C16-465C-92CD-A563F3B30A21}.Release|Mixed Platforms.Build.0 = Release|Any CPU
		{C7884490-0C16-465C-92CD-A563F3B30A21}.Release|x86.ActiveCfg = Release|Any CPU
		{27CE06EC-3A1C-483A-85D9-EFF2FAC4928E}.Ad-Hoc|Any CPU.ActiveCfg = Ad-Hoc|iPhone
		{27CE06EC-3A1C-483A-85D9-EFF2FAC4928E}.Ad-Hoc|ARM.ActiveCfg = Ad-Hoc|iPhone
		{27CE06EC-3A1C-483A-85D9-EFF2FAC4928E}.Ad-Hoc|iPhone.ActiveCfg = Ad-Hoc|iPhone
		{27CE06EC-3A1C-483A-85D9-EFF2FAC4928E}.Ad-Hoc|iPhone.Build.0 = Ad-Hoc|iPhone
		{27CE06EC-3A1C-483A-85D9-EFF2FAC4928E}.Ad-Hoc|iPhoneSimulator.ActiveCfg = Ad-Hoc|iPhoneSimulator
		{27CE06EC-3A1C-483A-85D9-EFF2FAC4928E}.Ad-Hoc|iPhoneSimulator.Build.0 = Ad-Hoc|iPhoneSimulator
		{27CE06EC-3A1C-483A-85D9-EFF2FAC4928E}.Ad-Hoc|Mixed Platforms.ActiveCfg = Ad-Hoc|iPhone
		{27CE06EC-3A1C-483A-85D9-EFF2FAC4928E}.Ad-Hoc|Mixed Platforms.Build.0 = Ad-Hoc|iPhone
		{27CE06EC-3A1C-483A-85D9-EFF2FAC4928E}.Ad-Hoc|x86.ActiveCfg = Ad-Hoc|iPhone
		{27CE06EC-3A1C-483A-85D9-EFF2FAC4928E}.AppStore|Any CPU.ActiveCfg = AppStore|iPhone
		{27CE06EC-3A1C-483A-85D9-EFF2FAC4928E}.AppStore|ARM.ActiveCfg = AppStore|iPhone
		{27CE06EC-3A1C-483A-85D9-EFF2FAC4928E}.AppStore|iPhone.ActiveCfg = AppStore|iPhone
		{27CE06EC-3A1C-483A-85D9-EFF2FAC4928E}.AppStore|iPhone.Build.0 = AppStore|iPhone
		{27CE06EC-3A1C-483A-85D9-EFF2FAC4928E}.AppStore|iPhoneSimulator.ActiveCfg = AppStore|iPhoneSimulator
		{27CE06EC-3A1C-483A-85D9-EFF2FAC4928E}.AppStore|iPhoneSimulator.Build.0 = AppStore|iPhoneSimulator
		{27CE06EC-3A1C-483A-85D9-EFF2FAC4928E}.AppStore|Mixed Platforms.ActiveCfg = AppStore|iPhone
		{27CE06EC-3A1C-483A-85D9-EFF2FAC4928E}.AppStore|Mixed Platforms.Build.0 = AppStore|iPhone
		{27CE06EC-3A1C-483A-85D9-EFF2FAC4928E}.AppStore|x86.ActiveCfg = AppStore|iPhone
		{27CE06EC-3A1C-483A-85D9-EFF2FAC4928E}.Debug|Any CPU.ActiveCfg = Debug|iPhone
		{27CE06EC-3A1C-483A-85D9-EFF2FAC4928E}.Debug|ARM.ActiveCfg = Debug|iPhone
		{27CE06EC-3A1C-483A-85D9-EFF2FAC4928E}.Debug|iPhone.ActiveCfg = Debug|iPhone
		{27CE06EC-3A1C-483A-85D9-EFF2FAC4928E}.Debug|iPhone.Build.0 = Debug|iPhone
		{27CE06EC-3A1C-483A-85D9-EFF2FAC4928E}.Debug|iPhoneSimulator.ActiveCfg = Debug|iPhoneSimulator
		{27CE06EC-3A1C-483A-85D9-EFF2FAC4928E}.Debug|iPhoneSimulator.Build.0 = Debug|iPhoneSimulator
		{27CE06EC-3A1C-483A-85D9-EFF2FAC4928E}.Debug|Mixed Platforms.ActiveCfg = Debug|iPhone
		{27CE06EC-3A1C-483A-85D9-EFF2FAC4928E}.Debug|Mixed Platforms.Build.0 = Debug|iPhone
		{27CE06EC-3A1C-483A-85D9-EFF2FAC4928E}.Debug|x86.ActiveCfg = Debug|iPhone
		{27CE06EC-3A1C-483A-85D9-EFF2FAC4928E}.Release|Any CPU.ActiveCfg = Release|iPhone
		{27CE06EC-3A1C-483A-85D9-EFF2FAC4928E}.Release|ARM.ActiveCfg = Release|iPhone
		{27CE06EC-3A1C-483A-85D9-EFF2FAC4928E}.Release|iPhone.ActiveCfg = Release|iPhone
		{27CE06EC-3A1C-483A-85D9-EFF2FAC4928E}.Release|iPhone.Build.0 = Release|iPhone
		{27CE06EC-3A1C-483A-85D9-EFF2FAC4928E}.Release|iPhoneSimulator.ActiveCfg = Release|iPhoneSimulator
		{27CE06EC-3A1C-483A-85D9-EFF2FAC4928E}.Release|iPhoneSimulator.Build.0 = Release|iPhoneSimulator
		{27CE06EC-3A1C-483A-85D9-EFF2FAC4928E}.Release|Mixed Platforms.ActiveCfg = Release|iPhone
		{27CE06EC-3A1C-483A-85D9-EFF2FAC4928E}.Release|Mixed Platforms.Build.0 = Release|iPhone
		{27CE06EC-3A1C-483A-85D9-EFF2FAC4928E}.Release|x86.ActiveCfg = Release|iPhone
		{3A6D2C32-20F5-4CAF-BCEE-3CF239072A67}.Ad-Hoc|Any CPU.ActiveCfg = Release|Any CPU
		{3A6D2C32-20F5-4CAF-BCEE-3CF239072A67}.Ad-Hoc|Any CPU.Build.0 = Release|Any CPU
		{3A6D2C32-20F5-4CAF-BCEE-3CF239072A67}.Ad-Hoc|Any CPU.Deploy.0 = Release|Any CPU
		{3A6D2C32-20F5-4CAF-BCEE-3CF239072A67}.Ad-Hoc|ARM.ActiveCfg = Release|Any CPU
		{3A6D2C32-20F5-4CAF-BCEE-3CF239072A67}.Ad-Hoc|iPhone.ActiveCfg = Release|Any CPU
		{3A6D2C32-20F5-4CAF-BCEE-3CF239072A67}.Ad-Hoc|iPhoneSimulator.ActiveCfg = Release|Any CPU
		{3A6D2C32-20F5-4CAF-BCEE-3CF239072A67}.Ad-Hoc|Mixed Platforms.ActiveCfg = Release|Any CPU
		{3A6D2C32-20F5-4CAF-BCEE-3CF239072A67}.Ad-Hoc|Mixed Platforms.Build.0 = Release|Any CPU
		{3A6D2C32-20F5-4CAF-BCEE-3CF239072A67}.Ad-Hoc|Mixed Platforms.Deploy.0 = Release|Any CPU
		{3A6D2C32-20F5-4CAF-BCEE-3CF239072A67}.Ad-Hoc|x86.ActiveCfg = Release|Any CPU
		{3A6D2C32-20F5-4CAF-BCEE-3CF239072A67}.AppStore|Any CPU.ActiveCfg = Release|Any CPU
		{3A6D2C32-20F5-4CAF-BCEE-3CF239072A67}.AppStore|Any CPU.Build.0 = Release|Any CPU
		{3A6D2C32-20F5-4CAF-BCEE-3CF239072A67}.AppStore|Any CPU.Deploy.0 = Release|Any CPU
		{3A6D2C32-20F5-4CAF-BCEE-3CF239072A67}.AppStore|ARM.ActiveCfg = Release|Any CPU
		{3A6D2C32-20F5-4CAF-BCEE-3CF239072A67}.AppStore|iPhone.ActiveCfg = Release|Any CPU
		{3A6D2C32-20F5-4CAF-BCEE-3CF239072A67}.AppStore|iPhoneSimulator.ActiveCfg = Release|Any CPU
		{3A6D2C32-20F5-4CAF-BCEE-3CF239072A67}.AppStore|Mixed Platforms.ActiveCfg = Release|Any CPU
		{3A6D2C32-20F5-4CAF-BCEE-3CF239072A67}.AppStore|Mixed Platforms.Build.0 = Release|Any CPU
		{3A6D2C32-20F5-4CAF-BCEE-3CF239072A67}.AppStore|Mixed Platforms.Deploy.0 = Release|Any CPU
		{3A6D2C32-20F5-4CAF-BCEE-3CF239072A67}.AppStore|x86.ActiveCfg = Release|Any CPU
		{3A6D2C32-20F5-4CAF-BCEE-3CF239072A67}.Debug|Any CPU.ActiveCfg = Debug|Any CPU
		{3A6D2C32-20F5-4CAF-BCEE-3CF239072A67}.Debug|Any CPU.Build.0 = Debug|Any CPU
		{3A6D2C32-20F5-4CAF-BCEE-3CF239072A67}.Debug|Any CPU.Deploy.0 = Debug|Any CPU
		{3A6D2C32-20F5-4CAF-BCEE-3CF239072A67}.Debug|ARM.ActiveCfg = Debug|Any CPU
		{3A6D2C32-20F5-4CAF-BCEE-3CF239072A67}.Debug|iPhone.ActiveCfg = Debug|Any CPU
		{3A6D2C32-20F5-4CAF-BCEE-3CF239072A67}.Debug|iPhoneSimulator.ActiveCfg = Debug|Any CPU
		{3A6D2C32-20F5-4CAF-BCEE-3CF239072A67}.Debug|Mixed Platforms.ActiveCfg = Debug|Any CPU
		{3A6D2C32-20F5-4CAF-BCEE-3CF239072A67}.Debug|Mixed Platforms.Build.0 = Debug|Any CPU
		{3A6D2C32-20F5-4CAF-BCEE-3CF239072A67}.Debug|Mixed Platforms.Deploy.0 = Debug|Any CPU
		{3A6D2C32-20F5-4CAF-BCEE-3CF239072A67}.Debug|x86.ActiveCfg = Debug|Any CPU
		{3A6D2C32-20F5-4CAF-BCEE-3CF239072A67}.Release|Any CPU.ActiveCfg = Release|Any CPU
		{3A6D2C32-20F5-4CAF-BCEE-3CF239072A67}.Release|Any CPU.Build.0 = Release|Any CPU
		{3A6D2C32-20F5-4CAF-BCEE-3CF239072A67}.Release|Any CPU.Deploy.0 = Release|Any CPU
		{3A6D2C32-20F5-4CAF-BCEE-3CF239072A67}.Release|ARM.ActiveCfg = Release|Any CPU
		{3A6D2C32-20F5-4CAF-BCEE-3CF239072A67}.Release|iPhone.ActiveCfg = Release|Any CPU
		{3A6D2C32-20F5-4CAF-BCEE-3CF239072A67}.Release|iPhoneSimulator.ActiveCfg = Release|Any CPU
		{3A6D2C32-20F5-4CAF-BCEE-3CF239072A67}.Release|Mixed Platforms.ActiveCfg = Release|Any CPU
		{3A6D2C32-20F5-4CAF-BCEE-3CF239072A67}.Release|Mixed Platforms.Build.0 = Release|Any CPU
		{3A6D2C32-20F5-4CAF-BCEE-3CF239072A67}.Release|Mixed Platforms.Deploy.0 = Release|Any CPU
		{3A6D2C32-20F5-4CAF-BCEE-3CF239072A67}.Release|x86.ActiveCfg = Release|Any CPU
		{C688EFBC-345F-467C-AC65-1E3A95FB7A55}.Ad-Hoc|Any CPU.ActiveCfg = Release|Any CPU
		{C688EFBC-345F-467C-AC65-1E3A95FB7A55}.Ad-Hoc|Any CPU.Build.0 = Release|Any CPU
		{C688EFBC-345F-467C-AC65-1E3A95FB7A55}.Ad-Hoc|Any CPU.Deploy.0 = Release|Any CPU
		{C688EFBC-345F-467C-AC65-1E3A95FB7A55}.Ad-Hoc|ARM.ActiveCfg = Release|ARM
		{C688EFBC-345F-467C-AC65-1E3A95FB7A55}.Ad-Hoc|ARM.Build.0 = Release|ARM
		{C688EFBC-345F-467C-AC65-1E3A95FB7A55}.Ad-Hoc|ARM.Deploy.0 = Release|ARM
		{C688EFBC-345F-467C-AC65-1E3A95FB7A55}.Ad-Hoc|iPhone.ActiveCfg = Release|Any CPU
		{C688EFBC-345F-467C-AC65-1E3A95FB7A55}.Ad-Hoc|iPhoneSimulator.ActiveCfg = Release|Any CPU
		{C688EFBC-345F-467C-AC65-1E3A95FB7A55}.Ad-Hoc|Mixed Platforms.ActiveCfg = Release|x86
		{C688EFBC-345F-467C-AC65-1E3A95FB7A55}.Ad-Hoc|Mixed Platforms.Build.0 = Release|x86
		{C688EFBC-345F-467C-AC65-1E3A95FB7A55}.Ad-Hoc|Mixed Platforms.Deploy.0 = Release|x86
		{C688EFBC-345F-467C-AC65-1E3A95FB7A55}.Ad-Hoc|x86.ActiveCfg = Release|x86
		{C688EFBC-345F-467C-AC65-1E3A95FB7A55}.Ad-Hoc|x86.Build.0 = Release|x86
		{C688EFBC-345F-467C-AC65-1E3A95FB7A55}.Ad-Hoc|x86.Deploy.0 = Release|x86
		{C688EFBC-345F-467C-AC65-1E3A95FB7A55}.AppStore|Any CPU.ActiveCfg = Release|Any CPU
		{C688EFBC-345F-467C-AC65-1E3A95FB7A55}.AppStore|Any CPU.Build.0 = Release|Any CPU
		{C688EFBC-345F-467C-AC65-1E3A95FB7A55}.AppStore|Any CPU.Deploy.0 = Release|Any CPU
		{C688EFBC-345F-467C-AC65-1E3A95FB7A55}.AppStore|ARM.ActiveCfg = Release|ARM
		{C688EFBC-345F-467C-AC65-1E3A95FB7A55}.AppStore|ARM.Build.0 = Release|ARM
		{C688EFBC-345F-467C-AC65-1E3A95FB7A55}.AppStore|ARM.Deploy.0 = Release|ARM
		{C688EFBC-345F-467C-AC65-1E3A95FB7A55}.AppStore|iPhone.ActiveCfg = Release|Any CPU
		{C688EFBC-345F-467C-AC65-1E3A95FB7A55}.AppStore|iPhoneSimulator.ActiveCfg = Release|Any CPU
		{C688EFBC-345F-467C-AC65-1E3A95FB7A55}.AppStore|Mixed Platforms.ActiveCfg = Release|x86
		{C688EFBC-345F-467C-AC65-1E3A95FB7A55}.AppStore|Mixed Platforms.Build.0 = Release|x86
		{C688EFBC-345F-467C-AC65-1E3A95FB7A55}.AppStore|Mixed Platforms.Deploy.0 = Release|x86
		{C688EFBC-345F-467C-AC65-1E3A95FB7A55}.AppStore|x86.ActiveCfg = Release|x86
		{C688EFBC-345F-467C-AC65-1E3A95FB7A55}.AppStore|x86.Build.0 = Release|x86
		{C688EFBC-345F-467C-AC65-1E3A95FB7A55}.AppStore|x86.Deploy.0 = Release|x86
		{C688EFBC-345F-467C-AC65-1E3A95FB7A55}.Debug|Any CPU.ActiveCfg = Debug|Any CPU
		{C688EFBC-345F-467C-AC65-1E3A95FB7A55}.Debug|Any CPU.Build.0 = Debug|Any CPU
		{C688EFBC-345F-467C-AC65-1E3A95FB7A55}.Debug|Any CPU.Deploy.0 = Debug|Any CPU
		{C688EFBC-345F-467C-AC65-1E3A95FB7A55}.Debug|ARM.ActiveCfg = Debug|ARM
		{C688EFBC-345F-467C-AC65-1E3A95FB7A55}.Debug|ARM.Build.0 = Debug|ARM
		{C688EFBC-345F-467C-AC65-1E3A95FB7A55}.Debug|ARM.Deploy.0 = Debug|ARM
		{C688EFBC-345F-467C-AC65-1E3A95FB7A55}.Debug|iPhone.ActiveCfg = Debug|Any CPU
		{C688EFBC-345F-467C-AC65-1E3A95FB7A55}.Debug|iPhoneSimulator.ActiveCfg = Debug|Any CPU
		{C688EFBC-345F-467C-AC65-1E3A95FB7A55}.Debug|Mixed Platforms.ActiveCfg = Debug|x86
		{C688EFBC-345F-467C-AC65-1E3A95FB7A55}.Debug|Mixed Platforms.Build.0 = Debug|x86
		{C688EFBC-345F-467C-AC65-1E3A95FB7A55}.Debug|Mixed Platforms.Deploy.0 = Debug|x86
		{C688EFBC-345F-467C-AC65-1E3A95FB7A55}.Debug|x86.ActiveCfg = Debug|x86
		{C688EFBC-345F-467C-AC65-1E3A95FB7A55}.Debug|x86.Build.0 = Debug|x86
		{C688EFBC-345F-467C-AC65-1E3A95FB7A55}.Debug|x86.Deploy.0 = Debug|x86
		{C688EFBC-345F-467C-AC65-1E3A95FB7A55}.Release|Any CPU.ActiveCfg = Release|Any CPU
		{C688EFBC-345F-467C-AC65-1E3A95FB7A55}.Release|Any CPU.Build.0 = Release|Any CPU
		{C688EFBC-345F-467C-AC65-1E3A95FB7A55}.Release|Any CPU.Deploy.0 = Release|Any CPU
		{C688EFBC-345F-467C-AC65-1E3A95FB7A55}.Release|ARM.ActiveCfg = Release|ARM
		{C688EFBC-345F-467C-AC65-1E3A95FB7A55}.Release|ARM.Build.0 = Release|ARM
		{C688EFBC-345F-467C-AC65-1E3A95FB7A55}.Release|ARM.Deploy.0 = Release|ARM
		{C688EFBC-345F-467C-AC65-1E3A95FB7A55}.Release|iPhone.ActiveCfg = Release|Any CPU
		{C688EFBC-345F-467C-AC65-1E3A95FB7A55}.Release|iPhoneSimulator.ActiveCfg = Release|Any CPU
		{C688EFBC-345F-467C-AC65-1E3A95FB7A55}.Release|Mixed Platforms.ActiveCfg = Release|x86
		{C688EFBC-345F-467C-AC65-1E3A95FB7A55}.Release|Mixed Platforms.Build.0 = Release|x86
		{C688EFBC-345F-467C-AC65-1E3A95FB7A55}.Release|Mixed Platforms.Deploy.0 = Release|x86
		{C688EFBC-345F-467C-AC65-1E3A95FB7A55}.Release|x86.ActiveCfg = Release|x86
		{C688EFBC-345F-467C-AC65-1E3A95FB7A55}.Release|x86.Build.0 = Release|x86
		{C688EFBC-345F-467C-AC65-1E3A95FB7A55}.Release|x86.Deploy.0 = Release|x86
	EndGlobalSection
	GlobalSection(SolutionProperties) = preSolution
		HideSolutionNode = FALSE
	EndGlobalSection
EndGlobal
