
Microsoft Visual Studio Solution File, Format Version 12.00
# Visual Studio 2013
VisualStudioVersion = 12.0.31101.0
MinimumVisualStudioVersion = 10.0.40219.1
Project("{FAE04EC0-301F-11D3-BF4B-00C04F79EFBC}") = "DisplayPlatformInfo", "DisplayPlatformInfo\DisplayPlatformInfo\DisplayPlatformInfo.csproj", "{F50C8678-E812-413F-A630-60CE6DE2C43E}"
EndProject
Project("{FAE04EC0-301F-11D3-BF4B-00C04F79EFBC}") = "DisplayPlatformInfo.iOS", "DisplayPlatformInfo\DisplayPlatformInfo.iOS\DisplayPlatformInfo.iOS.csproj", "{E44DB4C2-0205-489F-A97C-8E21643ABED1}"
EndProject
Project("{FAE04EC0-301F-11D3-BF4B-00C04F79EFBC}") = "DisplayPlatformInfo.Droid", "DisplayPlatformInfo\DisplayPlatformInfo.Droid\DisplayPlatformInfo.Droid.csproj", "{00538530-B029-41E1-8B25-FB0E0662DF8B}"
EndProject
Project("{FAE04EC0-301F-11D3-BF4B-00C04F79EFBC}") = "DisplayPlatformInfo.WinPhone", "DisplayPlatformInfo\DisplayPlatformInfo.WinPhone\DisplayPlatformInfo.WinPhone.csproj", "{497DF37F-BC5C-446B-91D0-CEA7128E3B20}"
EndProject
Global
	GlobalSection(SolutionConfigurationPlatforms) = preSolution
		Ad-Hoc|Any CPU = Ad-Hoc|Any CPU
		Ad-Hoc|ARM = Ad-Hoc|ARM
		Ad-Hoc|iPhone = Ad-Hoc|iPhone
		Ad-Hoc|iPhoneSimulator = Ad-Hoc|iPhoneSimulator
		Ad-Hoc|Mixed Platforms = Ad-Hoc|Mixed Platforms
		Ad-Hoc|x86 = Ad-Hoc|x86
		AppStore|Any CPU = AppStore|Any CPU
		AppStore|ARM = AppStore|ARM
		AppStore|iPhone = AppStore|iPhone
		AppStore|iPhoneSimulator = AppStore|iPhoneSimulator
		AppStore|Mixed Platforms = AppStore|Mixed Platforms
		AppStore|x86 = AppStore|x86
		Debug|Any CPU = Debug|Any CPU
		Debug|ARM = Debug|ARM
		Debug|iPhone = Debug|iPhone
		Debug|iPhoneSimulator = Debug|iPhoneSimulator
		Debug|Mixed Platforms = Debug|Mixed Platforms
		Debug|x86 = Debug|x86
		Release|Any CPU = Release|Any CPU
		Release|ARM = Release|ARM
		Release|iPhone = Release|iPhone
		Release|iPhoneSimulator = Release|iPhoneSimulator
		Release|Mixed Platforms = Release|Mixed Platforms
		Release|x86 = Release|x86
	EndGlobalSection
	GlobalSection(ProjectConfigurationPlatforms) = postSolution
		{F50C8678-E812-413F-A630-60CE6DE2C43E}.Ad-Hoc|Any CPU.ActiveCfg = Release|Any CPU
		{F50C8678-E812-413F-A630-60CE6DE2C43E}.Ad-Hoc|Any CPU.Build.0 = Release|Any CPU
		{F50C8678-E812-413F-A630-60CE6DE2C43E}.Ad-Hoc|ARM.ActiveCfg = Release|Any CPU
		{F50C8678-E812-413F-A630-60CE6DE2C43E}.Ad-Hoc|iPhone.ActiveCfg = Release|Any CPU
		{F50C8678-E812-413F-A630-60CE6DE2C43E}.Ad-Hoc|iPhoneSimulator.ActiveCfg = Release|Any CPU
		{F50C8678-E812-413F-A630-60CE6DE2C43E}.Ad-Hoc|Mixed Platforms.ActiveCfg = Release|Any CPU
		{F50C8678-E812-413F-A630-60CE6DE2C43E}.Ad-Hoc|Mixed Platforms.Build.0 = Release|Any CPU
		{F50C8678-E812-413F-A630-60CE6DE2C43E}.Ad-Hoc|x86.ActiveCfg = Release|Any CPU
		{F50C8678-E812-413F-A630-60CE6DE2C43E}.AppStore|Any CPU.ActiveCfg = Release|Any CPU
		{F50C8678-E812-413F-A630-60CE6DE2C43E}.AppStore|Any CPU.Build.0 = Release|Any CPU
		{F50C8678-E812-413F-A630-60CE6DE2C43E}.AppStore|ARM.ActiveCfg = Release|Any CPU
		{F50C8678-E812-413F-A630-60CE6DE2C43E}.AppStore|iPhone.ActiveCfg = Release|Any CPU
		{F50C8678-E812-413F-A630-60CE6DE2C43E}.AppStore|iPhoneSimulator.ActiveCfg = Release|Any CPU
		{F50C8678-E812-413F-A630-60CE6DE2C43E}.AppStore|Mixed Platforms.ActiveCfg = Release|Any CPU
		{F50C8678-E812-413F-A630-60CE6DE2C43E}.AppStore|Mixed Platforms.Build.0 = Release|Any CPU
		{F50C8678-E812-413F-A630-60CE6DE2C43E}.AppStore|x86.ActiveCfg = Release|Any CPU
		{F50C8678-E812-413F-A630-60CE6DE2C43E}.Debug|Any CPU.ActiveCfg = Debug|Any CPU
		{F50C8678-E812-413F-A630-60CE6DE2C43E}.Debug|Any CPU.Build.0 = Debug|Any CPU
		{F50C8678-E812-413F-A630-60CE6DE2C43E}.Debug|ARM.ActiveCfg = Debug|Any CPU
		{F50C8678-E812-413F-A630-60CE6DE2C43E}.Debug|iPhone.ActiveCfg = Debug|Any CPU
		{F50C8678-E812-413F-A630-60CE6DE2C43E}.Debug|iPhoneSimulator.ActiveCfg = Debug|Any CPU
		{F50C8678-E812-413F-A630-60CE6DE2C43E}.Debug|Mixed Platforms.ActiveCfg = Debug|Any CPU
		{F50C8678-E812-413F-A630-60CE6DE2C43E}.Debug|Mixed Platforms.Build.0 = Debug|Any CPU
		{F50C8678-E812-413F-A630-60CE6DE2C43E}.Debug|x86.ActiveCfg = Debug|Any CPU
		{F50C8678-E812-413F-A630-60CE6DE2C43E}.Release|Any CPU.ActiveCfg = Release|Any CPU
		{F50C8678-E812-413F-A630-60CE6DE2C43E}.Release|Any CPU.Build.0 = Release|Any CPU
		{F50C8678-E812-413F-A630-60CE6DE2C43E}.Release|ARM.ActiveCfg = Release|Any CPU
		{F50C8678-E812-413F-A630-60CE6DE2C43E}.Release|iPhone.ActiveCfg = Release|Any CPU
		{F50C8678-E812-413F-A630-60CE6DE2C43E}.Release|iPhoneSimulator.ActiveCfg = Release|Any CPU
		{F50C8678-E812-413F-A630-60CE6DE2C43E}.Release|Mixed Platforms.ActiveCfg = Release|Any CPU
		{F50C8678-E812-413F-A630-60CE6DE2C43E}.Release|Mixed Platforms.Build.0 = Release|Any CPU
		{F50C8678-E812-413F-A630-60CE6DE2C43E}.Release|x86.ActiveCfg = Release|Any CPU
		{E44DB4C2-0205-489F-A97C-8E21643ABED1}.Ad-Hoc|Any CPU.ActiveCfg = Ad-Hoc|iPhone
		{E44DB4C2-0205-489F-A97C-8E21643ABED1}.Ad-Hoc|ARM.ActiveCfg = Ad-Hoc|iPhone
		{E44DB4C2-0205-489F-A97C-8E21643ABED1}.Ad-Hoc|iPhone.ActiveCfg = Ad-Hoc|iPhone
		{E44DB4C2-0205-489F-A97C-8E21643ABED1}.Ad-Hoc|iPhone.Build.0 = Ad-Hoc|iPhone
		{E44DB4C2-0205-489F-A97C-8E21643ABED1}.Ad-Hoc|iPhoneSimulator.ActiveCfg = Ad-Hoc|iPhoneSimulator
		{E44DB4C2-0205-489F-A97C-8E21643ABED1}.Ad-Hoc|iPhoneSimulator.Build.0 = Ad-Hoc|iPhoneSimulator
		{E44DB4C2-0205-489F-A97C-8E21643ABED1}.Ad-Hoc|Mixed Platforms.ActiveCfg = Ad-Hoc|iPhone
		{E44DB4C2-0205-489F-A97C-8E21643ABED1}.Ad-Hoc|Mixed Platforms.Build.0 = Ad-Hoc|iPhone
		{E44DB4C2-0205-489F-A97C-8E21643ABED1}.Ad-Hoc|x86.ActiveCfg = Ad-Hoc|iPhone
		{E44DB4C2-0205-489F-A97C-8E21643ABED1}.AppStore|Any CPU.ActiveCfg = AppStore|iPhone
		{E44DB4C2-0205-489F-A97C-8E21643ABED1}.AppStore|ARM.ActiveCfg = AppStore|iPhone
		{E44DB4C2-0205-489F-A97C-8E21643ABED1}.AppStore|iPhone.ActiveCfg = AppStore|iPhone
		{E44DB4C2-0205-489F-A97C-8E21643ABED1}.AppStore|iPhone.Build.0 = AppStore|iPhone
		{E44DB4C2-0205-489F-A97C-8E21643ABED1}.AppStore|iPhoneSimulator.ActiveCfg = AppStore|iPhoneSimulator
		{E44DB4C2-0205-489F-A97C-8E21643ABED1}.AppStore|iPhoneSimulator.Build.0 = AppStore|iPhoneSimulator
		{E44DB4C2-0205-489F-A97C-8E21643ABED1}.AppStore|Mixed Platforms.ActiveCfg = AppStore|iPhone
		{E44DB4C2-0205-489F-A97C-8E21643ABED1}.AppStore|Mixed Platforms.Build.0 = AppStore|iPhone
		{E44DB4C2-0205-489F-A97C-8E21643ABED1}.AppStore|x86.ActiveCfg = AppStore|iPhone
		{E44DB4C2-0205-489F-A97C-8E21643ABED1}.Debug|Any CPU.ActiveCfg = Debug|iPhone
		{E44DB4C2-0205-489F-A97C-8E21643ABED1}.Debug|ARM.ActiveCfg = Debug|iPhone
		{E44DB4C2-0205-489F-A97C-8E21643ABED1}.Debug|iPhone.ActiveCfg = Debug|iPhone
		{E44DB4C2-0205-489F-A97C-8E21643ABED1}.Debug|iPhone.Build.0 = Debug|iPhone
		{E44DB4C2-0205-489F-A97C-8E21643ABED1}.Debug|iPhoneSimulator.ActiveCfg = Debug|iPhoneSimulator
		{E44DB4C2-0205-489F-A97C-8E21643ABED1}.Debug|iPhoneSimulator.Build.0 = Debug|iPhoneSimulator
		{E44DB4C2-0205-489F-A97C-8E21643ABED1}.Debug|Mixed Platforms.ActiveCfg = Debug|iPhone
		{E44DB4C2-0205-489F-A97C-8E21643ABED1}.Debug|Mixed Platforms.Build.0 = Debug|iPhone
		{E44DB4C2-0205-489F-A97C-8E21643ABED1}.Debug|x86.ActiveCfg = Debug|iPhone
		{E44DB4C2-0205-489F-A97C-8E21643ABED1}.Release|Any CPU.ActiveCfg = Release|iPhone
		{E44DB4C2-0205-489F-A97C-8E21643ABED1}.Release|ARM.ActiveCfg = Release|iPhone
		{E44DB4C2-0205-489F-A97C-8E21643ABED1}.Release|iPhone.ActiveCfg = Release|iPhone
		{E44DB4C2-0205-489F-A97C-8E21643ABED1}.Release|iPhone.Build.0 = Release|iPhone
		{E44DB4C2-0205-489F-A97C-8E21643ABED1}.Release|iPhoneSimulator.ActiveCfg = Release|iPhoneSimulator
		{E44DB4C2-0205-489F-A97C-8E21643ABED1}.Release|iPhoneSimulator.Build.0 = Release|iPhoneSimulator
		{E44DB4C2-0205-489F-A97C-8E21643ABED1}.Release|Mixed Platforms.ActiveCfg = Release|iPhone
		{E44DB4C2-0205-489F-A97C-8E21643ABED1}.Release|Mixed Platforms.Build.0 = Release|iPhone
		{E44DB4C2-0205-489F-A97C-8E21643ABED1}.Release|x86.ActiveCfg = Release|iPhone
		{00538530-B029-41E1-8B25-FB0E0662DF8B}.Ad-Hoc|Any CPU.ActiveCfg = Release|Any CPU
		{00538530-B029-41E1-8B25-FB0E0662DF8B}.Ad-Hoc|Any CPU.Build.0 = Release|Any CPU
		{00538530-B029-41E1-8B25-FB0E0662DF8B}.Ad-Hoc|Any CPU.Deploy.0 = Release|Any CPU
		{00538530-B029-41E1-8B25-FB0E0662DF8B}.Ad-Hoc|ARM.ActiveCfg = Release|Any CPU
		{00538530-B029-41E1-8B25-FB0E0662DF8B}.Ad-Hoc|iPhone.ActiveCfg = Release|Any CPU
		{00538530-B029-41E1-8B25-FB0E0662DF8B}.Ad-Hoc|iPhoneSimulator.ActiveCfg = Release|Any CPU
		{00538530-B029-41E1-8B25-FB0E0662DF8B}.Ad-Hoc|Mixed Platforms.ActiveCfg = Release|Any CPU
		{00538530-B029-41E1-8B25-FB0E0662DF8B}.Ad-Hoc|Mixed Platforms.Build.0 = Release|Any CPU
		{00538530-B029-41E1-8B25-FB0E0662DF8B}.Ad-Hoc|Mixed Platforms.Deploy.0 = Release|Any CPU
		{00538530-B029-41E1-8B25-FB0E0662DF8B}.Ad-Hoc|x86.ActiveCfg = Release|Any CPU
		{00538530-B029-41E1-8B25-FB0E0662DF8B}.AppStore|Any CPU.ActiveCfg = Release|Any CPU
		{00538530-B029-41E1-8B25-FB0E0662DF8B}.AppStore|Any CPU.Build.0 = Release|Any CPU
		{00538530-B029-41E1-8B25-FB0E0662DF8B}.AppStore|Any CPU.Deploy.0 = Release|Any CPU
		{00538530-B029-41E1-8B25-FB0E0662DF8B}.AppStore|ARM.ActiveCfg = Release|Any CPU
		{00538530-B029-41E1-8B25-FB0E0662DF8B}.AppStore|iPhone.ActiveCfg = Release|Any CPU
		{00538530-B029-41E1-8B25-FB0E0662DF8B}.AppStore|iPhoneSimulator.ActiveCfg = Release|Any CPU
		{00538530-B029-41E1-8B25-FB0E0662DF8B}.AppStore|Mixed Platforms.ActiveCfg = Release|Any CPU
		{00538530-B029-41E1-8B25-FB0E0662DF8B}.AppStore|Mixed Platforms.Build.0 = Release|Any CPU
		{00538530-B029-41E1-8B25-FB0E0662DF8B}.AppStore|Mixed Platforms.Deploy.0 = Release|Any CPU
		{00538530-B029-41E1-8B25-FB0E0662DF8B}.AppStore|x86.ActiveCfg = Release|Any CPU
		{00538530-B029-41E1-8B25-FB0E0662DF8B}.Debug|Any CPU.ActiveCfg = Debug|Any CPU
		{00538530-B029-41E1-8B25-FB0E0662DF8B}.Debug|Any CPU.Build.0 = Debug|Any CPU
		{00538530-B029-41E1-8B25-FB0E0662DF8B}.Debug|Any CPU.Deploy.0 = Debug|Any CPU
		{00538530-B029-41E1-8B25-FB0E0662DF8B}.Debug|ARM.ActiveCfg = Debug|Any CPU
		{00538530-B029-41E1-8B25-FB0E0662DF8B}.Debug|iPhone.ActiveCfg = Debug|Any CPU
		{00538530-B029-41E1-8B25-FB0E0662DF8B}.Debug|iPhoneSimulator.ActiveCfg = Debug|Any CPU
		{00538530-B029-41E1-8B25-FB0E0662DF8B}.Debug|Mixed Platforms.ActiveCfg = Debug|Any CPU
		{00538530-B029-41E1-8B25-FB0E0662DF8B}.Debug|Mixed Platforms.Build.0 = Debug|Any CPU
		{00538530-B029-41E1-8B25-FB0E0662DF8B}.Debug|Mixed Platforms.Deploy.0 = Debug|Any CPU
		{00538530-B029-41E1-8B25-FB0E0662DF8B}.Debug|x86.ActiveCfg = Debug|Any CPU
		{00538530-B029-41E1-8B25-FB0E0662DF8B}.Release|Any CPU.ActiveCfg = Release|Any CPU
		{00538530-B029-41E1-8B25-FB0E0662DF8B}.Release|Any CPU.Build.0 = Release|Any CPU
		{00538530-B029-41E1-8B25-FB0E0662DF8B}.Release|Any CPU.Deploy.0 = Release|Any CPU
		{00538530-B029-41E1-8B25-FB0E0662DF8B}.Release|ARM.ActiveCfg = Release|Any CPU
		{00538530-B029-41E1-8B25-FB0E0662DF8B}.Release|iPhone.ActiveCfg = Release|Any CPU
		{00538530-B029-41E1-8B25-FB0E0662DF8B}.Release|iPhoneSimulator.ActiveCfg = Release|Any CPU
		{00538530-B029-41E1-8B25-FB0E0662DF8B}.Release|Mixed Platforms.ActiveCfg = Release|Any CPU
		{00538530-B029-41E1-8B25-FB0E0662DF8B}.Release|Mixed Platforms.Build.0 = Release|Any CPU
		{00538530-B029-41E1-8B25-FB0E0662DF8B}.Release|Mixed Platforms.Deploy.0 = Release|Any CPU
		{00538530-B029-41E1-8B25-FB0E0662DF8B}.Release|x86.ActiveCfg = Release|Any CPU
		{497DF37F-BC5C-446B-91D0-CEA7128E3B20}.Ad-Hoc|Any CPU.ActiveCfg = Release|Any CPU
		{497DF37F-BC5C-446B-91D0-CEA7128E3B20}.Ad-Hoc|Any CPU.Build.0 = Release|Any CPU
		{497DF37F-BC5C-446B-91D0-CEA7128E3B20}.Ad-Hoc|Any CPU.Deploy.0 = Release|Any CPU
		{497DF37F-BC5C-446B-91D0-CEA7128E3B20}.Ad-Hoc|ARM.ActiveCfg = Release|ARM
		{497DF37F-BC5C-446B-91D0-CEA7128E3B20}.Ad-Hoc|ARM.Build.0 = Release|ARM
		{497DF37F-BC5C-446B-91D0-CEA7128E3B20}.Ad-Hoc|ARM.Deploy.0 = Release|ARM
		{497DF37F-BC5C-446B-91D0-CEA7128E3B20}.Ad-Hoc|iPhone.ActiveCfg = Release|Any CPU
		{497DF37F-BC5C-446B-91D0-CEA7128E3B20}.Ad-Hoc|iPhoneSimulator.ActiveCfg = Release|Any CPU
		{497DF37F-BC5C-446B-91D0-CEA7128E3B20}.Ad-Hoc|Mixed Platforms.ActiveCfg = Release|x86
		{497DF37F-BC5C-446B-91D0-CEA7128E3B20}.Ad-Hoc|Mixed Platforms.Build.0 = Release|x86
		{497DF37F-BC5C-446B-91D0-CEA7128E3B20}.Ad-Hoc|Mixed Platforms.Deploy.0 = Release|x86
		{497DF37F-BC5C-446B-91D0-CEA7128E3B20}.Ad-Hoc|x86.ActiveCfg = Release|x86
		{497DF37F-BC5C-446B-91D0-CEA7128E3B20}.Ad-Hoc|x86.Build.0 = Release|x86
		{497DF37F-BC5C-446B-91D0-CEA7128E3B20}.Ad-Hoc|x86.Deploy.0 = Release|x86
		{497DF37F-BC5C-446B-91D0-CEA7128E3B20}.AppStore|Any CPU.ActiveCfg = Release|Any CPU
		{497DF37F-BC5C-446B-91D0-CEA7128E3B20}.AppStore|Any CPU.Build.0 = Release|Any CPU
		{497DF37F-BC5C-446B-91D0-CEA7128E3B20}.AppStore|Any CPU.Deploy.0 = Release|Any CPU
		{497DF37F-BC5C-446B-91D0-CEA7128E3B20}.AppStore|ARM.ActiveCfg = Release|ARM
		{497DF37F-BC5C-446B-91D0-CEA7128E3B20}.AppStore|ARM.Build.0 = Release|ARM
		{497DF37F-BC5C-446B-91D0-CEA7128E3B20}.AppStore|ARM.Deploy.0 = Release|ARM
		{497DF37F-BC5C-446B-91D0-CEA7128E3B20}.AppStore|iPhone.ActiveCfg = Release|Any CPU
		{497DF37F-BC5C-446B-91D0-CEA7128E3B20}.AppStore|iPhoneSimulator.ActiveCfg = Release|Any CPU
		{497DF37F-BC5C-446B-91D0-CEA7128E3B20}.AppStore|Mixed Platforms.ActiveCfg = Release|x86
		{497DF37F-BC5C-446B-91D0-CEA7128E3B20}.AppStore|Mixed Platforms.Build.0 = Release|x86
		{497DF37F-BC5C-446B-91D0-CEA7128E3B20}.AppStore|Mixed Platforms.Deploy.0 = Release|x86
		{497DF37F-BC5C-446B-91D0-CEA7128E3B20}.AppStore|x86.ActiveCfg = Release|x86
		{497DF37F-BC5C-446B-91D0-CEA7128E3B20}.AppStore|x86.Build.0 = Release|x86
		{497DF37F-BC5C-446B-91D0-CEA7128E3B20}.AppStore|x86.Deploy.0 = Release|x86
		{497DF37F-BC5C-446B-91D0-CEA7128E3B20}.Debug|Any CPU.ActiveCfg = Debug|Any CPU
		{497DF37F-BC5C-446B-91D0-CEA7128E3B20}.Debug|Any CPU.Build.0 = Debug|Any CPU
		{497DF37F-BC5C-446B-91D0-CEA7128E3B20}.Debug|Any CPU.Deploy.0 = Debug|Any CPU
		{497DF37F-BC5C-446B-91D0-CEA7128E3B20}.Debug|ARM.ActiveCfg = Debug|ARM
		{497DF37F-BC5C-446B-91D0-CEA7128E3B20}.Debug|ARM.Build.0 = Debug|ARM
		{497DF37F-BC5C-446B-91D0-CEA7128E3B20}.Debug|ARM.Deploy.0 = Debug|ARM
		{497DF37F-BC5C-446B-91D0-CEA7128E3B20}.Debug|iPhone.ActiveCfg = Debug|Any CPU
		{497DF37F-BC5C-446B-91D0-CEA7128E3B20}.Debug|iPhoneSimulator.ActiveCfg = Debug|Any CPU
		{497DF37F-BC5C-446B-91D0-CEA7128E3B20}.Debug|Mixed Platforms.ActiveCfg = Debug|x86
		{497DF37F-BC5C-446B-91D0-CEA7128E3B20}.Debug|Mixed Platforms.Build.0 = Debug|x86
		{497DF37F-BC5C-446B-91D0-CEA7128E3B20}.Debug|Mixed Platforms.Deploy.0 = Debug|x86
		{497DF37F-BC5C-446B-91D0-CEA7128E3B20}.Debug|x86.ActiveCfg = Debug|x86
		{497DF37F-BC5C-446B-91D0-CEA7128E3B20}.Debug|x86.Build.0 = Debug|x86
		{497DF37F-BC5C-446B-91D0-CEA7128E3B20}.Debug|x86.Deploy.0 = Debug|x86
		{497DF37F-BC5C-446B-91D0-CEA7128E3B20}.Release|Any CPU.ActiveCfg = Release|Any CPU
		{497DF37F-BC5C-446B-91D0-CEA7128E3B20}.Release|Any CPU.Build.0 = Release|Any CPU
		{497DF37F-BC5C-446B-91D0-CEA7128E3B20}.Release|Any CPU.Deploy.0 = Release|Any CPU
		{497DF37F-BC5C-446B-91D0-CEA7128E3B20}.Release|ARM.ActiveCfg = Release|ARM
		{497DF37F-BC5C-446B-91D0-CEA7128E3B20}.Release|ARM.Build.0 = Release|ARM
		{497DF37F-BC5C-446B-91D0-CEA7128E3B20}.Release|ARM.Deploy.0 = Release|ARM
		{497DF37F-BC5C-446B-91D0-CEA7128E3B20}.Release|iPhone.ActiveCfg = Release|Any CPU
		{497DF37F-BC5C-446B-91D0-CEA7128E3B20}.Release|iPhoneSimulator.ActiveCfg = Release|Any CPU
		{497DF37F-BC5C-446B-91D0-CEA7128E3B20}.Release|Mixed Platforms.ActiveCfg = Release|x86
		{497DF37F-BC5C-446B-91D0-CEA7128E3B20}.Release|Mixed Platforms.Build.0 = Release|x86
		{497DF37F-BC5C-446B-91D0-CEA7128E3B20}.Release|Mixed Platforms.Deploy.0 = Release|x86
		{497DF37F-BC5C-446B-91D0-CEA7128E3B20}.Release|x86.ActiveCfg = Release|x86
		{497DF37F-BC5C-446B-91D0-CEA7128E3B20}.Release|x86.Build.0 = Release|x86
		{497DF37F-BC5C-446B-91D0-CEA7128E3B20}.Release|x86.Deploy.0 = Release|x86
	EndGlobalSection
	GlobalSection(SolutionProperties) = preSolution
		HideSolutionNode = FALSE
	EndGlobalSection
EndGlobal
