
Microsoft Visual Studio Solution File, Format Version 12.00
# Visual Studio 2013
VisualStudioVersion = 12.0.31101.0
MinimumVisualStudioVersion = 10.0.40219.1
Project("{FAE04EC0-301F-11D3-BF4B-00C04F79EFBC}") = "ButtonLambdasPage", "ButtonLambdasPage\ButtonLambdasPage\ButtonLambdasPage.csproj", "{147B8EE8-4402-43D1-ACF8-2C5E6E8D2B2B}"
EndProject
Project("{FAE04EC0-301F-11D3-BF4B-00C04F79EFBC}") = "ButtonLambdasPage.iOS", "ButtonLambdasPage\ButtonLambdasPage.iOS\ButtonLambdasPage.iOS.csproj", "{4EA9F07B-D854-4841-B3DE-C75473BC7147}"
EndProject
Project("{FAE04EC0-301F-11D3-BF4B-00C04F79EFBC}") = "ButtonLambdasPage.Droid", "ButtonLambdasPage\ButtonLambdasPage.Droid\ButtonLambdasPage.Droid.csproj", "{029EBD20-080B-46A4-A62D-D668CFD5C170}"
EndProject
Project("{FAE04EC0-301F-11D3-BF4B-00C04F79EFBC}") = "ButtonLambdasPage.WinPhone", "ButtonLambdasPage\ButtonLambdasPage.WinPhone\ButtonLambdasPage.WinPhone.csproj", "{81F0B8B7-D117-4443-861E-F557FFE65ECC}"
EndProject
Global
	GlobalSection(SolutionConfigurationPlatforms) = preSolution
		Ad-Hoc|Any CPU = Ad-Hoc|Any CPU
		Ad-Hoc|ARM = Ad-Hoc|ARM
		Ad-Hoc|iPhone = Ad-Hoc|iPhone
		Ad-Hoc|iPhoneSimulator = Ad-Hoc|iPhoneSimulator
		Ad-Hoc|Mixed Platforms = Ad-Hoc|Mixed Platforms
		Ad-Hoc|x86 = Ad-Hoc|x86
		AppStore|Any CPU = AppStore|Any CPU
		AppStore|ARM = AppStore|ARM
		AppStore|iPhone = AppStore|iPhone
		AppStore|iPhoneSimulator = AppStore|iPhoneSimulator
		AppStore|Mixed Platforms = AppStore|Mixed Platforms
		AppStore|x86 = AppStore|x86
		Debug|Any CPU = Debug|Any CPU
		Debug|ARM = Debug|ARM
		Debug|iPhone = Debug|iPhone
		Debug|iPhoneSimulator = Debug|iPhoneSimulator
		Debug|Mixed Platforms = Debug|Mixed Platforms
		Debug|x86 = Debug|x86
		Release|Any CPU = Release|Any CPU
		Release|ARM = Release|ARM
		Release|iPhone = Release|iPhone
		Release|iPhoneSimulator = Release|iPhoneSimulator
		Release|Mixed Platforms = Release|Mixed Platforms
		Release|x86 = Release|x86
	EndGlobalSection
	GlobalSection(ProjectConfigurationPlatforms) = postSolution
		{147B8EE8-4402-43D1-ACF8-2C5E6E8D2B2B}.Ad-Hoc|Any CPU.ActiveCfg = Release|Any CPU
		{147B8EE8-4402-43D1-ACF8-2C5E6E8D2B2B}.Ad-Hoc|Any CPU.Build.0 = Release|Any CPU
		{147B8EE8-4402-43D1-ACF8-2C5E6E8D2B2B}.Ad-Hoc|ARM.ActiveCfg = Release|Any CPU
		{147B8EE8-4402-43D1-ACF8-2C5E6E8D2B2B}.Ad-Hoc|iPhone.ActiveCfg = Release|Any CPU
		{147B8EE8-4402-43D1-ACF8-2C5E6E8D2B2B}.Ad-Hoc|iPhoneSimulator.ActiveCfg = Release|Any CPU
		{147B8EE8-4402-43D1-ACF8-2C5E6E8D2B2B}.Ad-Hoc|Mixed Platforms.ActiveCfg = Release|Any CPU
		{147B8EE8-4402-43D1-ACF8-2C5E6E8D2B2B}.Ad-Hoc|Mixed Platforms.Build.0 = Release|Any CPU
		{147B8EE8-4402-43D1-ACF8-2C5E6E8D2B2B}.Ad-Hoc|x86.ActiveCfg = Release|Any CPU
		{147B8EE8-4402-43D1-ACF8-2C5E6E8D2B2B}.AppStore|Any CPU.ActiveCfg = Release|Any CPU
		{147B8EE8-4402-43D1-ACF8-2C5E6E8D2B2B}.AppStore|Any CPU.Build.0 = Release|Any CPU
		{147B8EE8-4402-43D1-ACF8-2C5E6E8D2B2B}.AppStore|ARM.ActiveCfg = Release|Any CPU
		{147B8EE8-4402-43D1-ACF8-2C5E6E8D2B2B}.AppStore|iPhone.ActiveCfg = Release|Any CPU
		{147B8EE8-4402-43D1-ACF8-2C5E6E8D2B2B}.AppStore|iPhoneSimulator.ActiveCfg = Release|Any CPU
		{147B8EE8-4402-43D1-ACF8-2C5E6E8D2B2B}.AppStore|Mixed Platforms.ActiveCfg = Release|Any CPU
		{147B8EE8-4402-43D1-ACF8-2C5E6E8D2B2B}.AppStore|Mixed Platforms.Build.0 = Release|Any CPU
		{147B8EE8-4402-43D1-ACF8-2C5E6E8D2B2B}.AppStore|x86.ActiveCfg = Release|Any CPU
		{147B8EE8-4402-43D1-ACF8-2C5E6E8D2B2B}.Debug|Any CPU.ActiveCfg = Debug|Any CPU
		{147B8EE8-4402-43D1-ACF8-2C5E6E8D2B2B}.Debug|Any CPU.Build.0 = Debug|Any CPU
		{147B8EE8-4402-43D1-ACF8-2C5E6E8D2B2B}.Debug|ARM.ActiveCfg = Debug|Any CPU
		{147B8EE8-4402-43D1-ACF8-2C5E6E8D2B2B}.Debug|iPhone.ActiveCfg = Debug|Any CPU
		{147B8EE8-4402-43D1-ACF8-2C5E6E8D2B2B}.Debug|iPhoneSimulator.ActiveCfg = Debug|Any CPU
		{147B8EE8-4402-43D1-ACF8-2C5E6E8D2B2B}.Debug|Mixed Platforms.ActiveCfg = Debug|Any CPU
		{147B8EE8-4402-43D1-ACF8-2C5E6E8D2B2B}.Debug|Mixed Platforms.Build.0 = Debug|Any CPU
		{147B8EE8-4402-43D1-ACF8-2C5E6E8D2B2B}.Debug|x86.ActiveCfg = Debug|Any CPU
		{147B8EE8-4402-43D1-ACF8-2C5E6E8D2B2B}.Release|Any CPU.ActiveCfg = Release|Any CPU
		{147B8EE8-4402-43D1-ACF8-2C5E6E8D2B2B}.Release|Any CPU.Build.0 = Release|Any CPU
		{147B8EE8-4402-43D1-ACF8-2C5E6E8D2B2B}.Release|ARM.ActiveCfg = Release|Any CPU
		{147B8EE8-4402-43D1-ACF8-2C5E6E8D2B2B}.Release|iPhone.ActiveCfg = Release|Any CPU
		{147B8EE8-4402-43D1-ACF8-2C5E6E8D2B2B}.Release|iPhoneSimulator.ActiveCfg = Release|Any CPU
		{147B8EE8-4402-43D1-ACF8-2C5E6E8D2B2B}.Release|Mixed Platforms.ActiveCfg = Release|Any CPU
		{147B8EE8-4402-43D1-ACF8-2C5E6E8D2B2B}.Release|Mixed Platforms.Build.0 = Release|Any CPU
		{147B8EE8-4402-43D1-ACF8-2C5E6E8D2B2B}.Release|x86.ActiveCfg = Release|Any CPU
		{4EA9F07B-D854-4841-B3DE-C75473BC7147}.Ad-Hoc|Any CPU.ActiveCfg = Ad-Hoc|iPhone
		{4EA9F07B-D854-4841-B3DE-C75473BC7147}.Ad-Hoc|ARM.ActiveCfg = Ad-Hoc|iPhone
		{4EA9F07B-D854-4841-B3DE-C75473BC7147}.Ad-Hoc|iPhone.ActiveCfg = Ad-Hoc|iPhone
		{4EA9F07B-D854-4841-B3DE-C75473BC7147}.Ad-Hoc|iPhone.Build.0 = Ad-Hoc|iPhone
		{4EA9F07B-D854-4841-B3DE-C75473BC7147}.Ad-Hoc|iPhoneSimulator.ActiveCfg = Ad-Hoc|iPhoneSimulator
		{4EA9F07B-D854-4841-B3DE-C75473BC7147}.Ad-Hoc|iPhoneSimulator.Build.0 = Ad-Hoc|iPhoneSimulator
		{4EA9F07B-D854-4841-B3DE-C75473BC7147}.Ad-Hoc|Mixed Platforms.ActiveCfg = Ad-Hoc|iPhone
		{4EA9F07B-D854-4841-B3DE-C75473BC7147}.Ad-Hoc|Mixed Platforms.Build.0 = Ad-Hoc|iPhone
		{4EA9F07B-D854-4841-B3DE-C75473BC7147}.Ad-Hoc|x86.ActiveCfg = Ad-Hoc|iPhone
		{4EA9F07B-D854-4841-B3DE-C75473BC7147}.AppStore|Any CPU.ActiveCfg = AppStore|iPhone
		{4EA9F07B-D854-4841-B3DE-C75473BC7147}.AppStore|ARM.ActiveCfg = AppStore|iPhone
		{4EA9F07B-D854-4841-B3DE-C75473BC7147}.AppStore|iPhone.ActiveCfg = AppStore|iPhone
		{4EA9F07B-D854-4841-B3DE-C75473BC7147}.AppStore|iPhone.Build.0 = AppStore|iPhone
		{4EA9F07B-D854-4841-B3DE-C75473BC7147}.AppStore|iPhoneSimulator.ActiveCfg = AppStore|iPhoneSimulator
		{4EA9F07B-D854-4841-B3DE-C75473BC7147}.AppStore|iPhoneSimulator.Build.0 = AppStore|iPhoneSimulator
		{4EA9F07B-D854-4841-B3DE-C75473BC7147}.AppStore|Mixed Platforms.ActiveCfg = AppStore|iPhone
		{4EA9F07B-D854-4841-B3DE-C75473BC7147}.AppStore|Mixed Platforms.Build.0 = AppStore|iPhone
		{4EA9F07B-D854-4841-B3DE-C75473BC7147}.AppStore|x86.ActiveCfg = AppStore|iPhone
		{4EA9F07B-D854-4841-B3DE-C75473BC7147}.Debug|Any CPU.ActiveCfg = Debug|iPhone
		{4EA9F07B-D854-4841-B3DE-C75473BC7147}.Debug|ARM.ActiveCfg = Debug|iPhone
		{4EA9F07B-D854-4841-B3DE-C75473BC7147}.Debug|iPhone.ActiveCfg = Debug|iPhone
		{4EA9F07B-D854-4841-B3DE-C75473BC7147}.Debug|iPhone.Build.0 = Debug|iPhone
		{4EA9F07B-D854-4841-B3DE-C75473BC7147}.Debug|iPhoneSimulator.ActiveCfg = Debug|iPhoneSimulator
		{4EA9F07B-D854-4841-B3DE-C75473BC7147}.Debug|iPhoneSimulator.Build.0 = Debug|iPhoneSimulator
		{4EA9F07B-D854-4841-B3DE-C75473BC7147}.Debug|Mixed Platforms.ActiveCfg = Debug|iPhone
		{4EA9F07B-D854-4841-B3DE-C75473BC7147}.Debug|Mixed Platforms.Build.0 = Debug|iPhone
		{4EA9F07B-D854-4841-B3DE-C75473BC7147}.Debug|x86.ActiveCfg = Debug|iPhone
		{4EA9F07B-D854-4841-B3DE-C75473BC7147}.Release|Any CPU.ActiveCfg = Release|iPhone
		{4EA9F07B-D854-4841-B3DE-C75473BC7147}.Release|ARM.ActiveCfg = Release|iPhone
		{4EA9F07B-D854-4841-B3DE-C75473BC7147}.Release|iPhone.ActiveCfg = Release|iPhone
		{4EA9F07B-D854-4841-B3DE-C75473BC7147}.Release|iPhone.Build.0 = Release|iPhone
		{4EA9F07B-D854-4841-B3DE-C75473BC7147}.Release|iPhoneSimulator.ActiveCfg = Release|iPhoneSimulator
		{4EA9F07B-D854-4841-B3DE-C75473BC7147}.Release|iPhoneSimulator.Build.0 = Release|iPhoneSimulator
		{4EA9F07B-D854-4841-B3DE-C75473BC7147}.Release|Mixed Platforms.ActiveCfg = Release|iPhone
		{4EA9F07B-D854-4841-B3DE-C75473BC7147}.Release|Mixed Platforms.Build.0 = Release|iPhone
		{4EA9F07B-D854-4841-B3DE-C75473BC7147}.Release|x86.ActiveCfg = Release|iPhone
		{029EBD20-080B-46A4-A62D-D668CFD5C170}.Ad-Hoc|Any CPU.ActiveCfg = Release|Any CPU
		{029EBD20-080B-46A4-A62D-D668CFD5C170}.Ad-Hoc|Any CPU.Build.0 = Release|Any CPU
		{029EBD20-080B-46A4-A62D-D668CFD5C170}.Ad-Hoc|Any CPU.Deploy.0 = Release|Any CPU
		{029EBD20-080B-46A4-A62D-D668CFD5C170}.Ad-Hoc|ARM.ActiveCfg = Release|Any CPU
		{029EBD20-080B-46A4-A62D-D668CFD5C170}.Ad-Hoc|iPhone.ActiveCfg = Release|Any CPU
		{029EBD20-080B-46A4-A62D-D668CFD5C170}.Ad-Hoc|iPhoneSimulator.ActiveCfg = Release|Any CPU
		{029EBD20-080B-46A4-A62D-D668CFD5C170}.Ad-Hoc|Mixed Platforms.ActiveCfg = Release|Any CPU
		{029EBD20-080B-46A4-A62D-D668CFD5C170}.Ad-Hoc|Mixed Platforms.Build.0 = Release|Any CPU
		{029EBD20-080B-46A4-A62D-D668CFD5C170}.Ad-Hoc|Mixed Platforms.Deploy.0 = Release|Any CPU
		{029EBD20-080B-46A4-A62D-D668CFD5C170}.Ad-Hoc|x86.ActiveCfg = Release|Any CPU
		{029EBD20-080B-46A4-A62D-D668CFD5C170}.AppStore|Any CPU.ActiveCfg = Release|Any CPU
		{029EBD20-080B-46A4-A62D-D668CFD5C170}.AppStore|Any CPU.Build.0 = Release|Any CPU
		{029EBD20-080B-46A4-A62D-D668CFD5C170}.AppStore|Any CPU.Deploy.0 = Release|Any CPU
		{029EBD20-080B-46A4-A62D-D668CFD5C170}.AppStore|ARM.ActiveCfg = Release|Any CPU
		{029EBD20-080B-46A4-A62D-D668CFD5C170}.AppStore|iPhone.ActiveCfg = Release|Any CPU
		{029EBD20-080B-46A4-A62D-D668CFD5C170}.AppStore|iPhoneSimulator.ActiveCfg = Release|Any CPU
		{029EBD20-080B-46A4-A62D-D668CFD5C170}.AppStore|Mixed Platforms.ActiveCfg = Release|Any CPU
		{029EBD20-080B-46A4-A62D-D668CFD5C170}.AppStore|Mixed Platforms.Build.0 = Release|Any CPU
		{029EBD20-080B-46A4-A62D-D668CFD5C170}.AppStore|Mixed Platforms.Deploy.0 = Release|Any CPU
		{029EBD20-080B-46A4-A62D-D668CFD5C170}.AppStore|x86.ActiveCfg = Release|Any CPU
		{029EBD20-080B-46A4-A62D-D668CFD5C170}.Debug|Any CPU.ActiveCfg = Debug|Any CPU
		{029EBD20-080B-46A4-A62D-D668CFD5C170}.Debug|Any CPU.Build.0 = Debug|Any CPU
		{029EBD20-080B-46A4-A62D-D668CFD5C170}.Debug|Any CPU.Deploy.0 = Debug|Any CPU
		{029EBD20-080B-46A4-A62D-D668CFD5C170}.Debug|ARM.ActiveCfg = Debug|Any CPU
		{029EBD20-080B-46A4-A62D-D668CFD5C170}.Debug|iPhone.ActiveCfg = Debug|Any CPU
		{029EBD20-080B-46A4-A62D-D668CFD5C170}.Debug|iPhoneSimulator.ActiveCfg = Debug|Any CPU
		{029EBD20-080B-46A4-A62D-D668CFD5C170}.Debug|Mixed Platforms.ActiveCfg = Debug|Any CPU
		{029EBD20-080B-46A4-A62D-D668CFD5C170}.Debug|Mixed Platforms.Build.0 = Debug|Any CPU
		{029EBD20-080B-46A4-A62D-D668CFD5C170}.Debug|Mixed Platforms.Deploy.0 = Debug|Any CPU
		{029EBD20-080B-46A4-A62D-D668CFD5C170}.Debug|x86.ActiveCfg = Debug|Any CPU
		{029EBD20-080B-46A4-A62D-D668CFD5C170}.Release|Any CPU.ActiveCfg = Release|Any CPU
		{029EBD20-080B-46A4-A62D-D668CFD5C170}.Release|Any CPU.Build.0 = Release|Any CPU
		{029EBD20-080B-46A4-A62D-D668CFD5C170}.Release|Any CPU.Deploy.0 = Release|Any CPU
		{029EBD20-080B-46A4-A62D-D668CFD5C170}.Release|ARM.ActiveCfg = Release|Any CPU
		{029EBD20-080B-46A4-A62D-D668CFD5C170}.Release|iPhone.ActiveCfg = Release|Any CPU
		{029EBD20-080B-46A4-A62D-D668CFD5C170}.Release|iPhoneSimulator.ActiveCfg = Release|Any CPU
		{029EBD20-080B-46A4-A62D-D668CFD5C170}.Release|Mixed Platforms.ActiveCfg = Release|Any CPU
		{029EBD20-080B-46A4-A62D-D668CFD5C170}.Release|Mixed Platforms.Build.0 = Release|Any CPU
		{029EBD20-080B-46A4-A62D-D668CFD5C170}.Release|Mixed Platforms.Deploy.0 = Release|Any CPU
		{029EBD20-080B-46A4-A62D-D668CFD5C170}.Release|x86.ActiveCfg = Release|Any CPU
		{81F0B8B7-D117-4443-861E-F557FFE65ECC}.Ad-Hoc|Any CPU.ActiveCfg = Release|Any CPU
		{81F0B8B7-D117-4443-861E-F557FFE65ECC}.Ad-Hoc|Any CPU.Build.0 = Release|Any CPU
		{81F0B8B7-D117-4443-861E-F557FFE65ECC}.Ad-Hoc|Any CPU.Deploy.0 = Release|Any CPU
		{81F0B8B7-D117-4443-861E-F557FFE65ECC}.Ad-Hoc|ARM.ActiveCfg = Release|ARM
		{81F0B8B7-D117-4443-861E-F557FFE65ECC}.Ad-Hoc|ARM.Build.0 = Release|ARM
		{81F0B8B7-D117-4443-861E-F557FFE65ECC}.Ad-Hoc|ARM.Deploy.0 = Release|ARM
		{81F0B8B7-D117-4443-861E-F557FFE65ECC}.Ad-Hoc|iPhone.ActiveCfg = Release|Any CPU
		{81F0B8B7-D117-4443-861E-F557FFE65ECC}.Ad-Hoc|iPhoneSimulator.ActiveCfg = Release|Any CPU
		{81F0B8B7-D117-4443-861E-F557FFE65ECC}.Ad-Hoc|Mixed Platforms.ActiveCfg = Release|x86
		{81F0B8B7-D117-4443-861E-F557FFE65ECC}.Ad-Hoc|Mixed Platforms.Build.0 = Release|x86
		{81F0B8B7-D117-4443-861E-F557FFE65ECC}.Ad-Hoc|Mixed Platforms.Deploy.0 = Release|x86
		{81F0B8B7-D117-4443-861E-F557FFE65ECC}.Ad-Hoc|x86.ActiveCfg = Release|x86
		{81F0B8B7-D117-4443-861E-F557FFE65ECC}.Ad-Hoc|x86.Build.0 = Release|x86
		{81F0B8B7-D117-4443-861E-F557FFE65ECC}.Ad-Hoc|x86.Deploy.0 = Release|x86
		{81F0B8B7-D117-4443-861E-F557FFE65ECC}.AppStore|Any CPU.ActiveCfg = Release|Any CPU
		{81F0B8B7-D117-4443-861E-F557FFE65ECC}.AppStore|Any CPU.Build.0 = Release|Any CPU
		{81F0B8B7-D117-4443-861E-F557FFE65ECC}.AppStore|Any CPU.Deploy.0 = Release|Any CPU
		{81F0B8B7-D117-4443-861E-F557FFE65ECC}.AppStore|ARM.ActiveCfg = Release|ARM
		{81F0B8B7-D117-4443-861E-F557FFE65ECC}.AppStore|ARM.Build.0 = Release|ARM
		{81F0B8B7-D117-4443-861E-F557FFE65ECC}.AppStore|ARM.Deploy.0 = Release|ARM
		{81F0B8B7-D117-4443-861E-F557FFE65ECC}.AppStore|iPhone.ActiveCfg = Release|Any CPU
		{81F0B8B7-D117-4443-861E-F557FFE65ECC}.AppStore|iPhoneSimulator.ActiveCfg = Release|Any CPU
		{81F0B8B7-D117-4443-861E-F557FFE65ECC}.AppStore|Mixed Platforms.ActiveCfg = Release|x86
		{81F0B8B7-D117-4443-861E-F557FFE65ECC}.AppStore|Mixed Platforms.Build.0 = Release|x86
		{81F0B8B7-D117-4443-861E-F557FFE65ECC}.AppStore|Mixed Platforms.Deploy.0 = Release|x86
		{81F0B8B7-D117-4443-861E-F557FFE65ECC}.AppStore|x86.ActiveCfg = Release|x86
		{81F0B8B7-D117-4443-861E-F557FFE65ECC}.AppStore|x86.Build.0 = Release|x86
		{81F0B8B7-D117-4443-861E-F557FFE65ECC}.AppStore|x86.Deploy.0 = Release|x86
		{81F0B8B7-D117-4443-861E-F557FFE65ECC}.Debug|Any CPU.ActiveCfg = Debug|Any CPU
		{81F0B8B7-D117-4443-861E-F557FFE65ECC}.Debug|Any CPU.Build.0 = Debug|Any CPU
		{81F0B8B7-D117-4443-861E-F557FFE65ECC}.Debug|Any CPU.Deploy.0 = Debug|Any CPU
		{81F0B8B7-D117-4443-861E-F557FFE65ECC}.Debug|ARM.ActiveCfg = Debug|ARM
		{81F0B8B7-D117-4443-861E-F557FFE65ECC}.Debug|ARM.Build.0 = Debug|ARM
		{81F0B8B7-D117-4443-861E-F557FFE65ECC}.Debug|ARM.Deploy.0 = Debug|ARM
		{81F0B8B7-D117-4443-861E-F557FFE65ECC}.Debug|iPhone.ActiveCfg = Debug|Any CPU
		{81F0B8B7-D117-4443-861E-F557FFE65ECC}.Debug|iPhoneSimulator.ActiveCfg = Debug|Any CPU
		{81F0B8B7-D117-4443-861E-F557FFE65ECC}.Debug|Mixed Platforms.ActiveCfg = Debug|x86
		{81F0B8B7-D117-4443-861E-F557FFE65ECC}.Debug|Mixed Platforms.Build.0 = Debug|x86
		{81F0B8B7-D117-4443-861E-F557FFE65ECC}.Debug|Mixed Platforms.Deploy.0 = Debug|x86
		{81F0B8B7-D117-4443-861E-F557FFE65ECC}.Debug|x86.ActiveCfg = Debug|x86
		{81F0B8B7-D117-4443-861E-F557FFE65ECC}.Debug|x86.Build.0 = Debug|x86
		{81F0B8B7-D117-4443-861E-F557FFE65ECC}.Debug|x86.Deploy.0 = Debug|x86
		{81F0B8B7-D117-4443-861E-F557FFE65ECC}.Release|Any CPU.ActiveCfg = Release|Any CPU
		{81F0B8B7-D117-4443-861E-F557FFE65ECC}.Release|Any CPU.Build.0 = Release|Any CPU
		{81F0B8B7-D117-4443-861E-F557FFE65ECC}.Release|Any CPU.Deploy.0 = Release|Any CPU
		{81F0B8B7-D117-4443-861E-F557FFE65ECC}.Release|ARM.ActiveCfg = Release|ARM
		{81F0B8B7-D117-4443-861E-F557FFE65ECC}.Release|ARM.Build.0 = Release|ARM
		{81F0B8B7-D117-4443-861E-F557FFE65ECC}.Release|ARM.Deploy.0 = Release|ARM
		{81F0B8B7-D117-4443-861E-F557FFE65ECC}.Release|iPhone.ActiveCfg = Release|Any CPU
		{81F0B8B7-D117-4443-861E-F557FFE65ECC}.Release|iPhoneSimulator.ActiveCfg = Release|Any CPU
		{81F0B8B7-D117-4443-861E-F557FFE65ECC}.Release|Mixed Platforms.ActiveCfg = Release|x86
		{81F0B8B7-D117-4443-861E-F557FFE65ECC}.Release|Mixed Platforms.Build.0 = Release|x86
		{81F0B8B7-D117-4443-861E-F557FFE65ECC}.Release|Mixed Platforms.Deploy.0 = Release|x86
		{81F0B8B7-D117-4443-861E-F557FFE65ECC}.Release|x86.ActiveCfg = Release|x86
		{81F0B8B7-D117-4443-861E-F557FFE65ECC}.Release|x86.Build.0 = Release|x86
		{81F0B8B7-D117-4443-861E-F557FFE65ECC}.Release|x86.Deploy.0 = Release|x86
	EndGlobalSection
	GlobalSection(SolutionProperties) = preSolution
		HideSolutionNode = FALSE
	EndGlobalSection
EndGlobal
