
Microsoft Visual Studio Solution File, Format Version 12.00
# Visual Studio 2013
VisualStudioVersion = 12.0.31101.0
MinimumVisualStudioVersion = 10.0.40219.1
Project("{FAE04EC0-301F-11D3-BF4B-00C04F79EFBC}") = "ColorBlocks", "ColorBlocks\ColorBlocks\ColorBlocks.csproj", "{E10D2E7C-D16C-40C6-9702-AB7F678A049E}"
EndProject
Project("{FAE04EC0-301F-11D3-BF4B-00C04F79EFBC}") = "ColorBlocks.iOS", "ColorBlocks\ColorBlocks.iOS\ColorBlocks.iOS.csproj", "{60098A62-E54F-48E6-9737-8089634DF9AD}"
EndProject
Project("{FAE04EC0-301F-11D3-BF4B-00C04F79EFBC}") = "ColorBlocks.Droid", "ColorBlocks\ColorBlocks.Droid\ColorBlocks.Droid.csproj", "{F4B23737-1157-45FA-AB92-8F7A2B288890}"
EndProject
Project("{FAE04EC0-301F-11D3-BF4B-00C04F79EFBC}") = "ColorBlocks.WinPhone", "ColorBlocks\ColorBlocks.WinPhone\ColorBlocks.WinPhone.csproj", "{664D7EAD-C78D-4976-8E4D-C6C5F3D72F86}"
EndProject
Global
	GlobalSection(SolutionConfigurationPlatforms) = preSolution
		Ad-Hoc|Any CPU = Ad-Hoc|Any CPU
		Ad-Hoc|ARM = Ad-Hoc|ARM
		Ad-Hoc|iPhone = Ad-Hoc|iPhone
		Ad-Hoc|iPhoneSimulator = Ad-Hoc|iPhoneSimulator
		Ad-Hoc|Mixed Platforms = Ad-Hoc|Mixed Platforms
		Ad-Hoc|x86 = Ad-Hoc|x86
		AppStore|Any CPU = AppStore|Any CPU
		AppStore|ARM = AppStore|ARM
		AppStore|iPhone = AppStore|iPhone
		AppStore|iPhoneSimulator = AppStore|iPhoneSimulator
		AppStore|Mixed Platforms = AppStore|Mixed Platforms
		AppStore|x86 = AppStore|x86
		Debug|Any CPU = Debug|Any CPU
		Debug|ARM = Debug|ARM
		Debug|iPhone = Debug|iPhone
		Debug|iPhoneSimulator = Debug|iPhoneSimulator
		Debug|Mixed Platforms = Debug|Mixed Platforms
		Debug|x86 = Debug|x86
		Release|Any CPU = Release|Any CPU
		Release|ARM = Release|ARM
		Release|iPhone = Release|iPhone
		Release|iPhoneSimulator = Release|iPhoneSimulator
		Release|Mixed Platforms = Release|Mixed Platforms
		Release|x86 = Release|x86
	EndGlobalSection
	GlobalSection(ProjectConfigurationPlatforms) = postSolution
		{E10D2E7C-D16C-40C6-9702-AB7F678A049E}.Ad-Hoc|Any CPU.ActiveCfg = Release|Any CPU
		{E10D2E7C-D16C-40C6-9702-AB7F678A049E}.Ad-Hoc|Any CPU.Build.0 = Release|Any CPU
		{E10D2E7C-D16C-40C6-9702-AB7F678A049E}.Ad-Hoc|ARM.ActiveCfg = Release|Any CPU
		{E10D2E7C-D16C-40C6-9702-AB7F678A049E}.Ad-Hoc|iPhone.ActiveCfg = Release|Any CPU
		{E10D2E7C-D16C-40C6-9702-AB7F678A049E}.Ad-Hoc|iPhoneSimulator.ActiveCfg = Release|Any CPU
		{E10D2E7C-D16C-40C6-9702-AB7F678A049E}.Ad-Hoc|Mixed Platforms.ActiveCfg = Release|Any CPU
		{E10D2E7C-D16C-40C6-9702-AB7F678A049E}.Ad-Hoc|Mixed Platforms.Build.0 = Release|Any CPU
		{E10D2E7C-D16C-40C6-9702-AB7F678A049E}.Ad-Hoc|x86.ActiveCfg = Release|Any CPU
		{E10D2E7C-D16C-40C6-9702-AB7F678A049E}.AppStore|Any CPU.ActiveCfg = Release|Any CPU
		{E10D2E7C-D16C-40C6-9702-AB7F678A049E}.AppStore|Any CPU.Build.0 = Release|Any CPU
		{E10D2E7C-D16C-40C6-9702-AB7F678A049E}.AppStore|ARM.ActiveCfg = Release|Any CPU
		{E10D2E7C-D16C-40C6-9702-AB7F678A049E}.AppStore|iPhone.ActiveCfg = Release|Any CPU
		{E10D2E7C-D16C-40C6-9702-AB7F678A049E}.AppStore|iPhoneSimulator.ActiveCfg = Release|Any CPU
		{E10D2E7C-D16C-40C6-9702-AB7F678A049E}.AppStore|Mixed Platforms.ActiveCfg = Release|Any CPU
		{E10D2E7C-D16C-40C6-9702-AB7F678A049E}.AppStore|Mixed Platforms.Build.0 = Release|Any CPU
		{E10D2E7C-D16C-40C6-9702-AB7F678A049E}.AppStore|x86.ActiveCfg = Release|Any CPU
		{E10D2E7C-D16C-40C6-9702-AB7F678A049E}.Debug|Any CPU.ActiveCfg = Debug|Any CPU
		{E10D2E7C-D16C-40C6-9702-AB7F678A049E}.Debug|Any CPU.Build.0 = Debug|Any CPU
		{E10D2E7C-D16C-40C6-9702-AB7F678A049E}.Debug|ARM.ActiveCfg = Debug|Any CPU
		{E10D2E7C-D16C-40C6-9702-AB7F678A049E}.Debug|iPhone.ActiveCfg = Debug|Any CPU
		{E10D2E7C-D16C-40C6-9702-AB7F678A049E}.Debug|iPhoneSimulator.ActiveCfg = Debug|Any CPU
		{E10D2E7C-D16C-40C6-9702-AB7F678A049E}.Debug|Mixed Platforms.ActiveCfg = Debug|Any CPU
		{E10D2E7C-D16C-40C6-9702-AB7F678A049E}.Debug|Mixed Platforms.Build.0 = Debug|Any CPU
		{E10D2E7C-D16C-40C6-9702-AB7F678A049E}.Debug|x86.ActiveCfg = Debug|Any CPU
		{E10D2E7C-D16C-40C6-9702-AB7F678A049E}.Release|Any CPU.ActiveCfg = Release|Any CPU
		{E10D2E7C-D16C-40C6-9702-AB7F678A049E}.Release|Any CPU.Build.0 = Release|Any CPU
		{E10D2E7C-D16C-40C6-9702-AB7F678A049E}.Release|ARM.ActiveCfg = Release|Any CPU
		{E10D2E7C-D16C-40C6-9702-AB7F678A049E}.Release|iPhone.ActiveCfg = Release|Any CPU
		{E10D2E7C-D16C-40C6-9702-AB7F678A049E}.Release|iPhoneSimulator.ActiveCfg = Release|Any CPU
		{E10D2E7C-D16C-40C6-9702-AB7F678A049E}.Release|Mixed Platforms.ActiveCfg = Release|Any CPU
		{E10D2E7C-D16C-40C6-9702-AB7F678A049E}.Release|Mixed Platforms.Build.0 = Release|Any CPU
		{E10D2E7C-D16C-40C6-9702-AB7F678A049E}.Release|x86.ActiveCfg = Release|Any CPU
		{60098A62-E54F-48E6-9737-8089634DF9AD}.Ad-Hoc|Any CPU.ActiveCfg = Ad-Hoc|iPhone
		{60098A62-E54F-48E6-9737-8089634DF9AD}.Ad-Hoc|ARM.ActiveCfg = Ad-Hoc|iPhone
		{60098A62-E54F-48E6-9737-8089634DF9AD}.Ad-Hoc|iPhone.ActiveCfg = Ad-Hoc|iPhone
		{60098A62-E54F-48E6-9737-8089634DF9AD}.Ad-Hoc|iPhone.Build.0 = Ad-Hoc|iPhone
		{60098A62-E54F-48E6-9737-8089634DF9AD}.Ad-Hoc|iPhoneSimulator.ActiveCfg = Ad-Hoc|iPhoneSimulator
		{60098A62-E54F-48E6-9737-8089634DF9AD}.Ad-Hoc|iPhoneSimulator.Build.0 = Ad-Hoc|iPhoneSimulator
		{60098A62-E54F-48E6-9737-8089634DF9AD}.Ad-Hoc|Mixed Platforms.ActiveCfg = Ad-Hoc|iPhone
		{60098A62-E54F-48E6-9737-8089634DF9AD}.Ad-Hoc|Mixed Platforms.Build.0 = Ad-Hoc|iPhone
		{60098A62-E54F-48E6-9737-8089634DF9AD}.Ad-Hoc|x86.ActiveCfg = Ad-Hoc|iPhone
		{60098A62-E54F-48E6-9737-8089634DF9AD}.AppStore|Any CPU.ActiveCfg = AppStore|iPhone
		{60098A62-E54F-48E6-9737-8089634DF9AD}.AppStore|ARM.ActiveCfg = AppStore|iPhone
		{60098A62-E54F-48E6-9737-8089634DF9AD}.AppStore|iPhone.ActiveCfg = AppStore|iPhone
		{60098A62-E54F-48E6-9737-8089634DF9AD}.AppStore|iPhone.Build.0 = AppStore|iPhone
		{60098A62-E54F-48E6-9737-8089634DF9AD}.AppStore|iPhoneSimulator.ActiveCfg = AppStore|iPhoneSimulator
		{60098A62-E54F-48E6-9737-8089634DF9AD}.AppStore|iPhoneSimulator.Build.0 = AppStore|iPhoneSimulator
		{60098A62-E54F-48E6-9737-8089634DF9AD}.AppStore|Mixed Platforms.ActiveCfg = AppStore|iPhone
		{60098A62-E54F-48E6-9737-8089634DF9AD}.AppStore|Mixed Platforms.Build.0 = AppStore|iPhone
		{60098A62-E54F-48E6-9737-8089634DF9AD}.AppStore|x86.ActiveCfg = AppStore|iPhone
		{60098A62-E54F-48E6-9737-8089634DF9AD}.Debug|Any CPU.ActiveCfg = Debug|iPhone
		{60098A62-E54F-48E6-9737-8089634DF9AD}.Debug|ARM.ActiveCfg = Debug|iPhone
		{60098A62-E54F-48E6-9737-8089634DF9AD}.Debug|iPhone.ActiveCfg = Debug|iPhone
		{60098A62-E54F-48E6-9737-8089634DF9AD}.Debug|iPhone.Build.0 = Debug|iPhone
		{60098A62-E54F-48E6-9737-8089634DF9AD}.Debug|iPhoneSimulator.ActiveCfg = Debug|iPhoneSimulator
		{60098A62-E54F-48E6-9737-8089634DF9AD}.Debug|iPhoneSimulator.Build.0 = Debug|iPhoneSimulator
		{60098A62-E54F-48E6-9737-8089634DF9AD}.Debug|Mixed Platforms.ActiveCfg = Debug|iPhone
		{60098A62-E54F-48E6-9737-8089634DF9AD}.Debug|Mixed Platforms.Build.0 = Debug|iPhone
		{60098A62-E54F-48E6-9737-8089634DF9AD}.Debug|x86.ActiveCfg = Debug|iPhone
		{60098A62-E54F-48E6-9737-8089634DF9AD}.Release|Any CPU.ActiveCfg = Release|iPhone
		{60098A62-E54F-48E6-9737-8089634DF9AD}.Release|ARM.ActiveCfg = Release|iPhone
		{60098A62-E54F-48E6-9737-8089634DF9AD}.Release|iPhone.ActiveCfg = Release|iPhone
		{60098A62-E54F-48E6-9737-8089634DF9AD}.Release|iPhone.Build.0 = Release|iPhone
		{60098A62-E54F-48E6-9737-8089634DF9AD}.Release|iPhoneSimulator.ActiveCfg = Release|iPhoneSimulator
		{60098A62-E54F-48E6-9737-8089634DF9AD}.Release|iPhoneSimulator.Build.0 = Release|iPhoneSimulator
		{60098A62-E54F-48E6-9737-8089634DF9AD}.Release|Mixed Platforms.ActiveCfg = Release|iPhone
		{60098A62-E54F-48E6-9737-8089634DF9AD}.Release|Mixed Platforms.Build.0 = Release|iPhone
		{60098A62-E54F-48E6-9737-8089634DF9AD}.Release|x86.ActiveCfg = Release|iPhone
		{F4B23737-1157-45FA-AB92-8F7A2B288890}.Ad-Hoc|Any CPU.ActiveCfg = Release|Any CPU
		{F4B23737-1157-45FA-AB92-8F7A2B288890}.Ad-Hoc|Any CPU.Build.0 = Release|Any CPU
		{F4B23737-1157-45FA-AB92-8F7A2B288890}.Ad-Hoc|Any CPU.Deploy.0 = Release|Any CPU
		{F4B23737-1157-45FA-AB92-8F7A2B288890}.Ad-Hoc|ARM.ActiveCfg = Release|Any CPU
		{F4B23737-1157-45FA-AB92-8F7A2B288890}.Ad-Hoc|iPhone.ActiveCfg = Release|Any CPU
		{F4B23737-1157-45FA-AB92-8F7A2B288890}.Ad-Hoc|iPhoneSimulator.ActiveCfg = Release|Any CPU
		{F4B23737-1157-45FA-AB92-8F7A2B288890}.Ad-Hoc|Mixed Platforms.ActiveCfg = Release|Any CPU
		{F4B23737-1157-45FA-AB92-8F7A2B288890}.Ad-Hoc|Mixed Platforms.Build.0 = Release|Any CPU
		{F4B23737-1157-45FA-AB92-8F7A2B288890}.Ad-Hoc|Mixed Platforms.Deploy.0 = Release|Any CPU
		{F4B23737-1157-45FA-AB92-8F7A2B288890}.Ad-Hoc|x86.ActiveCfg = Release|Any CPU
		{F4B23737-1157-45FA-AB92-8F7A2B288890}.AppStore|Any CPU.ActiveCfg = Release|Any CPU
		{F4B23737-1157-45FA-AB92-8F7A2B288890}.AppStore|Any CPU.Build.0 = Release|Any CPU
		{F4B23737-1157-45FA-AB92-8F7A2B288890}.AppStore|Any CPU.Deploy.0 = Release|Any CPU
		{F4B23737-1157-45FA-AB92-8F7A2B288890}.AppStore|ARM.ActiveCfg = Release|Any CPU
		{F4B23737-1157-45FA-AB92-8F7A2B288890}.AppStore|iPhone.ActiveCfg = Release|Any CPU
		{F4B23737-1157-45FA-AB92-8F7A2B288890}.AppStore|iPhoneSimulator.ActiveCfg = Release|Any CPU
		{F4B23737-1157-45FA-AB92-8F7A2B288890}.AppStore|Mixed Platforms.ActiveCfg = Release|Any CPU
		{F4B23737-1157-45FA-AB92-8F7A2B288890}.AppStore|Mixed Platforms.Build.0 = Release|Any CPU
		{F4B23737-1157-45FA-AB92-8F7A2B288890}.AppStore|Mixed Platforms.Deploy.0 = Release|Any CPU
		{F4B23737-1157-45FA-AB92-8F7A2B288890}.AppStore|x86.ActiveCfg = Release|Any CPU
		{F4B23737-1157-45FA-AB92-8F7A2B288890}.Debug|Any CPU.ActiveCfg = Debug|Any CPU
		{F4B23737-1157-45FA-AB92-8F7A2B288890}.Debug|Any CPU.Build.0 = Debug|Any CPU
		{F4B23737-1157-45FA-AB92-8F7A2B288890}.Debug|Any CPU.Deploy.0 = Debug|Any CPU
		{F4B23737-1157-45FA-AB92-8F7A2B288890}.Debug|ARM.ActiveCfg = Debug|Any CPU
		{F4B23737-1157-45FA-AB92-8F7A2B288890}.Debug|iPhone.ActiveCfg = Debug|Any CPU
		{F4B23737-1157-45FA-AB92-8F7A2B288890}.Debug|iPhoneSimulator.ActiveCfg = Debug|Any CPU
		{F4B23737-1157-45FA-AB92-8F7A2B288890}.Debug|Mixed Platforms.ActiveCfg = Debug|Any CPU
		{F4B23737-1157-45FA-AB92-8F7A2B288890}.Debug|Mixed Platforms.Build.0 = Debug|Any CPU
		{F4B23737-1157-45FA-AB92-8F7A2B288890}.Debug|Mixed Platforms.Deploy.0 = Debug|Any CPU
		{F4B23737-1157-45FA-AB92-8F7A2B288890}.Debug|x86.ActiveCfg = Debug|Any CPU
		{F4B23737-1157-45FA-AB92-8F7A2B288890}.Release|Any CPU.ActiveCfg = Release|Any CPU
		{F4B23737-1157-45FA-AB92-8F7A2B288890}.Release|Any CPU.Build.0 = Release|Any CPU
		{F4B23737-1157-45FA-AB92-8F7A2B288890}.Release|Any CPU.Deploy.0 = Release|Any CPU
		{F4B23737-1157-45FA-AB92-8F7A2B288890}.Release|ARM.ActiveCfg = Release|Any CPU
		{F4B23737-1157-45FA-AB92-8F7A2B288890}.Release|iPhone.ActiveCfg = Release|Any CPU
		{F4B23737-1157-45FA-AB92-8F7A2B288890}.Release|iPhoneSimulator.ActiveCfg = Release|Any CPU
		{F4B23737-1157-45FA-AB92-8F7A2B288890}.Release|Mixed Platforms.ActiveCfg = Release|Any CPU
		{F4B23737-1157-45FA-AB92-8F7A2B288890}.Release|Mixed Platforms.Build.0 = Release|Any CPU
		{F4B23737-1157-45FA-AB92-8F7A2B288890}.Release|Mixed Platforms.Deploy.0 = Release|Any CPU
		{F4B23737-1157-45FA-AB92-8F7A2B288890}.Release|x86.ActiveCfg = Release|Any CPU
		{664D7EAD-C78D-4976-8E4D-C6C5F3D72F86}.Ad-Hoc|Any CPU.ActiveCfg = Release|Any CPU
		{664D7EAD-C78D-4976-8E4D-C6C5F3D72F86}.Ad-Hoc|Any CPU.Build.0 = Release|Any CPU
		{664D7EAD-C78D-4976-8E4D-C6C5F3D72F86}.Ad-Hoc|Any CPU.Deploy.0 = Release|Any CPU
		{664D7EAD-C78D-4976-8E4D-C6C5F3D72F86}.Ad-Hoc|ARM.ActiveCfg = Release|ARM
		{664D7EAD-C78D-4976-8E4D-C6C5F3D72F86}.Ad-Hoc|ARM.Build.0 = Release|ARM
		{664D7EAD-C78D-4976-8E4D-C6C5F3D72F86}.Ad-Hoc|ARM.Deploy.0 = Release|ARM
		{664D7EAD-C78D-4976-8E4D-C6C5F3D72F86}.Ad-Hoc|iPhone.ActiveCfg = Release|Any CPU
		{664D7EAD-C78D-4976-8E4D-C6C5F3D72F86}.Ad-Hoc|iPhoneSimulator.ActiveCfg = Release|Any CPU
		{664D7EAD-C78D-4976-8E4D-C6C5F3D72F86}.Ad-Hoc|Mixed Platforms.ActiveCfg = Release|x86
		{664D7EAD-C78D-4976-8E4D-C6C5F3D72F86}.Ad-Hoc|Mixed Platforms.Build.0 = Release|x86
		{664D7EAD-C78D-4976-8E4D-C6C5F3D72F86}.Ad-Hoc|Mixed Platforms.Deploy.0 = Release|x86
		{664D7EAD-C78D-4976-8E4D-C6C5F3D72F86}.Ad-Hoc|x86.ActiveCfg = Release|x86
		{664D7EAD-C78D-4976-8E4D-C6C5F3D72F86}.Ad-Hoc|x86.Build.0 = Release|x86
		{664D7EAD-C78D-4976-8E4D-C6C5F3D72F86}.Ad-Hoc|x86.Deploy.0 = Release|x86
		{664D7EAD-C78D-4976-8E4D-C6C5F3D72F86}.AppStore|Any CPU.ActiveCfg = Release|Any CPU
		{664D7EAD-C78D-4976-8E4D-C6C5F3D72F86}.AppStore|Any CPU.Build.0 = Release|Any CPU
		{664D7EAD-C78D-4976-8E4D-C6C5F3D72F86}.AppStore|Any CPU.Deploy.0 = Release|Any CPU
		{664D7EAD-C78D-4976-8E4D-C6C5F3D72F86}.AppStore|ARM.ActiveCfg = Release|ARM
		{664D7EAD-C78D-4976-8E4D-C6C5F3D72F86}.AppStore|ARM.Build.0 = Release|ARM
		{664D7EAD-C78D-4976-8E4D-C6C5F3D72F86}.AppStore|ARM.Deploy.0 = Release|ARM
		{664D7EAD-C78D-4976-8E4D-C6C5F3D72F86}.AppStore|iPhone.ActiveCfg = Release|Any CPU
		{664D7EAD-C78D-4976-8E4D-C6C5F3D72F86}.AppStore|iPhoneSimulator.ActiveCfg = Release|Any CPU
		{664D7EAD-C78D-4976-8E4D-C6C5F3D72F86}.AppStore|Mixed Platforms.ActiveCfg = Release|x86
		{664D7EAD-C78D-4976-8E4D-C6C5F3D72F86}.AppStore|Mixed Platforms.Build.0 = Release|x86
		{664D7EAD-C78D-4976-8E4D-C6C5F3D72F86}.AppStore|Mixed Platforms.Deploy.0 = Release|x86
		{664D7EAD-C78D-4976-8E4D-C6C5F3D72F86}.AppStore|x86.ActiveCfg = Release|x86
		{664D7EAD-C78D-4976-8E4D-C6C5F3D72F86}.AppStore|x86.Build.0 = Release|x86
		{664D7EAD-C78D-4976-8E4D-C6C5F3D72F86}.AppStore|x86.Deploy.0 = Release|x86
		{664D7EAD-C78D-4976-8E4D-C6C5F3D72F86}.Debug|Any CPU.ActiveCfg = Debug|Any CPU
		{664D7EAD-C78D-4976-8E4D-C6C5F3D72F86}.Debug|Any CPU.Build.0 = Debug|Any CPU
		{664D7EAD-C78D-4976-8E4D-C6C5F3D72F86}.Debug|Any CPU.Deploy.0 = Debug|Any CPU
		{664D7EAD-C78D-4976-8E4D-C6C5F3D72F86}.Debug|ARM.ActiveCfg = Debug|ARM
		{664D7EAD-C78D-4976-8E4D-C6C5F3D72F86}.Debug|ARM.Build.0 = Debug|ARM
		{664D7EAD-C78D-4976-8E4D-C6C5F3D72F86}.Debug|ARM.Deploy.0 = Debug|ARM
		{664D7EAD-C78D-4976-8E4D-C6C5F3D72F86}.Debug|iPhone.ActiveCfg = Debug|Any CPU
		{664D7EAD-C78D-4976-8E4D-C6C5F3D72F86}.Debug|iPhoneSimulator.ActiveCfg = Debug|Any CPU
		{664D7EAD-C78D-4976-8E4D-C6C5F3D72F86}.Debug|Mixed Platforms.ActiveCfg = Debug|x86
		{664D7EAD-C78D-4976-8E4D-C6C5F3D72F86}.Debug|Mixed Platforms.Build.0 = Debug|x86
		{664D7EAD-C78D-4976-8E4D-C6C5F3D72F86}.Debug|Mixed Platforms.Deploy.0 = Debug|x86
		{664D7EAD-C78D-4976-8E4D-C6C5F3D72F86}.Debug|x86.ActiveCfg = Debug|x86
		{664D7EAD-C78D-4976-8E4D-C6C5F3D72F86}.Debug|x86.Build.0 = Debug|x86
		{664D7EAD-C78D-4976-8E4D-C6C5F3D72F86}.Debug|x86.Deploy.0 = Debug|x86
		{664D7EAD-C78D-4976-8E4D-C6C5F3D72F86}.Release|Any CPU.ActiveCfg = Release|Any CPU
		{664D7EAD-C78D-4976-8E4D-C6C5F3D72F86}.Release|Any CPU.Build.0 = Release|Any CPU
		{664D7EAD-C78D-4976-8E4D-C6C5F3D72F86}.Release|Any CPU.Deploy.0 = Release|Any CPU
		{664D7EAD-C78D-4976-8E4D-C6C5F3D72F86}.Release|ARM.ActiveCfg = Release|ARM
		{664D7EAD-C78D-4976-8E4D-C6C5F3D72F86}.Release|ARM.Build.0 = Release|ARM
		{664D7EAD-C78D-4976-8E4D-C6C5F3D72F86}.Release|ARM.Deploy.0 = Release|ARM
		{664D7EAD-C78D-4976-8E4D-C6C5F3D72F86}.Release|iPhone.ActiveCfg = Release|Any CPU
		{664D7EAD-C78D-4976-8E4D-C6C5F3D72F86}.Release|iPhoneSimulator.ActiveCfg = Release|Any CPU
		{664D7EAD-C78D-4976-8E4D-C6C5F3D72F86}.Release|Mixed Platforms.ActiveCfg = Release|x86
		{664D7EAD-C78D-4976-8E4D-C6C5F3D72F86}.Release|Mixed Platforms.Build.0 = Release|x86
		{664D7EAD-C78D-4976-8E4D-C6C5F3D72F86}.Release|Mixed Platforms.Deploy.0 = Release|x86
		{664D7EAD-C78D-4976-8E4D-C6C5F3D72F86}.Release|x86.ActiveCfg = Release|x86
		{664D7EAD-C78D-4976-8E4D-C6C5F3D72F86}.Release|x86.Build.0 = Release|x86
		{664D7EAD-C78D-4976-8E4D-C6C5F3D72F86}.Release|x86.Deploy.0 = Release|x86
	EndGlobalSection
	GlobalSection(SolutionProperties) = preSolution
		HideSolutionNode = FALSE
	EndGlobalSection
EndGlobal
