
Microsoft Visual Studio Solution File, Format Version 12.00
# Visual Studio 2013
VisualStudioVersion = 12.0.31101.0
MinimumVisualStudioVersion = 10.0.40219.1
Project("{FAE04EC0-301F-11D3-BF4B-00C04F79EFBC}") = "NavigationPageExample", "NavigationPageExample\NavigationPageExample\NavigationPageExample.csproj", "{AFE8C444-28DA-468A-8035-DBB1BA1C7657}"
EndProject
Project("{FAE04EC0-301F-11D3-BF4B-00C04F79EFBC}") = "NavigationPageExample.iOS", "NavigationPageExample\NavigationPageExample.iOS\NavigationPageExample.iOS.csproj", "{874687C7-0692-4E26-81A9-BCB115E67651}"
EndProject
Project("{FAE04EC0-301F-11D3-BF4B-00C04F79EFBC}") = "NavigationPageExample.Droid", "NavigationPageExample\NavigationPageExample.Droid\NavigationPageExample.Droid.csproj", "{F62FA4DD-2E55-422E-98B3-E9F59C6EA780}"
EndProject
Project("{FAE04EC0-301F-11D3-BF4B-00C04F79EFBC}") = "NavigationPageExample.WinPhone", "NavigationPageExample\NavigationPageExample.WinPhone\NavigationPageExample.WinPhone.csproj", "{4E8EF966-F3F9-4269-810F-7EC7DC51C977}"
EndProject
Global
	GlobalSection(SolutionConfigurationPlatforms) = preSolution
		Ad-Hoc|Any CPU = Ad-Hoc|Any CPU
		Ad-Hoc|ARM = Ad-Hoc|ARM
		Ad-Hoc|iPhone = Ad-Hoc|iPhone
		Ad-Hoc|iPhoneSimulator = Ad-Hoc|iPhoneSimulator
		Ad-Hoc|Mixed Platforms = Ad-Hoc|Mixed Platforms
		Ad-Hoc|x86 = Ad-Hoc|x86
		AppStore|Any CPU = AppStore|Any CPU
		AppStore|ARM = AppStore|ARM
		AppStore|iPhone = AppStore|iPhone
		AppStore|iPhoneSimulator = AppStore|iPhoneSimulator
		AppStore|Mixed Platforms = AppStore|Mixed Platforms
		AppStore|x86 = AppStore|x86
		Debug|Any CPU = Debug|Any CPU
		Debug|ARM = Debug|ARM
		Debug|iPhone = Debug|iPhone
		Debug|iPhoneSimulator = Debug|iPhoneSimulator
		Debug|Mixed Platforms = Debug|Mixed Platforms
		Debug|x86 = Debug|x86
		Release|Any CPU = Release|Any CPU
		Release|ARM = Release|ARM
		Release|iPhone = Release|iPhone
		Release|iPhoneSimulator = Release|iPhoneSimulator
		Release|Mixed Platforms = Release|Mixed Platforms
		Release|x86 = Release|x86
	EndGlobalSection
	GlobalSection(ProjectConfigurationPlatforms) = postSolution
		{AFE8C444-28DA-468A-8035-DBB1BA1C7657}.Ad-Hoc|Any CPU.ActiveCfg = Release|Any CPU
		{AFE8C444-28DA-468A-8035-DBB1BA1C7657}.Ad-Hoc|Any CPU.Build.0 = Release|Any CPU
		{AFE8C444-28DA-468A-8035-DBB1BA1C7657}.Ad-Hoc|ARM.ActiveCfg = Release|Any CPU
		{AFE8C444-28DA-468A-8035-DBB1BA1C7657}.Ad-Hoc|iPhone.ActiveCfg = Release|Any CPU
		{AFE8C444-28DA-468A-8035-DBB1BA1C7657}.Ad-Hoc|iPhoneSimulator.ActiveCfg = Release|Any CPU
		{AFE8C444-28DA-468A-8035-DBB1BA1C7657}.Ad-Hoc|Mixed Platforms.ActiveCfg = Release|Any CPU
		{AFE8C444-28DA-468A-8035-DBB1BA1C7657}.Ad-Hoc|Mixed Platforms.Build.0 = Release|Any CPU
		{AFE8C444-28DA-468A-8035-DBB1BA1C7657}.Ad-Hoc|x86.ActiveCfg = Release|Any CPU
		{AFE8C444-28DA-468A-8035-DBB1BA1C7657}.AppStore|Any CPU.ActiveCfg = Release|Any CPU
		{AFE8C444-28DA-468A-8035-DBB1BA1C7657}.AppStore|Any CPU.Build.0 = Release|Any CPU
		{AFE8C444-28DA-468A-8035-DBB1BA1C7657}.AppStore|ARM.ActiveCfg = Release|Any CPU
		{AFE8C444-28DA-468A-8035-DBB1BA1C7657}.AppStore|iPhone.ActiveCfg = Release|Any CPU
		{AFE8C444-28DA-468A-8035-DBB1BA1C7657}.AppStore|iPhoneSimulator.ActiveCfg = Release|Any CPU
		{AFE8C444-28DA-468A-8035-DBB1BA1C7657}.AppStore|Mixed Platforms.ActiveCfg = Release|Any CPU
		{AFE8C444-28DA-468A-8035-DBB1BA1C7657}.AppStore|Mixed Platforms.Build.0 = Release|Any CPU
		{AFE8C444-28DA-468A-8035-DBB1BA1C7657}.AppStore|x86.ActiveCfg = Release|Any CPU
		{AFE8C444-28DA-468A-8035-DBB1BA1C7657}.Debug|Any CPU.ActiveCfg = Debug|Any CPU
		{AFE8C444-28DA-468A-8035-DBB1BA1C7657}.Debug|Any CPU.Build.0 = Debug|Any CPU
		{AFE8C444-28DA-468A-8035-DBB1BA1C7657}.Debug|ARM.ActiveCfg = Debug|Any CPU
		{AFE8C444-28DA-468A-8035-DBB1BA1C7657}.Debug|iPhone.ActiveCfg = Debug|Any CPU
		{AFE8C444-28DA-468A-8035-DBB1BA1C7657}.Debug|iPhoneSimulator.ActiveCfg = Debug|Any CPU
		{AFE8C444-28DA-468A-8035-DBB1BA1C7657}.Debug|Mixed Platforms.ActiveCfg = Debug|Any CPU
		{AFE8C444-28DA-468A-8035-DBB1BA1C7657}.Debug|Mixed Platforms.Build.0 = Debug|Any CPU
		{AFE8C444-28DA-468A-8035-DBB1BA1C7657}.Debug|x86.ActiveCfg = Debug|Any CPU
		{AFE8C444-28DA-468A-8035-DBB1BA1C7657}.Release|Any CPU.ActiveCfg = Release|Any CPU
		{AFE8C444-28DA-468A-8035-DBB1BA1C7657}.Release|Any CPU.Build.0 = Release|Any CPU
		{AFE8C444-28DA-468A-8035-DBB1BA1C7657}.Release|ARM.ActiveCfg = Release|Any CPU
		{AFE8C444-28DA-468A-8035-DBB1BA1C7657}.Release|iPhone.ActiveCfg = Release|Any CPU
		{AFE8C444-28DA-468A-8035-DBB1BA1C7657}.Release|iPhoneSimulator.ActiveCfg = Release|Any CPU
		{AFE8C444-28DA-468A-8035-DBB1BA1C7657}.Release|Mixed Platforms.ActiveCfg = Release|Any CPU
		{AFE8C444-28DA-468A-8035-DBB1BA1C7657}.Release|Mixed Platforms.Build.0 = Release|Any CPU
		{AFE8C444-28DA-468A-8035-DBB1BA1C7657}.Release|x86.ActiveCfg = Release|Any CPU
		{874687C7-0692-4E26-81A9-BCB115E67651}.Ad-Hoc|Any CPU.ActiveCfg = Ad-Hoc|iPhone
		{874687C7-0692-4E26-81A9-BCB115E67651}.Ad-Hoc|ARM.ActiveCfg = Ad-Hoc|iPhone
		{874687C7-0692-4E26-81A9-BCB115E67651}.Ad-Hoc|iPhone.ActiveCfg = Ad-Hoc|iPhone
		{874687C7-0692-4E26-81A9-BCB115E67651}.Ad-Hoc|iPhone.Build.0 = Ad-Hoc|iPhone
		{874687C7-0692-4E26-81A9-BCB115E67651}.Ad-Hoc|iPhoneSimulator.ActiveCfg = Ad-Hoc|iPhoneSimulator
		{874687C7-0692-4E26-81A9-BCB115E67651}.Ad-Hoc|iPhoneSimulator.Build.0 = Ad-Hoc|iPhoneSimulator
		{874687C7-0692-4E26-81A9-BCB115E67651}.Ad-Hoc|Mixed Platforms.ActiveCfg = Ad-Hoc|iPhone
		{874687C7-0692-4E26-81A9-BCB115E67651}.Ad-Hoc|Mixed Platforms.Build.0 = Ad-Hoc|iPhone
		{874687C7-0692-4E26-81A9-BCB115E67651}.Ad-Hoc|x86.ActiveCfg = Ad-Hoc|iPhone
		{874687C7-0692-4E26-81A9-BCB115E67651}.AppStore|Any CPU.ActiveCfg = AppStore|iPhone
		{874687C7-0692-4E26-81A9-BCB115E67651}.AppStore|ARM.ActiveCfg = AppStore|iPhone
		{874687C7-0692-4E26-81A9-BCB115E67651}.AppStore|iPhone.ActiveCfg = AppStore|iPhone
		{874687C7-0692-4E26-81A9-BCB115E67651}.AppStore|iPhone.Build.0 = AppStore|iPhone
		{874687C7-0692-4E26-81A9-BCB115E67651}.AppStore|iPhoneSimulator.ActiveCfg = AppStore|iPhoneSimulator
		{874687C7-0692-4E26-81A9-BCB115E67651}.AppStore|iPhoneSimulator.Build.0 = AppStore|iPhoneSimulator
		{874687C7-0692-4E26-81A9-BCB115E67651}.AppStore|Mixed Platforms.ActiveCfg = AppStore|iPhone
		{874687C7-0692-4E26-81A9-BCB115E67651}.AppStore|Mixed Platforms.Build.0 = AppStore|iPhone
		{874687C7-0692-4E26-81A9-BCB115E67651}.AppStore|x86.ActiveCfg = AppStore|iPhone
		{874687C7-0692-4E26-81A9-BCB115E67651}.Debug|Any CPU.ActiveCfg = Debug|iPhone
		{874687C7-0692-4E26-81A9-BCB115E67651}.Debug|ARM.ActiveCfg = Debug|iPhone
		{874687C7-0692-4E26-81A9-BCB115E67651}.Debug|iPhone.ActiveCfg = Debug|iPhone
		{874687C7-0692-4E26-81A9-BCB115E67651}.Debug|iPhone.Build.0 = Debug|iPhone
		{874687C7-0692-4E26-81A9-BCB115E67651}.Debug|iPhoneSimulator.ActiveCfg = Debug|iPhoneSimulator
		{874687C7-0692-4E26-81A9-BCB115E67651}.Debug|iPhoneSimulator.Build.0 = Debug|iPhoneSimulator
		{874687C7-0692-4E26-81A9-BCB115E67651}.Debug|Mixed Platforms.ActiveCfg = Debug|iPhone
		{874687C7-0692-4E26-81A9-BCB115E67651}.Debug|Mixed Platforms.Build.0 = Debug|iPhone
		{874687C7-0692-4E26-81A9-BCB115E67651}.Debug|x86.ActiveCfg = Debug|iPhone
		{874687C7-0692-4E26-81A9-BCB115E67651}.Release|Any CPU.ActiveCfg = Release|iPhone
		{874687C7-0692-4E26-81A9-BCB115E67651}.Release|ARM.ActiveCfg = Release|iPhone
		{874687C7-0692-4E26-81A9-BCB115E67651}.Release|iPhone.ActiveCfg = Release|iPhone
		{874687C7-0692-4E26-81A9-BCB115E67651}.Release|iPhone.Build.0 = Release|iPhone
		{874687C7-0692-4E26-81A9-BCB115E67651}.Release|iPhoneSimulator.ActiveCfg = Release|iPhoneSimulator
		{874687C7-0692-4E26-81A9-BCB115E67651}.Release|iPhoneSimulator.Build.0 = Release|iPhoneSimulator
		{874687C7-0692-4E26-81A9-BCB115E67651}.Release|Mixed Platforms.ActiveCfg = Release|iPhone
		{874687C7-0692-4E26-81A9-BCB115E67651}.Release|Mixed Platforms.Build.0 = Release|iPhone
		{874687C7-0692-4E26-81A9-BCB115E67651}.Release|x86.ActiveCfg = Release|iPhone
		{F62FA4DD-2E55-422E-98B3-E9F59C6EA780}.Ad-Hoc|Any CPU.ActiveCfg = Release|Any CPU
		{F62FA4DD-2E55-422E-98B3-E9F59C6EA780}.Ad-Hoc|Any CPU.Build.0 = Release|Any CPU
		{F62FA4DD-2E55-422E-98B3-E9F59C6EA780}.Ad-Hoc|Any CPU.Deploy.0 = Release|Any CPU
		{F62FA4DD-2E55-422E-98B3-E9F59C6EA780}.Ad-Hoc|ARM.ActiveCfg = Release|Any CPU
		{F62FA4DD-2E55-422E-98B3-E9F59C6EA780}.Ad-Hoc|iPhone.ActiveCfg = Release|Any CPU
		{F62FA4DD-2E55-422E-98B3-E9F59C6EA780}.Ad-Hoc|iPhoneSimulator.ActiveCfg = Release|Any CPU
		{F62FA4DD-2E55-422E-98B3-E9F59C6EA780}.Ad-Hoc|Mixed Platforms.ActiveCfg = Release|Any CPU
		{F62FA4DD-2E55-422E-98B3-E9F59C6EA780}.Ad-Hoc|Mixed Platforms.Build.0 = Release|Any CPU
		{F62FA4DD-2E55-422E-98B3-E9F59C6EA780}.Ad-Hoc|Mixed Platforms.Deploy.0 = Release|Any CPU
		{F62FA4DD-2E55-422E-98B3-E9F59C6EA780}.Ad-Hoc|x86.ActiveCfg = Release|Any CPU
		{F62FA4DD-2E55-422E-98B3-E9F59C6EA780}.AppStore|Any CPU.ActiveCfg = Release|Any CPU
		{F62FA4DD-2E55-422E-98B3-E9F59C6EA780}.AppStore|Any CPU.Build.0 = Release|Any CPU
		{F62FA4DD-2E55-422E-98B3-E9F59C6EA780}.AppStore|Any CPU.Deploy.0 = Release|Any CPU
		{F62FA4DD-2E55-422E-98B3-E9F59C6EA780}.AppStore|ARM.ActiveCfg = Release|Any CPU
		{F62FA4DD-2E55-422E-98B3-E9F59C6EA780}.AppStore|iPhone.ActiveCfg = Release|Any CPU
		{F62FA4DD-2E55-422E-98B3-E9F59C6EA780}.AppStore|iPhoneSimulator.ActiveCfg = Release|Any CPU
		{F62FA4DD-2E55-422E-98B3-E9F59C6EA780}.AppStore|Mixed Platforms.ActiveCfg = Release|Any CPU
		{F62FA4DD-2E55-422E-98B3-E9F59C6EA780}.AppStore|Mixed Platforms.Build.0 = Release|Any CPU
		{F62FA4DD-2E55-422E-98B3-E9F59C6EA780}.AppStore|Mixed Platforms.Deploy.0 = Release|Any CPU
		{F62FA4DD-2E55-422E-98B3-E9F59C6EA780}.AppStore|x86.ActiveCfg = Release|Any CPU
		{F62FA4DD-2E55-422E-98B3-E9F59C6EA780}.Debug|Any CPU.ActiveCfg = Debug|Any CPU
		{F62FA4DD-2E55-422E-98B3-E9F59C6EA780}.Debug|Any CPU.Build.0 = Debug|Any CPU
		{F62FA4DD-2E55-422E-98B3-E9F59C6EA780}.Debug|Any CPU.Deploy.0 = Debug|Any CPU
		{F62FA4DD-2E55-422E-98B3-E9F59C6EA780}.Debug|ARM.ActiveCfg = Debug|Any CPU
		{F62FA4DD-2E55-422E-98B3-E9F59C6EA780}.Debug|iPhone.ActiveCfg = Debug|Any CPU
		{F62FA4DD-2E55-422E-98B3-E9F59C6EA780}.Debug|iPhoneSimulator.ActiveCfg = Debug|Any CPU
		{F62FA4DD-2E55-422E-98B3-E9F59C6EA780}.Debug|Mixed Platforms.ActiveCfg = Debug|Any CPU
		{F62FA4DD-2E55-422E-98B3-E9F59C6EA780}.Debug|Mixed Platforms.Build.0 = Debug|Any CPU
		{F62FA4DD-2E55-422E-98B3-E9F59C6EA780}.Debug|Mixed Platforms.Deploy.0 = Debug|Any CPU
		{F62FA4DD-2E55-422E-98B3-E9F59C6EA780}.Debug|x86.ActiveCfg = Debug|Any CPU
		{F62FA4DD-2E55-422E-98B3-E9F59C6EA780}.Release|Any CPU.ActiveCfg = Release|Any CPU
		{F62FA4DD-2E55-422E-98B3-E9F59C6EA780}.Release|Any CPU.Build.0 = Release|Any CPU
		{F62FA4DD-2E55-422E-98B3-E9F59C6EA780}.Release|Any CPU.Deploy.0 = Release|Any CPU
		{F62FA4DD-2E55-422E-98B3-E9F59C6EA780}.Release|ARM.ActiveCfg = Release|Any CPU
		{F62FA4DD-2E55-422E-98B3-E9F59C6EA780}.Release|iPhone.ActiveCfg = Release|Any CPU
		{F62FA4DD-2E55-422E-98B3-E9F59C6EA780}.Release|iPhoneSimulator.ActiveCfg = Release|Any CPU
		{F62FA4DD-2E55-422E-98B3-E9F59C6EA780}.Release|Mixed Platforms.ActiveCfg = Release|Any CPU
		{F62FA4DD-2E55-422E-98B3-E9F59C6EA780}.Release|Mixed Platforms.Build.0 = Release|Any CPU
		{F62FA4DD-2E55-422E-98B3-E9F59C6EA780}.Release|Mixed Platforms.Deploy.0 = Release|Any CPU
		{F62FA4DD-2E55-422E-98B3-E9F59C6EA780}.Release|x86.ActiveCfg = Release|Any CPU
		{4E8EF966-F3F9-4269-810F-7EC7DC51C977}.Ad-Hoc|Any CPU.ActiveCfg = Release|Any CPU
		{4E8EF966-F3F9-4269-810F-7EC7DC51C977}.Ad-Hoc|Any CPU.Build.0 = Release|Any CPU
		{4E8EF966-F3F9-4269-810F-7EC7DC51C977}.Ad-Hoc|Any CPU.Deploy.0 = Release|Any CPU
		{4E8EF966-F3F9-4269-810F-7EC7DC51C977}.Ad-Hoc|ARM.ActiveCfg = Release|ARM
		{4E8EF966-F3F9-4269-810F-7EC7DC51C977}.Ad-Hoc|ARM.Build.0 = Release|ARM
		{4E8EF966-F3F9-4269-810F-7EC7DC51C977}.Ad-Hoc|ARM.Deploy.0 = Release|ARM
		{4E8EF966-F3F9-4269-810F-7EC7DC51C977}.Ad-Hoc|iPhone.ActiveCfg = Release|Any CPU
		{4E8EF966-F3F9-4269-810F-7EC7DC51C977}.Ad-Hoc|iPhoneSimulator.ActiveCfg = Release|Any CPU
		{4E8EF966-F3F9-4269-810F-7EC7DC51C977}.Ad-Hoc|Mixed Platforms.ActiveCfg = Release|x86
		{4E8EF966-F3F9-4269-810F-7EC7DC51C977}.Ad-Hoc|Mixed Platforms.Build.0 = Release|x86
		{4E8EF966-F3F9-4269-810F-7EC7DC51C977}.Ad-Hoc|Mixed Platforms.Deploy.0 = Release|x86
		{4E8EF966-F3F9-4269-810F-7EC7DC51C977}.Ad-Hoc|x86.ActiveCfg = Release|x86
		{4E8EF966-F3F9-4269-810F-7EC7DC51C977}.Ad-Hoc|x86.Build.0 = Release|x86
		{4E8EF966-F3F9-4269-810F-7EC7DC51C977}.Ad-Hoc|x86.Deploy.0 = Release|x86
		{4E8EF966-F3F9-4269-810F-7EC7DC51C977}.AppStore|Any CPU.ActiveCfg = Release|Any CPU
		{4E8EF966-F3F9-4269-810F-7EC7DC51C977}.AppStore|Any CPU.Build.0 = Release|Any CPU
		{4E8EF966-F3F9-4269-810F-7EC7DC51C977}.AppStore|Any CPU.Deploy.0 = Release|Any CPU
		{4E8EF966-F3F9-4269-810F-7EC7DC51C977}.AppStore|ARM.ActiveCfg = Release|ARM
		{4E8EF966-F3F9-4269-810F-7EC7DC51C977}.AppStore|ARM.Build.0 = Release|ARM
		{4E8EF966-F3F9-4269-810F-7EC7DC51C977}.AppStore|ARM.Deploy.0 = Release|ARM
		{4E8EF966-F3F9-4269-810F-7EC7DC51C977}.AppStore|iPhone.ActiveCfg = Release|Any CPU
		{4E8EF966-F3F9-4269-810F-7EC7DC51C977}.AppStore|iPhoneSimulator.ActiveCfg = Release|Any CPU
		{4E8EF966-F3F9-4269-810F-7EC7DC51C977}.AppStore|Mixed Platforms.ActiveCfg = Release|x86
		{4E8EF966-F3F9-4269-810F-7EC7DC51C977}.AppStore|Mixed Platforms.Build.0 = Release|x86
		{4E8EF966-F3F9-4269-810F-7EC7DC51C977}.AppStore|Mixed Platforms.Deploy.0 = Release|x86
		{4E8EF966-F3F9-4269-810F-7EC7DC51C977}.AppStore|x86.ActiveCfg = Release|x86
		{4E8EF966-F3F9-4269-810F-7EC7DC51C977}.AppStore|x86.Build.0 = Release|x86
		{4E8EF966-F3F9-4269-810F-7EC7DC51C977}.AppStore|x86.Deploy.0 = Release|x86
		{4E8EF966-F3F9-4269-810F-7EC7DC51C977}.Debug|Any CPU.ActiveCfg = Debug|Any CPU
		{4E8EF966-F3F9-4269-810F-7EC7DC51C977}.Debug|Any CPU.Build.0 = Debug|Any CPU
		{4E8EF966-F3F9-4269-810F-7EC7DC51C977}.Debug|Any CPU.Deploy.0 = Debug|Any CPU
		{4E8EF966-F3F9-4269-810F-7EC7DC51C977}.Debug|ARM.ActiveCfg = Debug|ARM
		{4E8EF966-F3F9-4269-810F-7EC7DC51C977}.Debug|ARM.Build.0 = Debug|ARM
		{4E8EF966-F3F9-4269-810F-7EC7DC51C977}.Debug|ARM.Deploy.0 = Debug|ARM
		{4E8EF966-F3F9-4269-810F-7EC7DC51C977}.Debug|iPhone.ActiveCfg = Debug|Any CPU
		{4E8EF966-F3F9-4269-810F-7EC7DC51C977}.Debug|iPhoneSimulator.ActiveCfg = Debug|Any CPU
		{4E8EF966-F3F9-4269-810F-7EC7DC51C977}.Debug|Mixed Platforms.ActiveCfg = Debug|x86
		{4E8EF966-F3F9-4269-810F-7EC7DC51C977}.Debug|Mixed Platforms.Build.0 = Debug|x86
		{4E8EF966-F3F9-4269-810F-7EC7DC51C977}.Debug|Mixed Platforms.Deploy.0 = Debug|x86
		{4E8EF966-F3F9-4269-810F-7EC7DC51C977}.Debug|x86.ActiveCfg = Debug|x86
		{4E8EF966-F3F9-4269-810F-7EC7DC51C977}.Debug|x86.Build.0 = Debug|x86
		{4E8EF966-F3F9-4269-810F-7EC7DC51C977}.Debug|x86.Deploy.0 = Debug|x86
		{4E8EF966-F3F9-4269-810F-7EC7DC51C977}.Release|Any CPU.ActiveCfg = Release|Any CPU
		{4E8EF966-F3F9-4269-810F-7EC7DC51C977}.Release|Any CPU.Build.0 = Release|Any CPU
		{4E8EF966-F3F9-4269-810F-7EC7DC51C977}.Release|Any CPU.Deploy.0 = Release|Any CPU
		{4E8EF966-F3F9-4269-810F-7EC7DC51C977}.Release|ARM.ActiveCfg = Release|ARM
		{4E8EF966-F3F9-4269-810F-7EC7DC51C977}.Release|ARM.Build.0 = Release|ARM
		{4E8EF966-F3F9-4269-810F-7EC7DC51C977}.Release|ARM.Deploy.0 = Release|ARM
		{4E8EF966-F3F9-4269-810F-7EC7DC51C977}.Release|iPhone.ActiveCfg = Release|Any CPU
		{4E8EF966-F3F9-4269-810F-7EC7DC51C977}.Release|iPhoneSimulator.ActiveCfg = Release|Any CPU
		{4E8EF966-F3F9-4269-810F-7EC7DC51C977}.Release|Mixed Platforms.ActiveCfg = Release|x86
		{4E8EF966-F3F9-4269-810F-7EC7DC51C977}.Release|Mixed Platforms.Build.0 = Release|x86
		{4E8EF966-F3F9-4269-810F-7EC7DC51C977}.Release|Mixed Platforms.Deploy.0 = Release|x86
		{4E8EF966-F3F9-4269-810F-7EC7DC51C977}.Release|x86.ActiveCfg = Release|x86
		{4E8EF966-F3F9-4269-810F-7EC7DC51C977}.Release|x86.Build.0 = Release|x86
		{4E8EF966-F3F9-4269-810F-7EC7DC51C977}.Release|x86.Deploy.0 = Release|x86
	EndGlobalSection
	GlobalSection(SolutionProperties) = preSolution
		HideSolutionNode = FALSE
	EndGlobalSection
EndGlobal
