
Microsoft Visual Studio Solution File, Format Version 12.00
# Visual Studio 2013
VisualStudioVersion = 12.0.31101.0
MinimumVisualStudioVersion = 10.0.40219.1
Project("{FAE04EC0-301F-11D3-BF4B-00C04F79EFBC}") = "TestLicencese", "TestLicencese\TestLicencese\TestLicencese.csproj", "{5503CE6B-4EFD-464B-AEE1-247C8060A9EF}"
EndProject
Project("{FAE04EC0-301F-11D3-BF4B-00C04F79EFBC}") = "TestLicencese.iOS", "TestLicencese\TestLicencese.iOS\TestLicencese.iOS.csproj", "{711E53E3-D947-43E5-A3EC-F49ED90C4FFE}"
EndProject
Project("{FAE04EC0-301F-11D3-BF4B-00C04F79EFBC}") = "TestLicencese.Droid", "TestLicencese\TestLicencese.Droid\TestLicencese.Droid.csproj", "{E8D0A706-57A2-482E-AC61-EE8EF7F51376}"
EndProject
Project("{FAE04EC0-301F-11D3-BF4B-00C04F79EFBC}") = "TestLicencese.WinPhone", "TestLicencese\TestLicencese.WinPhone\TestLicencese.WinPhone.csproj", "{AC7C664D-F390-4B44-8CBE-376EBA3ED05B}"
EndProject
Global
	GlobalSection(SolutionConfigurationPlatforms) = preSolution
		Ad-Hoc|Any CPU = Ad-Hoc|Any CPU
		Ad-Hoc|ARM = Ad-Hoc|ARM
		Ad-Hoc|iPhone = Ad-Hoc|iPhone
		Ad-Hoc|iPhoneSimulator = Ad-Hoc|iPhoneSimulator
		Ad-Hoc|Mixed Platforms = Ad-Hoc|Mixed Platforms
		Ad-Hoc|x86 = Ad-Hoc|x86
		AppStore|Any CPU = AppStore|Any CPU
		AppStore|ARM = AppStore|ARM
		AppStore|iPhone = AppStore|iPhone
		AppStore|iPhoneSimulator = AppStore|iPhoneSimulator
		AppStore|Mixed Platforms = AppStore|Mixed Platforms
		AppStore|x86 = AppStore|x86
		Debug|Any CPU = Debug|Any CPU
		Debug|ARM = Debug|ARM
		Debug|iPhone = Debug|iPhone
		Debug|iPhoneSimulator = Debug|iPhoneSimulator
		Debug|Mixed Platforms = Debug|Mixed Platforms
		Debug|x86 = Debug|x86
		Release|Any CPU = Release|Any CPU
		Release|ARM = Release|ARM
		Release|iPhone = Release|iPhone
		Release|iPhoneSimulator = Release|iPhoneSimulator
		Release|Mixed Platforms = Release|Mixed Platforms
		Release|x86 = Release|x86
	EndGlobalSection
	GlobalSection(ProjectConfigurationPlatforms) = postSolution
		{5503CE6B-4EFD-464B-AEE1-247C8060A9EF}.Ad-Hoc|Any CPU.ActiveCfg = Release|Any CPU
		{5503CE6B-4EFD-464B-AEE1-247C8060A9EF}.Ad-Hoc|Any CPU.Build.0 = Release|Any CPU
		{5503CE6B-4EFD-464B-AEE1-247C8060A9EF}.Ad-Hoc|ARM.ActiveCfg = Release|Any CPU
		{5503CE6B-4EFD-464B-AEE1-247C8060A9EF}.Ad-Hoc|iPhone.ActiveCfg = Release|Any CPU
		{5503CE6B-4EFD-464B-AEE1-247C8060A9EF}.Ad-Hoc|iPhoneSimulator.ActiveCfg = Release|Any CPU
		{5503CE6B-4EFD-464B-AEE1-247C8060A9EF}.Ad-Hoc|Mixed Platforms.ActiveCfg = Release|Any CPU
		{5503CE6B-4EFD-464B-AEE1-247C8060A9EF}.Ad-Hoc|Mixed Platforms.Build.0 = Release|Any CPU
		{5503CE6B-4EFD-464B-AEE1-247C8060A9EF}.Ad-Hoc|x86.ActiveCfg = Release|Any CPU
		{5503CE6B-4EFD-464B-AEE1-247C8060A9EF}.AppStore|Any CPU.ActiveCfg = Release|Any CPU
		{5503CE6B-4EFD-464B-AEE1-247C8060A9EF}.AppStore|Any CPU.Build.0 = Release|Any CPU
		{5503CE6B-4EFD-464B-AEE1-247C8060A9EF}.AppStore|ARM.ActiveCfg = Release|Any CPU
		{5503CE6B-4EFD-464B-AEE1-247C8060A9EF}.AppStore|iPhone.ActiveCfg = Release|Any CPU
		{5503CE6B-4EFD-464B-AEE1-247C8060A9EF}.AppStore|iPhoneSimulator.ActiveCfg = Release|Any CPU
		{5503CE6B-4EFD-464B-AEE1-247C8060A9EF}.AppStore|Mixed Platforms.ActiveCfg = Release|Any CPU
		{5503CE6B-4EFD-464B-AEE1-247C8060A9EF}.AppStore|Mixed Platforms.Build.0 = Release|Any CPU
		{5503CE6B-4EFD-464B-AEE1-247C8060A9EF}.AppStore|x86.ActiveCfg = Release|Any CPU
		{5503CE6B-4EFD-464B-AEE1-247C8060A9EF}.Debug|Any CPU.ActiveCfg = Debug|Any CPU
		{5503CE6B-4EFD-464B-AEE1-247C8060A9EF}.Debug|Any CPU.Build.0 = Debug|Any CPU
		{5503CE6B-4EFD-464B-AEE1-247C8060A9EF}.Debug|ARM.ActiveCfg = Debug|Any CPU
		{5503CE6B-4EFD-464B-AEE1-247C8060A9EF}.Debug|iPhone.ActiveCfg = Debug|Any CPU
		{5503CE6B-4EFD-464B-AEE1-247C8060A9EF}.Debug|iPhoneSimulator.ActiveCfg = Debug|Any CPU
		{5503CE6B-4EFD-464B-AEE1-247C8060A9EF}.Debug|Mixed Platforms.ActiveCfg = Debug|Any CPU
		{5503CE6B-4EFD-464B-AEE1-247C8060A9EF}.Debug|Mixed Platforms.Build.0 = Debug|Any CPU
		{5503CE6B-4EFD-464B-AEE1-247C8060A9EF}.Debug|x86.ActiveCfg = Debug|Any CPU
		{5503CE6B-4EFD-464B-AEE1-247C8060A9EF}.Release|Any CPU.ActiveCfg = Release|Any CPU
		{5503CE6B-4EFD-464B-AEE1-247C8060A9EF}.Release|Any CPU.Build.0 = Release|Any CPU
		{5503CE6B-4EFD-464B-AEE1-247C8060A9EF}.Release|ARM.ActiveCfg = Release|Any CPU
		{5503CE6B-4EFD-464B-AEE1-247C8060A9EF}.Release|iPhone.ActiveCfg = Release|Any CPU
		{5503CE6B-4EFD-464B-AEE1-247C8060A9EF}.Release|iPhoneSimulator.ActiveCfg = Release|Any CPU
		{5503CE6B-4EFD-464B-AEE1-247C8060A9EF}.Release|Mixed Platforms.ActiveCfg = Release|Any CPU
		{5503CE6B-4EFD-464B-AEE1-247C8060A9EF}.Release|Mixed Platforms.Build.0 = Release|Any CPU
		{5503CE6B-4EFD-464B-AEE1-247C8060A9EF}.Release|x86.ActiveCfg = Release|Any CPU
		{711E53E3-D947-43E5-A3EC-F49ED90C4FFE}.Ad-Hoc|Any CPU.ActiveCfg = Ad-Hoc|iPhone
		{711E53E3-D947-43E5-A3EC-F49ED90C4FFE}.Ad-Hoc|ARM.ActiveCfg = Ad-Hoc|iPhone
		{711E53E3-D947-43E5-A3EC-F49ED90C4FFE}.Ad-Hoc|iPhone.ActiveCfg = Ad-Hoc|iPhone
		{711E53E3-D947-43E5-A3EC-F49ED90C4FFE}.Ad-Hoc|iPhone.Build.0 = Ad-Hoc|iPhone
		{711E53E3-D947-43E5-A3EC-F49ED90C4FFE}.Ad-Hoc|iPhoneSimulator.ActiveCfg = Ad-Hoc|iPhoneSimulator
		{711E53E3-D947-43E5-A3EC-F49ED90C4FFE}.Ad-Hoc|iPhoneSimulator.Build.0 = Ad-Hoc|iPhoneSimulator
		{711E53E3-D947-43E5-A3EC-F49ED90C4FFE}.Ad-Hoc|Mixed Platforms.ActiveCfg = Ad-Hoc|iPhone
		{711E53E3-D947-43E5-A3EC-F49ED90C4FFE}.Ad-Hoc|Mixed Platforms.Build.0 = Ad-Hoc|iPhone
		{711E53E3-D947-43E5-A3EC-F49ED90C4FFE}.Ad-Hoc|x86.ActiveCfg = Ad-Hoc|iPhone
		{711E53E3-D947-43E5-A3EC-F49ED90C4FFE}.AppStore|Any CPU.ActiveCfg = AppStore|iPhone
		{711E53E3-D947-43E5-A3EC-F49ED90C4FFE}.AppStore|ARM.ActiveCfg = AppStore|iPhone
		{711E53E3-D947-43E5-A3EC-F49ED90C4FFE}.AppStore|iPhone.ActiveCfg = AppStore|iPhone
		{711E53E3-D947-43E5-A3EC-F49ED90C4FFE}.AppStore|iPhone.Build.0 = AppStore|iPhone
		{711E53E3-D947-43E5-A3EC-F49ED90C4FFE}.AppStore|iPhoneSimulator.ActiveCfg = AppStore|iPhoneSimulator
		{711E53E3-D947-43E5-A3EC-F49ED90C4FFE}.AppStore|iPhoneSimulator.Build.0 = AppStore|iPhoneSimulator
		{711E53E3-D947-43E5-A3EC-F49ED90C4FFE}.AppStore|Mixed Platforms.ActiveCfg = AppStore|iPhone
		{711E53E3-D947-43E5-A3EC-F49ED90C4FFE}.AppStore|Mixed Platforms.Build.0 = AppStore|iPhone
		{711E53E3-D947-43E5-A3EC-F49ED90C4FFE}.AppStore|x86.ActiveCfg = AppStore|iPhone
		{711E53E3-D947-43E5-A3EC-F49ED90C4FFE}.Debug|Any CPU.ActiveCfg = Debug|iPhone
		{711E53E3-D947-43E5-A3EC-F49ED90C4FFE}.Debug|ARM.ActiveCfg = Debug|iPhone
		{711E53E3-D947-43E5-A3EC-F49ED90C4FFE}.Debug|iPhone.ActiveCfg = Debug|iPhone
		{711E53E3-D947-43E5-A3EC-F49ED90C4FFE}.Debug|iPhone.Build.0 = Debug|iPhone
		{711E53E3-D947-43E5-A3EC-F49ED90C4FFE}.Debug|iPhoneSimulator.ActiveCfg = Debug|iPhoneSimulator
		{711E53E3-D947-43E5-A3EC-F49ED90C4FFE}.Debug|iPhoneSimulator.Build.0 = Debug|iPhoneSimulator
		{711E53E3-D947-43E5-A3EC-F49ED90C4FFE}.Debug|Mixed Platforms.ActiveCfg = Debug|iPhone
		{711E53E3-D947-43E5-A3EC-F49ED90C4FFE}.Debug|Mixed Platforms.Build.0 = Debug|iPhone
		{711E53E3-D947-43E5-A3EC-F49ED90C4FFE}.Debug|x86.ActiveCfg = Debug|iPhone
		{711E53E3-D947-43E5-A3EC-F49ED90C4FFE}.Release|Any CPU.ActiveCfg = Release|iPhone
		{711E53E3-D947-43E5-A3EC-F49ED90C4FFE}.Release|ARM.ActiveCfg = Release|iPhone
		{711E53E3-D947-43E5-A3EC-F49ED90C4FFE}.Release|iPhone.ActiveCfg = Release|iPhone
		{711E53E3-D947-43E5-A3EC-F49ED90C4FFE}.Release|iPhone.Build.0 = Release|iPhone
		{711E53E3-D947-43E5-A3EC-F49ED90C4FFE}.Release|iPhoneSimulator.ActiveCfg = Release|iPhoneSimulator
		{711E53E3-D947-43E5-A3EC-F49ED90C4FFE}.Release|iPhoneSimulator.Build.0 = Release|iPhoneSimulator
		{711E53E3-D947-43E5-A3EC-F49ED90C4FFE}.Release|Mixed Platforms.ActiveCfg = Release|iPhone
		{711E53E3-D947-43E5-A3EC-F49ED90C4FFE}.Release|Mixed Platforms.Build.0 = Release|iPhone
		{711E53E3-D947-43E5-A3EC-F49ED90C4FFE}.Release|x86.ActiveCfg = Release|iPhone
		{E8D0A706-57A2-482E-AC61-EE8EF7F51376}.Ad-Hoc|Any CPU.ActiveCfg = Release|Any CPU
		{E8D0A706-57A2-482E-AC61-EE8EF7F51376}.Ad-Hoc|Any CPU.Build.0 = Release|Any CPU
		{E8D0A706-57A2-482E-AC61-EE8EF7F51376}.Ad-Hoc|Any CPU.Deploy.0 = Release|Any CPU
		{E8D0A706-57A2-482E-AC61-EE8EF7F51376}.Ad-Hoc|ARM.ActiveCfg = Release|Any CPU
		{E8D0A706-57A2-482E-AC61-EE8EF7F51376}.Ad-Hoc|iPhone.ActiveCfg = Release|Any CPU
		{E8D0A706-57A2-482E-AC61-EE8EF7F51376}.Ad-Hoc|iPhoneSimulator.ActiveCfg = Release|Any CPU
		{E8D0A706-57A2-482E-AC61-EE8EF7F51376}.Ad-Hoc|Mixed Platforms.ActiveCfg = Release|Any CPU
		{E8D0A706-57A2-482E-AC61-EE8EF7F51376}.Ad-Hoc|Mixed Platforms.Build.0 = Release|Any CPU
		{E8D0A706-57A2-482E-AC61-EE8EF7F51376}.Ad-Hoc|Mixed Platforms.Deploy.0 = Release|Any CPU
		{E8D0A706-57A2-482E-AC61-EE8EF7F51376}.Ad-Hoc|x86.ActiveCfg = Release|Any CPU
		{E8D0A706-57A2-482E-AC61-EE8EF7F51376}.AppStore|Any CPU.ActiveCfg = Release|Any CPU
		{E8D0A706-57A2-482E-AC61-EE8EF7F51376}.AppStore|Any CPU.Build.0 = Release|Any CPU
		{E8D0A706-57A2-482E-AC61-EE8EF7F51376}.AppStore|Any CPU.Deploy.0 = Release|Any CPU
		{E8D0A706-57A2-482E-AC61-EE8EF7F51376}.AppStore|ARM.ActiveCfg = Release|Any CPU
		{E8D0A706-57A2-482E-AC61-EE8EF7F51376}.AppStore|iPhone.ActiveCfg = Release|Any CPU
		{E8D0A706-57A2-482E-AC61-EE8EF7F51376}.AppStore|iPhoneSimulator.ActiveCfg = Release|Any CPU
		{E8D0A706-57A2-482E-AC61-EE8EF7F51376}.AppStore|Mixed Platforms.ActiveCfg = Release|Any CPU
		{E8D0A706-57A2-482E-AC61-EE8EF7F51376}.AppStore|Mixed Platforms.Build.0 = Release|Any CPU
		{E8D0A706-57A2-482E-AC61-EE8EF7F51376}.AppStore|Mixed Platforms.Deploy.0 = Release|Any CPU
		{E8D0A706-57A2-482E-AC61-EE8EF7F51376}.AppStore|x86.ActiveCfg = Release|Any CPU
		{E8D0A706-57A2-482E-AC61-EE8EF7F51376}.Debug|Any CPU.ActiveCfg = Debug|Any CPU
		{E8D0A706-57A2-482E-AC61-EE8EF7F51376}.Debug|Any CPU.Build.0 = Debug|Any CPU
		{E8D0A706-57A2-482E-AC61-EE8EF7F51376}.Debug|Any CPU.Deploy.0 = Debug|Any CPU
		{E8D0A706-57A2-482E-AC61-EE8EF7F51376}.Debug|ARM.ActiveCfg = Debug|Any CPU
		{E8D0A706-57A2-482E-AC61-EE8EF7F51376}.Debug|iPhone.ActiveCfg = Debug|Any CPU
		{E8D0A706-57A2-482E-AC61-EE8EF7F51376}.Debug|iPhoneSimulator.ActiveCfg = Debug|Any CPU
		{E8D0A706-57A2-482E-AC61-EE8EF7F51376}.Debug|Mixed Platforms.ActiveCfg = Debug|Any CPU
		{E8D0A706-57A2-482E-AC61-EE8EF7F51376}.Debug|Mixed Platforms.Build.0 = Debug|Any CPU
		{E8D0A706-57A2-482E-AC61-EE8EF7F51376}.Debug|Mixed Platforms.Deploy.0 = Debug|Any CPU
		{E8D0A706-57A2-482E-AC61-EE8EF7F51376}.Debug|x86.ActiveCfg = Debug|Any CPU
		{E8D0A706-57A2-482E-AC61-EE8EF7F51376}.Release|Any CPU.ActiveCfg = Release|Any CPU
		{E8D0A706-57A2-482E-AC61-EE8EF7F51376}.Release|Any CPU.Build.0 = Release|Any CPU
		{E8D0A706-57A2-482E-AC61-EE8EF7F51376}.Release|Any CPU.Deploy.0 = Release|Any CPU
		{E8D0A706-57A2-482E-AC61-EE8EF7F51376}.Release|ARM.ActiveCfg = Release|Any CPU
		{E8D0A706-57A2-482E-AC61-EE8EF7F51376}.Release|iPhone.ActiveCfg = Release|Any CPU
		{E8D0A706-57A2-482E-AC61-EE8EF7F51376}.Release|iPhoneSimulator.ActiveCfg = Release|Any CPU
		{E8D0A706-57A2-482E-AC61-EE8EF7F51376}.Release|Mixed Platforms.ActiveCfg = Release|Any CPU
		{E8D0A706-57A2-482E-AC61-EE8EF7F51376}.Release|Mixed Platforms.Build.0 = Release|Any CPU
		{E8D0A706-57A2-482E-AC61-EE8EF7F51376}.Release|Mixed Platforms.Deploy.0 = Release|Any CPU
		{E8D0A706-57A2-482E-AC61-EE8EF7F51376}.Release|x86.ActiveCfg = Release|Any CPU
		{AC7C664D-F390-4B44-8CBE-376EBA3ED05B}.Ad-Hoc|Any CPU.ActiveCfg = Release|Any CPU
		{AC7C664D-F390-4B44-8CBE-376EBA3ED05B}.Ad-Hoc|Any CPU.Build.0 = Release|Any CPU
		{AC7C664D-F390-4B44-8CBE-376EBA3ED05B}.Ad-Hoc|Any CPU.Deploy.0 = Release|Any CPU
		{AC7C664D-F390-4B44-8CBE-376EBA3ED05B}.Ad-Hoc|ARM.ActiveCfg = Release|ARM
		{AC7C664D-F390-4B44-8CBE-376EBA3ED05B}.Ad-Hoc|ARM.Build.0 = Release|ARM
		{AC7C664D-F390-4B44-8CBE-376EBA3ED05B}.Ad-Hoc|ARM.Deploy.0 = Release|ARM
		{AC7C664D-F390-4B44-8CBE-376EBA3ED05B}.Ad-Hoc|iPhone.ActiveCfg = Release|Any CPU
		{AC7C664D-F390-4B44-8CBE-376EBA3ED05B}.Ad-Hoc|iPhoneSimulator.ActiveCfg = Release|Any CPU
		{AC7C664D-F390-4B44-8CBE-376EBA3ED05B}.Ad-Hoc|Mixed Platforms.ActiveCfg = Release|x86
		{AC7C664D-F390-4B44-8CBE-376EBA3ED05B}.Ad-Hoc|Mixed Platforms.Build.0 = Release|x86
		{AC7C664D-F390-4B44-8CBE-376EBA3ED05B}.Ad-Hoc|Mixed Platforms.Deploy.0 = Release|x86
		{AC7C664D-F390-4B44-8CBE-376EBA3ED05B}.Ad-Hoc|x86.ActiveCfg = Release|x86
		{AC7C664D-F390-4B44-8CBE-376EBA3ED05B}.Ad-Hoc|x86.Build.0 = Release|x86
		{AC7C664D-F390-4B44-8CBE-376EBA3ED05B}.Ad-Hoc|x86.Deploy.0 = Release|x86
		{AC7C664D-F390-4B44-8CBE-376EBA3ED05B}.AppStore|Any CPU.ActiveCfg = Release|Any CPU
		{AC7C664D-F390-4B44-8CBE-376EBA3ED05B}.AppStore|Any CPU.Build.0 = Release|Any CPU
		{AC7C664D-F390-4B44-8CBE-376EBA3ED05B}.AppStore|Any CPU.Deploy.0 = Release|Any CPU
		{AC7C664D-F390-4B44-8CBE-376EBA3ED05B}.AppStore|ARM.ActiveCfg = Release|ARM
		{AC7C664D-F390-4B44-8CBE-376EBA3ED05B}.AppStore|ARM.Build.0 = Release|ARM
		{AC7C664D-F390-4B44-8CBE-376EBA3ED05B}.AppStore|ARM.Deploy.0 = Release|ARM
		{AC7C664D-F390-4B44-8CBE-376EBA3ED05B}.AppStore|iPhone.ActiveCfg = Release|Any CPU
		{AC7C664D-F390-4B44-8CBE-376EBA3ED05B}.AppStore|iPhoneSimulator.ActiveCfg = Release|Any CPU
		{AC7C664D-F390-4B44-8CBE-376EBA3ED05B}.AppStore|Mixed Platforms.ActiveCfg = Release|x86
		{AC7C664D-F390-4B44-8CBE-376EBA3ED05B}.AppStore|Mixed Platforms.Build.0 = Release|x86
		{AC7C664D-F390-4B44-8CBE-376EBA3ED05B}.AppStore|Mixed Platforms.Deploy.0 = Release|x86
		{AC7C664D-F390-4B44-8CBE-376EBA3ED05B}.AppStore|x86.ActiveCfg = Release|x86
		{AC7C664D-F390-4B44-8CBE-376EBA3ED05B}.AppStore|x86.Build.0 = Release|x86
		{AC7C664D-F390-4B44-8CBE-376EBA3ED05B}.AppStore|x86.Deploy.0 = Release|x86
		{AC7C664D-F390-4B44-8CBE-376EBA3ED05B}.Debug|Any CPU.ActiveCfg = Debug|Any CPU
		{AC7C664D-F390-4B44-8CBE-376EBA3ED05B}.Debug|Any CPU.Build.0 = Debug|Any CPU
		{AC7C664D-F390-4B44-8CBE-376EBA3ED05B}.Debug|Any CPU.Deploy.0 = Debug|Any CPU
		{AC7C664D-F390-4B44-8CBE-376EBA3ED05B}.Debug|ARM.ActiveCfg = Debug|ARM
		{AC7C664D-F390-4B44-8CBE-376EBA3ED05B}.Debug|ARM.Build.0 = Debug|ARM
		{AC7C664D-F390-4B44-8CBE-376EBA3ED05B}.Debug|ARM.Deploy.0 = Debug|ARM
		{AC7C664D-F390-4B44-8CBE-376EBA3ED05B}.Debug|iPhone.ActiveCfg = Debug|Any CPU
		{AC7C664D-F390-4B44-8CBE-376EBA3ED05B}.Debug|iPhoneSimulator.ActiveCfg = Debug|Any CPU
		{AC7C664D-F390-4B44-8CBE-376EBA3ED05B}.Debug|Mixed Platforms.ActiveCfg = Debug|x86
		{AC7C664D-F390-4B44-8CBE-376EBA3ED05B}.Debug|Mixed Platforms.Build.0 = Debug|x86
		{AC7C664D-F390-4B44-8CBE-376EBA3ED05B}.Debug|Mixed Platforms.Deploy.0 = Debug|x86
		{AC7C664D-F390-4B44-8CBE-376EBA3ED05B}.Debug|x86.ActiveCfg = Debug|x86
		{AC7C664D-F390-4B44-8CBE-376EBA3ED05B}.Debug|x86.Build.0 = Debug|x86
		{AC7C664D-F390-4B44-8CBE-376EBA3ED05B}.Debug|x86.Deploy.0 = Debug|x86
		{AC7C664D-F390-4B44-8CBE-376EBA3ED05B}.Release|Any CPU.ActiveCfg = Release|Any CPU
		{AC7C664D-F390-4B44-8CBE-376EBA3ED05B}.Release|Any CPU.Build.0 = Release|Any CPU
		{AC7C664D-F390-4B44-8CBE-376EBA3ED05B}.Release|Any CPU.Deploy.0 = Release|Any CPU
		{AC7C664D-F390-4B44-8CBE-376EBA3ED05B}.Release|ARM.ActiveCfg = Release|ARM
		{AC7C664D-F390-4B44-8CBE-376EBA3ED05B}.Release|ARM.Build.0 = Release|ARM
		{AC7C664D-F390-4B44-8CBE-376EBA3ED05B}.Release|ARM.Deploy.0 = Release|ARM
		{AC7C664D-F390-4B44-8CBE-376EBA3ED05B}.Release|iPhone.ActiveCfg = Release|Any CPU
		{AC7C664D-F390-4B44-8CBE-376EBA3ED05B}.Release|iPhoneSimulator.ActiveCfg = Release|Any CPU
		{AC7C664D-F390-4B44-8CBE-376EBA3ED05B}.Release|Mixed Platforms.ActiveCfg = Release|x86
		{AC7C664D-F390-4B44-8CBE-376EBA3ED05B}.Release|Mixed Platforms.Build.0 = Release|x86
		{AC7C664D-F390-4B44-8CBE-376EBA3ED05B}.Release|Mixed Platforms.Deploy.0 = Release|x86
		{AC7C664D-F390-4B44-8CBE-376EBA3ED05B}.Release|x86.ActiveCfg = Release|x86
		{AC7C664D-F390-4B44-8CBE-376EBA3ED05B}.Release|x86.Build.0 = Release|x86
		{AC7C664D-F390-4B44-8CBE-376EBA3ED05B}.Release|x86.Deploy.0 = Release|x86
	EndGlobalSection
	GlobalSection(SolutionProperties) = preSolution
		HideSolutionNode = FALSE
	EndGlobalSection
EndGlobal
